interactions:
- request:
    body: '{"parent": {"type": "page_id", "page_id": "5f505199-b292-4713-920b-61d813bf72a3"},
      "properties": {"title": {"type": "title", "title": [{"type": "text", "plain_text":
      "Page for color code block", "annotations": {"bold": false, "italic": false,
      "strikethrough": false, "underline": false, "code": false}, "text": {"content":
      "Page for color code block"}}]}}}'
    headers:
      accept:
      - '*/*'
      accept-encoding:
      - gzip, deflate
      authorization:
      - secret...
      connection:
      - keep-alive
      content-length:
      - '329'
      content-type:
      - application/json
      cookie:
      - secret...
      host:
      - api.notion.com
      notion-version:
      - '2022-06-28'
      user-agent:
      - secret...
    method: POST
    uri: https://api.notion.com/v1/pages
  response:
    content: '{"object":"page","id":"257974f3-b388-817f-b228-ddc878166360","created_time":"2025-08-22T09:15:00.000Z","last_edited_time":"2025-08-22T09:15:00.000Z","created_by":{"object":"user","id":"645e79dd-3e43-40de-9d51-39357c1c427f"},"last_edited_by":{"object":"user","id":"645e79dd-3e43-40de-9d51-39357c1c427f"},"cover":null,"icon":null,"parent":{"type":"page_id","page_id":"5f505199-b292-4713-920b-61d813bf72a3"},"archived":false,"in_trash":false,"properties":{"title":{"id":"title","type":"title","title":[{"type":"text","text":{"content":"Page
      for color code block","link":null},"annotations":{"bold":false,"italic":false,"strikethrough":false,"underline":false,"code":false,"color":"default"},"plain_text":"Page
      for color code block","href":null}]}},"url":"https://www.notion.so/Page-for-color-code-block-257974f3b388817fb228ddc878166360","public_url":null,"request_id":"036d7e8e-8aed-4f51-b2a9-7b53aef2c708"}'
    headers:
      CF-Cache-Status:
      - DYNAMIC
      CF-Ray:
      - 97314460eed5b190-PRG
      Connection:
      - keep-alive
      Content-Encoding:
      - gzip
      Content-Type:
      - application/json; charset=utf-8
      Server:
      - cloudflare
      Set-Cookie:
      - __cf_bm=LxX6nWX1JI7WejjUD_JcRLgmO88IIXNIWkl9f7guENc-1755854142-1.0.1.1-IeWILK78TxXCdBm9rgvMDfjwrnLG6HQ.CTeKmNbzAU7DdbYgyPGcd49XMpN7e.0ATSkn1tiwbpc_rhLPK.nowZKly2U1SNOQpGYmrt_.5hA;
        path=/; expires=Fri, 22-Aug-25 09:45:42 GMT; domain=.notion.com; HttpOnly;
        Secure; SameSite=None
      Strict-Transport-Security:
      - max-age=31536000; includeSubDomains; preload
      Transfer-Encoding:
      - chunked
      Vary:
      - Accept-Encoding
      alt-svc:
      - h3=":443"; ma=86400
      content-security-policy:
      - default-src 'none'
      referrer-policy:
      - strict-origin-when-cross-origin
      x-content-type-options:
      - nosniff
      x-dns-prefetch-control:
      - 'off'
      x-download-options:
      - noopen
      x-frame-options:
      - SAMEORIGIN
      x-notion-request-id:
      - 036d7e8e-8aed-4f51-b2a9-7b53aef2c708
      x-permitted-cross-domain-policies:
      - none
      x-xss-protection:
      - '0'
    http_version: HTTP/1.1
    status_code: 200
- request:
    body: ''
    headers:
      accept:
      - '*/*'
      accept-encoding:
      - gzip, deflate
      authorization:
      - secret...
      connection:
      - keep-alive
      cookie:
      - secret...
      host:
      - api.notion.com
      notion-version:
      - '2022-06-28'
      user-agent:
      - secret...
    method: GET
    uri: https://api.notion.com/v1/pages/5f505199-b292-4713-920b-61d813bf72a3
  response:
    content: '{"object":"page","id":"5f505199-b292-4713-920b-61d813bf72a3","created_time":"2022-08-22T15:47:00.000Z","last_edited_time":"2025-08-22T09:15:00.000Z","created_by":{"object":"user","id":"b10cb6df-12ef-44d3-88ad-250168f66322"},"last_edited_by":{"object":"user","id":"645e79dd-3e43-40de-9d51-39357c1c427f"},"cover":null,"icon":null,"parent":{"type":"workspace","workspace":true},"archived":false,"in_trash":false,"properties":{"title":{"id":"title","type":"title","title":[{"type":"text","text":{"content":"Tests","link":null},"annotations":{"bold":false,"italic":false,"strikethrough":false,"underline":false,"code":false,"color":"default"},"plain_text":"Tests","href":null}]}},"url":"https://www.notion.so/Tests-5f505199b2924713920b61d813bf72a3","public_url":null,"request_id":"7f69c2ff-3816-4bbd-afa4-e8483e84588b"}'
    headers:
      CF-Cache-Status:
      - DYNAMIC
      CF-Ray:
      - 9731446449a7b190-PRG
      Connection:
      - keep-alive
      Content-Encoding:
      - gzip
      Content-Type:
      - application/json; charset=utf-8
      Server:
      - cloudflare
      Strict-Transport-Security:
      - max-age=31536000; includeSubDomains; preload
      Transfer-Encoding:
      - chunked
      Vary:
      - Accept-Encoding
      alt-svc:
      - h3=":443"; ma=86400
      content-security-policy:
      - default-src 'none'
      referrer-policy:
      - strict-origin-when-cross-origin
      x-content-type-options:
      - nosniff
      x-dns-prefetch-control:
      - 'off'
      x-download-options:
      - noopen
      x-frame-options:
      - SAMEORIGIN
      x-notion-request-id:
      - 7f69c2ff-3816-4bbd-afa4-e8483e84588b
      x-permitted-cross-domain-policies:
      - none
      x-xss-protection:
      - '0'
    http_version: HTTP/1.1
    status_code: 200
- request:
    body: ''
    headers:
      accept:
      - '*/*'
      accept-encoding:
      - gzip, deflate
      authorization:
      - secret...
      connection:
      - keep-alive
      cookie:
      - secret...
      host:
      - api.notion.com
      notion-version:
      - '2022-06-28'
      user-agent:
      - secret...
    method: GET
    uri: https://api.notion.com/v1/blocks/257974f3-b388-817f-b228-ddc878166360/children?page_size=100
  response:
    content: '{"object":"list","results":[],"next_cursor":null,"has_more":false,"type":"block","block":{},"request_id":"a48dff5a-80c8-4307-843a-3d77e21a7274"}'
    headers:
      CF-Cache-Status:
      - DYNAMIC
      CF-Ray:
      - 97314465ff21b190-PRG
      Connection:
      - keep-alive
      Content-Encoding:
      - gzip
      Content-Type:
      - application/json; charset=utf-8
      Server:
      - cloudflare
      Strict-Transport-Security:
      - max-age=31536000; includeSubDomains; preload
      Transfer-Encoding:
      - chunked
      Vary:
      - Accept-Encoding
      alt-svc:
      - h3=":443"; ma=86400
      content-security-policy:
      - default-src 'none'
      referrer-policy:
      - strict-origin-when-cross-origin
      x-content-type-options:
      - nosniff
      x-dns-prefetch-control:
      - 'off'
      x-download-options:
      - noopen
      x-frame-options:
      - SAMEORIGIN
      x-notion-request-id:
      - a48dff5a-80c8-4307-843a-3d77e21a7274
      x-permitted-cross-domain-policies:
      - none
      x-xss-protection:
      - '0'
    http_version: HTTP/1.1
    status_code: 200
- request:
    body: '{"children":[{"object":"block","has_children":false,"in_trash":false,"archived":false,"type":"code","code":{"rich_text":[{"type":"text","plain_text":"print(\"Hello,
      world!\")","annotations":{"bold":false,"italic":false,"strikethrough":false,"underline":false,"code":false},"text":{"content":"print(\"Hello,
      world!\")"}}],"caption":[],"language":"python"}}]}'
    headers:
      accept:
      - '*/*'
      accept-encoding:
      - gzip, deflate
      authorization:
      - secret...
      connection:
      - keep-alive
      content-length:
      - '357'
      content-type:
      - application/json
      cookie:
      - secret...
      host:
      - api.notion.com
      notion-version:
      - '2022-06-28'
      user-agent:
      - secret...
    method: PATCH
    uri: https://api.notion.com/v1/blocks/257974f3-b388-817f-b228-ddc878166360/children
  response:
    content: '{"object":"list","results":[{"object":"block","id":"257974f3-b388-812e-88d6-e8904a9d2439","parent":{"type":"page_id","page_id":"257974f3-b388-817f-b228-ddc878166360"},"created_time":"2025-08-22T09:15:00.000Z","last_edited_time":"2025-08-22T09:15:00.000Z","created_by":{"object":"user","id":"645e79dd-3e43-40de-9d51-39357c1c427f"},"last_edited_by":{"object":"user","id":"645e79dd-3e43-40de-9d51-39357c1c427f"},"has_children":false,"archived":false,"in_trash":false,"type":"code","code":{"caption":[],"rich_text":[{"type":"text","text":{"content":"print(\"Hello,
      world!\")","link":null},"annotations":{"bold":false,"italic":false,"strikethrough":false,"underline":false,"code":false,"color":"default"},"plain_text":"print(\"Hello,
      world!\")","href":null}],"language":"python"}}],"next_cursor":null,"has_more":false,"type":"block","block":{},"request_id":"ce9cf828-4793-49ed-bec4-8581651c984b"}'
    headers:
      CF-Cache-Status:
      - DYNAMIC
      CF-Ray:
      - 973144682ee0b190-PRG
      Connection:
      - keep-alive
      Content-Encoding:
      - gzip
      Content-Type:
      - application/json; charset=utf-8
      Server:
      - cloudflare
      Strict-Transport-Security:
      - max-age=31536000; includeSubDomains; preload
      Transfer-Encoding:
      - chunked
      Vary:
      - Accept-Encoding
      alt-svc:
      - h3=":443"; ma=86400
      content-security-policy:
      - default-src 'none'
      referrer-policy:
      - strict-origin-when-cross-origin
      x-content-type-options:
      - nosniff
      x-dns-prefetch-control:
      - 'off'
      x-download-options:
      - noopen
      x-frame-options:
      - SAMEORIGIN
      x-notion-request-id:
      - ce9cf828-4793-49ed-bec4-8581651c984b
      x-permitted-cross-domain-policies:
      - none
      x-xss-protection:
      - '0'
    http_version: HTTP/1.1
    status_code: 200
version: 1
