interactions:
- request:
    body: '{"parent": {"type": "page_id", "page_id": "5f505199-b292-4713-920b-61d813bf72a3"},
      "properties": {"title": {"type": "title", "title": [{"type": "text", "plain_text":
      "Page for inserting after and replacing blocks", "annotations": {"bold": false,
      "italic": false, "strikethrough": false, "underline": false, "code": false,
      "color": "default"}, "text": {"content": "Page for inserting after and replacing
      blocks"}}]}}}'
    headers:
      accept:
      - '*/*'
      accept-encoding:
      - gzip, deflate
      authorization:
      - secret...
      connection:
      - keep-alive
      content-length:
      - '416'
      content-type:
      - application/json
      cookie:
      - secret...
      host:
      - api.notion.com
      notion-version:
      - '2022-06-28'
      user-agent:
      - secret...
    method: POST
    uri: https://api.notion.com/v1/pages
  response:
    content: '{"object":"page","id":"10f974f3-b388-8135-9b45-e7e8c6d5b00d","created_time":"2024-09-28T13:40:00.000Z","last_edited_time":"2024-09-28T13:40:00.000Z","created_by":{"object":"user","id":"645e79dd-3e43-40de-9d51-39357c1c427f"},"last_edited_by":{"object":"user","id":"645e79dd-3e43-40de-9d51-39357c1c427f"},"cover":null,"icon":null,"parent":{"type":"page_id","page_id":"5f505199-b292-4713-920b-61d813bf72a3"},"archived":false,"in_trash":false,"properties":{"title":{"id":"title","type":"title","title":[{"type":"text","text":{"content":"Page
      for inserting after and replacing blocks","link":null},"annotations":{"bold":false,"italic":false,"strikethrough":false,"underline":false,"code":false,"color":"default"},"plain_text":"Page
      for inserting after and replacing blocks","href":null}]}},"url":"https://www.notion.so/Page-for-inserting-after-and-replacing-blocks-10f974f3b38881359b45e7e8c6d5b00d","public_url":null,"request_id":"25ee9500-5401-468f-8f2a-1698f6900c89"}'
    headers:
      CF-Cache-Status:
      - DYNAMIC
      CF-Ray:
      - 8ca425d9d8753612-FRA
      Connection:
      - keep-alive
      Content-Encoding:
      - gzip
      Content-Type:
      - application/json; charset=utf-8
      Server:
      - cloudflare
      Strict-Transport-Security:
      - max-age=31536000; includeSubDomains; preload
      Transfer-Encoding:
      - chunked
      Vary:
      - Accept-Encoding
      content-security-policy:
      - default-src 'none'
      referrer-policy:
      - strict-origin-when-cross-origin
      x-content-type-options:
      - nosniff
      x-dns-prefetch-control:
      - 'off'
      x-download-options:
      - noopen
      x-frame-options:
      - SAMEORIGIN
      x-notion-request-id:
      - 25ee9500-5401-468f-8f2a-1698f6900c89
      x-permitted-cross-domain-policies:
      - none
      x-xss-protection:
      - '0'
    http_version: HTTP/1.1
    status_code: 200
- request:
    body: '{"parent": {"type": "page_id", "page_id": "5f505199-b292-4713-920b-61d813bf72a3"},
      "properties": {"title": {"type": "title", "title": [{"type": "text", "plain_text":
      "Original Target", "annotations": {"bold": false, "italic": false, "strikethrough":
      false, "underline": false, "code": false, "color": "default"}, "text": {"content":
      "Original Target"}}]}}}'
    headers:
      accept:
      - '*/*'
      accept-encoding:
      - gzip, deflate
      authorization:
      - secret...
      connection:
      - keep-alive
      content-length:
      - '356'
      content-type:
      - application/json
      cookie:
      - secret...
      host:
      - api.notion.com
      notion-version:
      - '2022-06-28'
      user-agent:
      - secret...
    method: POST
    uri: https://api.notion.com/v1/pages
  response:
    content: '{"object":"page","id":"10f974f3-b388-8187-abdc-d556d63d1c48","created_time":"2024-09-28T13:40:00.000Z","last_edited_time":"2024-09-28T13:40:00.000Z","created_by":{"object":"user","id":"645e79dd-3e43-40de-9d51-39357c1c427f"},"last_edited_by":{"object":"user","id":"645e79dd-3e43-40de-9d51-39357c1c427f"},"cover":null,"icon":null,"parent":{"type":"page_id","page_id":"5f505199-b292-4713-920b-61d813bf72a3"},"archived":false,"in_trash":false,"properties":{"title":{"id":"title","type":"title","title":[{"type":"text","text":{"content":"Original
      Target","link":null},"annotations":{"bold":false,"italic":false,"strikethrough":false,"underline":false,"code":false,"color":"default"},"plain_text":"Original
      Target","href":null}]}},"url":"https://www.notion.so/Original-Target-10f974f3b3888187abdcd556d63d1c48","public_url":null,"request_id":"84ed63a8-a4c1-4145-9092-79fb72d3ed1f"}'
    headers:
      CF-Cache-Status:
      - DYNAMIC
      CF-Ray:
      - 8ca425dcdadd3612-FRA
      Connection:
      - keep-alive
      Content-Encoding:
      - gzip
      Content-Type:
      - application/json; charset=utf-8
      Server:
      - cloudflare
      Strict-Transport-Security:
      - max-age=31536000; includeSubDomains; preload
      Transfer-Encoding:
      - chunked
      Vary:
      - Accept-Encoding
      content-security-policy:
      - default-src 'none'
      referrer-policy:
      - strict-origin-when-cross-origin
      x-content-type-options:
      - nosniff
      x-dns-prefetch-control:
      - 'off'
      x-download-options:
      - noopen
      x-frame-options:
      - SAMEORIGIN
      x-notion-request-id:
      - 84ed63a8-a4c1-4145-9092-79fb72d3ed1f
      x-permitted-cross-domain-policies:
      - none
      x-xss-protection:
      - '0'
    http_version: HTTP/1.1
    status_code: 200
- request:
    body: '{"parent": {"type": "page_id", "page_id": "5f505199-b292-4713-920b-61d813bf72a3"},
      "properties": {"title": {"type": "title", "title": [{"type": "text", "plain_text":
      "New Target", "annotations": {"bold": false, "italic": false, "strikethrough":
      false, "underline": false, "code": false, "color": "default"}, "text": {"content":
      "New Target"}}]}}}'
    headers:
      accept:
      - '*/*'
      accept-encoding:
      - gzip, deflate
      authorization:
      - secret...
      connection:
      - keep-alive
      content-length:
      - '346'
      content-type:
      - application/json
      cookie:
      - secret...
      host:
      - api.notion.com
      notion-version:
      - '2022-06-28'
      user-agent:
      - secret...
    method: POST
    uri: https://api.notion.com/v1/pages
  response:
    content: '{"object":"page","id":"10f974f3-b388-81cf-94d7-ec923a6abd42","created_time":"2024-09-28T13:40:00.000Z","last_edited_time":"2024-09-28T13:40:00.000Z","created_by":{"object":"user","id":"645e79dd-3e43-40de-9d51-39357c1c427f"},"last_edited_by":{"object":"user","id":"645e79dd-3e43-40de-9d51-39357c1c427f"},"cover":null,"icon":null,"parent":{"type":"page_id","page_id":"5f505199-b292-4713-920b-61d813bf72a3"},"archived":false,"in_trash":false,"properties":{"title":{"id":"title","type":"title","title":[{"type":"text","text":{"content":"New
      Target","link":null},"annotations":{"bold":false,"italic":false,"strikethrough":false,"underline":false,"code":false,"color":"default"},"plain_text":"New
      Target","href":null}]}},"url":"https://www.notion.so/New-Target-10f974f3b38881cf94d7ec923a6abd42","public_url":null,"request_id":"64a2402d-b520-4466-a972-5f11cf6a375e"}'
    headers:
      CF-Cache-Status:
      - DYNAMIC
      CF-Ray:
      - 8ca425df2cba3612-FRA
      Connection:
      - keep-alive
      Content-Encoding:
      - gzip
      Content-Type:
      - application/json; charset=utf-8
      Server:
      - cloudflare
      Strict-Transport-Security:
      - max-age=31536000; includeSubDomains; preload
      Transfer-Encoding:
      - chunked
      Vary:
      - Accept-Encoding
      content-security-policy:
      - default-src 'none'
      referrer-policy:
      - strict-origin-when-cross-origin
      x-content-type-options:
      - nosniff
      x-dns-prefetch-control:
      - 'off'
      x-download-options:
      - noopen
      x-frame-options:
      - SAMEORIGIN
      x-notion-request-id:
      - 64a2402d-b520-4466-a972-5f11cf6a375e
      x-permitted-cross-domain-policies:
      - none
      x-xss-protection:
      - '0'
    http_version: HTTP/1.1
    status_code: 200
- request:
    body: ''
    headers:
      accept:
      - '*/*'
      accept-encoding:
      - gzip, deflate
      authorization:
      - secret...
      connection:
      - keep-alive
      cookie:
      - secret...
      host:
      - api.notion.com
      notion-version:
      - '2022-06-28'
      user-agent:
      - secret...
    method: GET
    uri: https://api.notion.com/v1/blocks/10f974f3-b388-8135-9b45-e7e8c6d5b00d/children?page_size=100
  response:
    content: '{"object":"list","results":[],"next_cursor":null,"has_more":false,"type":"block","block":{},"request_id":"2eed7bd7-6852-4326-b94c-c8191c9abe92"}'
    headers:
      CF-Cache-Status:
      - DYNAMIC
      CF-Ray:
      - 8ca425e1cea93612-FRA
      Connection:
      - keep-alive
      Content-Encoding:
      - gzip
      Content-Type:
      - application/json; charset=utf-8
      Server:
      - cloudflare
      Strict-Transport-Security:
      - max-age=31536000; includeSubDomains; preload
      Transfer-Encoding:
      - chunked
      Vary:
      - Accept-Encoding
      content-security-policy:
      - default-src 'none'
      referrer-policy:
      - strict-origin-when-cross-origin
      x-content-type-options:
      - nosniff
      x-dns-prefetch-control:
      - 'off'
      x-download-options:
      - noopen
      x-frame-options:
      - SAMEORIGIN
      x-notion-request-id:
      - 2eed7bd7-6852-4326-b94c-c8191c9abe92
      x-permitted-cross-domain-policies:
      - none
      x-xss-protection:
      - '0'
    http_version: HTTP/1.1
    status_code: 200
- request:
    body: '{"children": [{"type": "heading_1", "object": "block", "has_children":
      false, "in_trash": false, "archived": false, "heading_1": {"rich_text": [{"type":
      "text", "plain_text": "My new page", "annotations": {"bold": false, "italic":
      false, "strikethrough": false, "underline": false, "code": false, "color": "default"},
      "text": {"content": "My new page"}}], "color": "default", "is_toggleable": false}},
      {"type": "link_to_page", "object": "block", "has_children": false, "in_trash":
      false, "archived": false, "link_to_page": {"type": "page_id", "page_id": "10f974f3-b388-8187-abdc-d556d63d1c48"}}]}'
    headers:
      accept:
      - '*/*'
      accept-encoding:
      - gzip, deflate
      authorization:
      - secret...
      connection:
      - keep-alive
      content-length:
      - '596'
      content-type:
      - application/json
      cookie:
      - secret...
      host:
      - api.notion.com
      notion-version:
      - '2022-06-28'
      user-agent:
      - secret...
    method: PATCH
    uri: https://api.notion.com/v1/blocks/10f974f3-b388-8135-9b45-e7e8c6d5b00d/children
  response:
    content: '{"object":"list","results":[{"object":"block","id":"10f974f3-b388-8192-85a1-e83b7599107f","parent":{"type":"page_id","page_id":"10f974f3-b388-8135-9b45-e7e8c6d5b00d"},"created_time":"2024-09-28T13:40:00.000Z","last_edited_time":"2024-09-28T13:40:00.000Z","created_by":{"object":"user","id":"645e79dd-3e43-40de-9d51-39357c1c427f"},"last_edited_by":{"object":"user","id":"645e79dd-3e43-40de-9d51-39357c1c427f"},"has_children":false,"archived":false,"in_trash":false,"type":"heading_1","heading_1":{"rich_text":[{"type":"text","text":{"content":"My
      new page","link":null},"annotations":{"bold":false,"italic":false,"strikethrough":false,"underline":false,"code":false,"color":"default"},"plain_text":"My
      new page","href":null}],"is_toggleable":false,"color":"default"}},{"object":"block","id":"10f974f3-b388-817d-88c5-e879e1010119","parent":{"type":"page_id","page_id":"10f974f3-b388-8135-9b45-e7e8c6d5b00d"},"created_time":"2024-09-28T13:40:00.000Z","last_edited_time":"2024-09-28T13:40:00.000Z","created_by":{"object":"user","id":"645e79dd-3e43-40de-9d51-39357c1c427f"},"last_edited_by":{"object":"user","id":"645e79dd-3e43-40de-9d51-39357c1c427f"},"has_children":false,"archived":false,"in_trash":false,"type":"link_to_page","link_to_page":{"type":"page_id","page_id":"10f974f3-b388-8187-abdc-d556d63d1c48"}}],"next_cursor":null,"has_more":false,"type":"block","block":{},"request_id":"2a08687f-cfaa-4a8d-af6f-1c9372857a3c"}'
    headers:
      CF-Cache-Status:
      - DYNAMIC
      CF-Ray:
      - 8ca425e34fd43612-FRA
      Connection:
      - keep-alive
      Content-Encoding:
      - gzip
      Content-Type:
      - application/json; charset=utf-8
      Server:
      - cloudflare
      Strict-Transport-Security:
      - max-age=31536000; includeSubDomains; preload
      Transfer-Encoding:
      - chunked
      Vary:
      - Accept-Encoding
      content-security-policy:
      - default-src 'none'
      referrer-policy:
      - strict-origin-when-cross-origin
      x-content-type-options:
      - nosniff
      x-dns-prefetch-control:
      - 'off'
      x-download-options:
      - noopen
      x-frame-options:
      - SAMEORIGIN
      x-notion-request-id:
      - 2a08687f-cfaa-4a8d-af6f-1c9372857a3c
      x-permitted-cross-domain-policies:
      - none
      x-xss-protection:
      - '0'
    http_version: HTTP/1.1
    status_code: 200
- request:
    body: '{"children": [{"type": "paragraph", "object": "block", "has_children":
      false, "in_trash": false, "archived": false, "paragraph": {"rich_text": [{"type":
      "text", "plain_text": "This is a paragraph", "annotations": {"bold": false,
      "italic": false, "strikethrough": false, "underline": false, "code": false,
      "color": "default"}, "text": {"content": "This is a paragraph"}}], "children":
      [], "color": "default"}}], "after": "10f974f3-b388-8192-85a1-e83b7599107f"}'
    headers:
      accept:
      - '*/*'
      accept-encoding:
      - gzip, deflate
      authorization:
      - secret...
      connection:
      - keep-alive
      content-length:
      - '459'
      content-type:
      - application/json
      cookie:
      - secret...
      host:
      - api.notion.com
      notion-version:
      - '2022-06-28'
      user-agent:
      - secret...
    method: PATCH
    uri: https://api.notion.com/v1/blocks/10f974f3-b388-8135-9b45-e7e8c6d5b00d/children
  response:
    content: '{"object":"list","results":[{"object":"block","id":"10f974f3-b388-8192-ab2e-ec454afa65d6","parent":{"type":"page_id","page_id":"10f974f3-b388-8135-9b45-e7e8c6d5b00d"},"created_time":"2024-09-28T13:40:00.000Z","last_edited_time":"2024-09-28T13:40:00.000Z","created_by":{"object":"user","id":"645e79dd-3e43-40de-9d51-39357c1c427f"},"last_edited_by":{"object":"user","id":"645e79dd-3e43-40de-9d51-39357c1c427f"},"has_children":false,"archived":false,"in_trash":false,"type":"paragraph","paragraph":{"rich_text":[{"type":"text","text":{"content":"This
      is a paragraph","link":null},"annotations":{"bold":false,"italic":false,"strikethrough":false,"underline":false,"code":false,"color":"default"},"plain_text":"This
      is a paragraph","href":null}],"color":"default"}},{"object":"block","id":"10f974f3-b388-817d-88c5-e879e1010119","parent":{"type":"page_id","page_id":"10f974f3-b388-8135-9b45-e7e8c6d5b00d"},"created_time":"2024-09-28T13:40:00.000Z","last_edited_time":"2024-09-28T13:40:00.000Z","created_by":{"object":"user","id":"645e79dd-3e43-40de-9d51-39357c1c427f"},"last_edited_by":{"object":"user","id":"645e79dd-3e43-40de-9d51-39357c1c427f"},"has_children":false,"archived":false,"in_trash":false,"type":"link_to_page","link_to_page":{"type":"page_id","page_id":"10f974f3-b388-8187-abdc-d556d63d1c48"}}],"next_cursor":null,"has_more":false,"type":"block","block":{},"request_id":"d598a8ea-4390-4c48-838d-f9c19cf1e4c7"}'
    headers:
      CF-Cache-Status:
      - DYNAMIC
      CF-Ray:
      - 8ca425e68a133612-FRA
      Connection:
      - keep-alive
      Content-Encoding:
      - gzip
      Content-Type:
      - application/json; charset=utf-8
      Server:
      - cloudflare
      Strict-Transport-Security:
      - max-age=31536000; includeSubDomains; preload
      Transfer-Encoding:
      - chunked
      Vary:
      - Accept-Encoding
      content-security-policy:
      - default-src 'none'
      referrer-policy:
      - strict-origin-when-cross-origin
      x-content-type-options:
      - nosniff
      x-dns-prefetch-control:
      - 'off'
      x-download-options:
      - noopen
      x-frame-options:
      - SAMEORIGIN
      x-notion-request-id:
      - d598a8ea-4390-4c48-838d-f9c19cf1e4c7
      x-permitted-cross-domain-policies:
      - none
      x-xss-protection:
      - '0'
    http_version: HTTP/1.1
    status_code: 200
- request:
    body: '{"children": [{"type": "link_to_page", "object": "block", "has_children":
      false, "in_trash": false, "archived": false, "link_to_page": {"type": "page_id",
      "page_id": "10f974f3-b388-81cf-94d7-ec923a6abd42"}}], "after": "10f974f3-b388-817d-88c5-e879e1010119"}'
    headers:
      accept:
      - '*/*'
      accept-encoding:
      - gzip, deflate
      authorization:
      - secret...
      connection:
      - keep-alive
      content-length:
      - '257'
      content-type:
      - application/json
      cookie:
      - secret...
      host:
      - api.notion.com
      notion-version:
      - '2022-06-28'
      user-agent:
      - secret...
    method: PATCH
    uri: https://api.notion.com/v1/blocks/10f974f3-b388-8135-9b45-e7e8c6d5b00d/children
  response:
    content: '{"object":"list","results":[{"object":"block","id":"10f974f3-b388-813a-91e4-cfe0a1f31151","parent":{"type":"page_id","page_id":"10f974f3-b388-8135-9b45-e7e8c6d5b00d"},"created_time":"2024-09-28T13:40:00.000Z","last_edited_time":"2024-09-28T13:40:00.000Z","created_by":{"object":"user","id":"645e79dd-3e43-40de-9d51-39357c1c427f"},"last_edited_by":{"object":"user","id":"645e79dd-3e43-40de-9d51-39357c1c427f"},"has_children":false,"archived":false,"in_trash":false,"type":"link_to_page","link_to_page":{"type":"page_id","page_id":"10f974f3-b388-81cf-94d7-ec923a6abd42"}}],"next_cursor":null,"has_more":false,"type":"block","block":{},"request_id":"008625e3-16c7-43ee-be78-82f87d92e81d"}'
    headers:
      CF-Cache-Status:
      - DYNAMIC
      CF-Ray:
      - 8ca425eaed203612-FRA
      Connection:
      - keep-alive
      Content-Encoding:
      - gzip
      Content-Type:
      - application/json; charset=utf-8
      Server:
      - cloudflare
      Strict-Transport-Security:
      - max-age=31536000; includeSubDomains; preload
      Transfer-Encoding:
      - chunked
      Vary:
      - Accept-Encoding
      content-security-policy:
      - default-src 'none'
      referrer-policy:
      - strict-origin-when-cross-origin
      x-content-type-options:
      - nosniff
      x-dns-prefetch-control:
      - 'off'
      x-download-options:
      - noopen
      x-frame-options:
      - SAMEORIGIN
      x-notion-request-id:
      - 008625e3-16c7-43ee-be78-82f87d92e81d
      x-permitted-cross-domain-policies:
      - none
      x-xss-protection:
      - '0'
    http_version: HTTP/1.1
    status_code: 200
- request:
    body: ''
    headers:
      accept:
      - '*/*'
      accept-encoding:
      - gzip, deflate
      authorization:
      - secret...
      connection:
      - keep-alive
      cookie:
      - secret...
      host:
      - api.notion.com
      notion-version:
      - '2022-06-28'
      user-agent:
      - secret...
    method: DELETE
    uri: https://api.notion.com/v1/blocks/10f974f3-b388-817d-88c5-e879e1010119
  response:
    content: '{"object":"block","id":"10f974f3-b388-817d-88c5-e879e1010119","parent":{"type":"page_id","page_id":"10f974f3-b388-8135-9b45-e7e8c6d5b00d"},"created_time":"2024-09-28T13:40:00.000Z","last_edited_time":"2024-09-28T13:40:00.000Z","created_by":{"object":"user","id":"645e79dd-3e43-40de-9d51-39357c1c427f"},"last_edited_by":{"object":"user","id":"645e79dd-3e43-40de-9d51-39357c1c427f"},"has_children":false,"archived":true,"in_trash":true,"type":"link_to_page","link_to_page":{"type":"page_id","page_id":"10f974f3-b388-8187-abdc-d556d63d1c48"},"request_id":"f89af138-a3a7-4f07-9ba1-98a73221a720"}'
    headers:
      CF-Cache-Status:
      - DYNAMIC
      CF-Ray:
      - 8ca425edaf183612-FRA
      Connection:
      - keep-alive
      Content-Encoding:
      - gzip
      Content-Type:
      - application/json; charset=utf-8
      Server:
      - cloudflare
      Strict-Transport-Security:
      - max-age=31536000; includeSubDomains; preload
      Transfer-Encoding:
      - chunked
      Vary:
      - Accept-Encoding
      content-security-policy:
      - default-src 'none'
      referrer-policy:
      - strict-origin-when-cross-origin
      x-content-type-options:
      - nosniff
      x-dns-prefetch-control:
      - 'off'
      x-download-options:
      - noopen
      x-frame-options:
      - SAMEORIGIN
      x-notion-request-id:
      - f89af138-a3a7-4f07-9ba1-98a73221a720
      x-permitted-cross-domain-policies:
      - none
      x-xss-protection:
      - '0'
    http_version: HTTP/1.1
    status_code: 200
- request:
    body: ''
    headers:
      accept:
      - '*/*'
      accept-encoding:
      - gzip, deflate
      authorization:
      - secret...
      connection:
      - keep-alive
      cookie:
      - secret...
      host:
      - api.notion.com
      notion-version:
      - '2022-06-28'
      user-agent:
      - secret...
    method: GET
    uri: https://api.notion.com/v1/pages/10f974f3-b388-8135-9b45-e7e8c6d5b00d
  response:
    content: '{"object":"page","id":"10f974f3-b388-8135-9b45-e7e8c6d5b00d","created_time":"2024-09-28T13:40:00.000Z","last_edited_time":"2024-09-28T13:40:00.000Z","created_by":{"object":"user","id":"645e79dd-3e43-40de-9d51-39357c1c427f"},"last_edited_by":{"object":"user","id":"645e79dd-3e43-40de-9d51-39357c1c427f"},"cover":null,"icon":null,"parent":{"type":"page_id","page_id":"5f505199-b292-4713-920b-61d813bf72a3"},"archived":false,"in_trash":false,"properties":{"title":{"id":"title","type":"title","title":[{"type":"text","text":{"content":"Page
      for inserting after and replacing blocks","link":null},"annotations":{"bold":false,"italic":false,"strikethrough":false,"underline":false,"code":false,"color":"default"},"plain_text":"Page
      for inserting after and replacing blocks","href":null}]}},"url":"https://www.notion.so/Page-for-inserting-after-and-replacing-blocks-10f974f3b38881359b45e7e8c6d5b00d","public_url":null,"request_id":"46db82de-c1b9-4918-97ac-a88e0b15560f"}'
    headers:
      CF-Cache-Status:
      - DYNAMIC
      CF-Ray:
      - 8ca425f079253612-FRA
      Connection:
      - keep-alive
      Content-Encoding:
      - gzip
      Content-Type:
      - application/json; charset=utf-8
      Server:
      - cloudflare
      Strict-Transport-Security:
      - max-age=31536000; includeSubDomains; preload
      Transfer-Encoding:
      - chunked
      Vary:
      - Accept-Encoding
      content-security-policy:
      - default-src 'none'
      referrer-policy:
      - strict-origin-when-cross-origin
      x-content-type-options:
      - nosniff
      x-dns-prefetch-control:
      - 'off'
      x-download-options:
      - noopen
      x-frame-options:
      - SAMEORIGIN
      x-notion-request-id:
      - 46db82de-c1b9-4918-97ac-a88e0b15560f
      x-permitted-cross-domain-policies:
      - none
      x-xss-protection:
      - '0'
    http_version: HTTP/1.1
    status_code: 200
- request:
    body: ''
    headers:
      accept:
      - '*/*'
      accept-encoding:
      - gzip, deflate
      authorization:
      - secret...
      connection:
      - keep-alive
      cookie:
      - secret...
      host:
      - api.notion.com
      notion-version:
      - '2022-06-28'
      user-agent:
      - secret...
    method: GET
    uri: https://api.notion.com/v1/blocks/10f974f3-b388-8135-9b45-e7e8c6d5b00d/children?page_size=100
  response:
    content: '{"object":"list","results":[{"object":"block","id":"10f974f3-b388-8192-85a1-e83b7599107f","parent":{"type":"page_id","page_id":"10f974f3-b388-8135-9b45-e7e8c6d5b00d"},"created_time":"2024-09-28T13:40:00.000Z","last_edited_time":"2024-09-28T13:40:00.000Z","created_by":{"object":"user","id":"645e79dd-3e43-40de-9d51-39357c1c427f"},"last_edited_by":{"object":"user","id":"645e79dd-3e43-40de-9d51-39357c1c427f"},"has_children":false,"archived":false,"in_trash":false,"type":"heading_1","heading_1":{"rich_text":[{"type":"text","text":{"content":"My
      new page","link":null},"annotations":{"bold":false,"italic":false,"strikethrough":false,"underline":false,"code":false,"color":"default"},"plain_text":"My
      new page","href":null}],"is_toggleable":false,"color":"default"}},{"object":"block","id":"10f974f3-b388-8192-ab2e-ec454afa65d6","parent":{"type":"page_id","page_id":"10f974f3-b388-8135-9b45-e7e8c6d5b00d"},"created_time":"2024-09-28T13:40:00.000Z","last_edited_time":"2024-09-28T13:40:00.000Z","created_by":{"object":"user","id":"645e79dd-3e43-40de-9d51-39357c1c427f"},"last_edited_by":{"object":"user","id":"645e79dd-3e43-40de-9d51-39357c1c427f"},"has_children":false,"archived":false,"in_trash":false,"type":"paragraph","paragraph":{"rich_text":[{"type":"text","text":{"content":"This
      is a paragraph","link":null},"annotations":{"bold":false,"italic":false,"strikethrough":false,"underline":false,"code":false,"color":"default"},"plain_text":"This
      is a paragraph","href":null}],"color":"default"}},{"object":"block","id":"10f974f3-b388-813a-91e4-cfe0a1f31151","parent":{"type":"page_id","page_id":"10f974f3-b388-8135-9b45-e7e8c6d5b00d"},"created_time":"2024-09-28T13:40:00.000Z","last_edited_time":"2024-09-28T13:40:00.000Z","created_by":{"object":"user","id":"645e79dd-3e43-40de-9d51-39357c1c427f"},"last_edited_by":{"object":"user","id":"645e79dd-3e43-40de-9d51-39357c1c427f"},"has_children":false,"archived":false,"in_trash":false,"type":"link_to_page","link_to_page":{"type":"page_id","page_id":"10f974f3-b388-81cf-94d7-ec923a6abd42"}}],"next_cursor":null,"has_more":false,"type":"block","block":{},"request_id":"a3b5fda9-8986-42fb-bc7f-827cca056426"}'
    headers:
      CF-Cache-Status:
      - DYNAMIC
      CF-Ray:
      - 8ca425f24a9e3612-FRA
      Connection:
      - keep-alive
      Content-Encoding:
      - gzip
      Content-Type:
      - application/json; charset=utf-8
      Server:
      - cloudflare
      Strict-Transport-Security:
      - max-age=31536000; includeSubDomains; preload
      Transfer-Encoding:
      - chunked
      Vary:
      - Accept-Encoding
      content-security-policy:
      - default-src 'none'
      referrer-policy:
      - strict-origin-when-cross-origin
      x-content-type-options:
      - nosniff
      x-dns-prefetch-control:
      - 'off'
      x-download-options:
      - noopen
      x-frame-options:
      - SAMEORIGIN
      x-notion-request-id:
      - a3b5fda9-8986-42fb-bc7f-827cca056426
      x-permitted-cross-domain-policies:
      - none
      x-xss-protection:
      - '0'
    http_version: HTTP/1.1
    status_code: 200
- request:
    body: '{"children": [{"type": "table", "object": "block", "has_children": true,
      "in_trash": false, "archived": false, "table": {"table_width": 2, "has_column_header":
      false, "has_row_header": false, "children": [{"type": "table_row", "object":
      "block", "has_children": false, "in_trash": false, "archived": false, "table_row":
      {"cells": [[], []]}}, {"type": "table_row", "object": "block", "has_children":
      false, "in_trash": false, "archived": false, "table_row": {"cells": [[], []]}}]}}],
      "after": "10f974f3-b388-8192-ab2e-ec454afa65d6"}'
    headers:
      accept:
      - '*/*'
      accept-encoding:
      - gzip, deflate
      authorization:
      - secret...
      connection:
      - keep-alive
      content-length:
      - '531'
      content-type:
      - application/json
      cookie:
      - secret...
      host:
      - api.notion.com
      notion-version:
      - '2022-06-28'
      user-agent:
      - secret...
    method: PATCH
    uri: https://api.notion.com/v1/blocks/10f974f3-b388-8135-9b45-e7e8c6d5b00d/children
  response:
    content: '{"object":"list","results":[{"object":"block","id":"10f974f3-b388-814e-81cd-e0784178e5dc","parent":{"type":"page_id","page_id":"10f974f3-b388-8135-9b45-e7e8c6d5b00d"},"created_time":"2024-09-28T13:40:00.000Z","last_edited_time":"2024-09-28T13:40:00.000Z","created_by":{"object":"user","id":"645e79dd-3e43-40de-9d51-39357c1c427f"},"last_edited_by":{"object":"user","id":"645e79dd-3e43-40de-9d51-39357c1c427f"},"has_children":true,"archived":false,"in_trash":false,"type":"table","table":{"table_width":2,"has_column_header":false,"has_row_header":false}},{"object":"block","id":"10f974f3-b388-813a-91e4-cfe0a1f31151","parent":{"type":"page_id","page_id":"10f974f3-b388-8135-9b45-e7e8c6d5b00d"},"created_time":"2024-09-28T13:40:00.000Z","last_edited_time":"2024-09-28T13:40:00.000Z","created_by":{"object":"user","id":"645e79dd-3e43-40de-9d51-39357c1c427f"},"last_edited_by":{"object":"user","id":"645e79dd-3e43-40de-9d51-39357c1c427f"},"has_children":false,"archived":false,"in_trash":false,"type":"link_to_page","link_to_page":{"type":"page_id","page_id":"10f974f3-b388-81cf-94d7-ec923a6abd42"}}],"next_cursor":null,"has_more":false,"type":"block","block":{},"request_id":"9ab6de3b-74f7-4a56-9363-c02c093dcbd7"}'
    headers:
      CF-Cache-Status:
      - DYNAMIC
      CF-Ray:
      - 8ca425f46c723612-FRA
      Connection:
      - keep-alive
      Content-Encoding:
      - gzip
      Content-Type:
      - application/json; charset=utf-8
      Server:
      - cloudflare
      Strict-Transport-Security:
      - max-age=31536000; includeSubDomains; preload
      Transfer-Encoding:
      - chunked
      Vary:
      - Accept-Encoding
      content-security-policy:
      - default-src 'none'
      referrer-policy:
      - strict-origin-when-cross-origin
      x-content-type-options:
      - nosniff
      x-dns-prefetch-control:
      - 'off'
      x-download-options:
      - noopen
      x-frame-options:
      - SAMEORIGIN
      x-notion-request-id:
      - 9ab6de3b-74f7-4a56-9363-c02c093dcbd7
      x-permitted-cross-domain-policies:
      - none
      x-xss-protection:
      - '0'
    http_version: HTTP/1.1
    status_code: 200
- request:
    body: '{"children": [{"type": "divider", "object": "block", "has_children": false,
      "in_trash": false, "archived": false, "divider": {}}], "after": "10f974f3-b388-8192-ab2e-ec454afa65d6"}'
    headers:
      accept:
      - '*/*'
      accept-encoding:
      - gzip, deflate
      authorization:
      - secret...
      connection:
      - keep-alive
      content-length:
      - '179'
      content-type:
      - application/json
      cookie:
      - secret...
      host:
      - api.notion.com
      notion-version:
      - '2022-06-28'
      user-agent:
      - secret...
    method: PATCH
    uri: https://api.notion.com/v1/blocks/10f974f3-b388-8135-9b45-e7e8c6d5b00d/children
  response:
    content: '{"object":"list","results":[{"object":"block","id":"10f974f3-b388-8101-ba41-ef9893b2621c","parent":{"type":"page_id","page_id":"10f974f3-b388-8135-9b45-e7e8c6d5b00d"},"created_time":"2024-09-28T13:40:00.000Z","last_edited_time":"2024-09-28T13:40:00.000Z","created_by":{"object":"user","id":"645e79dd-3e43-40de-9d51-39357c1c427f"},"last_edited_by":{"object":"user","id":"645e79dd-3e43-40de-9d51-39357c1c427f"},"has_children":false,"archived":false,"in_trash":false,"type":"divider","divider":{}},{"object":"block","id":"10f974f3-b388-814e-81cd-e0784178e5dc","parent":{"type":"page_id","page_id":"10f974f3-b388-8135-9b45-e7e8c6d5b00d"},"created_time":"2024-09-28T13:40:00.000Z","last_edited_time":"2024-09-28T13:40:00.000Z","created_by":{"object":"user","id":"645e79dd-3e43-40de-9d51-39357c1c427f"},"last_edited_by":{"object":"user","id":"645e79dd-3e43-40de-9d51-39357c1c427f"},"has_children":true,"archived":false,"in_trash":false,"type":"table","table":{"table_width":2,"has_column_header":false,"has_row_header":false}},{"object":"block","id":"10f974f3-b388-813a-91e4-cfe0a1f31151","parent":{"type":"page_id","page_id":"10f974f3-b388-8135-9b45-e7e8c6d5b00d"},"created_time":"2024-09-28T13:40:00.000Z","last_edited_time":"2024-09-28T13:40:00.000Z","created_by":{"object":"user","id":"645e79dd-3e43-40de-9d51-39357c1c427f"},"last_edited_by":{"object":"user","id":"645e79dd-3e43-40de-9d51-39357c1c427f"},"has_children":false,"archived":false,"in_trash":false,"type":"link_to_page","link_to_page":{"type":"page_id","page_id":"10f974f3-b388-81cf-94d7-ec923a6abd42"}}],"next_cursor":null,"has_more":false,"type":"block","block":{},"request_id":"4b11e665-e002-4b1d-a5f8-5a6068eddd97"}'
    headers:
      CF-Cache-Status:
      - DYNAMIC
      CF-Ray:
      - 8ca425f77f6b3612-FRA
      Connection:
      - keep-alive
      Content-Encoding:
      - gzip
      Content-Type:
      - application/json; charset=utf-8
      Server:
      - cloudflare
      Strict-Transport-Security:
      - max-age=31536000; includeSubDomains; preload
      Transfer-Encoding:
      - chunked
      Vary:
      - Accept-Encoding
      content-security-policy:
      - default-src 'none'
      referrer-policy:
      - strict-origin-when-cross-origin
      x-content-type-options:
      - nosniff
      x-dns-prefetch-control:
      - 'off'
      x-download-options:
      - noopen
      x-frame-options:
      - SAMEORIGIN
      x-notion-request-id:
      - 4b11e665-e002-4b1d-a5f8-5a6068eddd97
      x-permitted-cross-domain-policies:
      - none
      x-xss-protection:
      - '0'
    http_version: HTTP/1.1
    status_code: 200
- request:
    body: ''
    headers:
      accept:
      - '*/*'
      accept-encoding:
      - gzip, deflate
      authorization:
      - secret...
      connection:
      - keep-alive
      cookie:
      - secret...
      host:
      - api.notion.com
      notion-version:
      - '2022-06-28'
      user-agent:
      - secret...
    method: GET
    uri: https://api.notion.com/v1/pages/10f974f3-b388-8135-9b45-e7e8c6d5b00d
  response:
    content: '{"object":"page","id":"10f974f3-b388-8135-9b45-e7e8c6d5b00d","created_time":"2024-09-28T13:40:00.000Z","last_edited_time":"2024-09-28T13:40:00.000Z","created_by":{"object":"user","id":"645e79dd-3e43-40de-9d51-39357c1c427f"},"last_edited_by":{"object":"user","id":"645e79dd-3e43-40de-9d51-39357c1c427f"},"cover":null,"icon":null,"parent":{"type":"page_id","page_id":"5f505199-b292-4713-920b-61d813bf72a3"},"archived":false,"in_trash":false,"properties":{"title":{"id":"title","type":"title","title":[{"type":"text","text":{"content":"Page
      for inserting after and replacing blocks","link":null},"annotations":{"bold":false,"italic":false,"strikethrough":false,"underline":false,"code":false,"color":"default"},"plain_text":"Page
      for inserting after and replacing blocks","href":null}]}},"url":"https://www.notion.so/Page-for-inserting-after-and-replacing-blocks-10f974f3b38881359b45e7e8c6d5b00d","public_url":null,"request_id":"9c11290b-688c-4053-a548-25dada01a8ec"}'
    headers:
      CF-Cache-Status:
      - DYNAMIC
      CF-Ray:
      - 8ca425fa196d3612-FRA
      Connection:
      - keep-alive
      Content-Encoding:
      - gzip
      Content-Type:
      - application/json; charset=utf-8
      Server:
      - cloudflare
      Strict-Transport-Security:
      - max-age=31536000; includeSubDomains; preload
      Transfer-Encoding:
      - chunked
      Vary:
      - Accept-Encoding
      content-security-policy:
      - default-src 'none'
      referrer-policy:
      - strict-origin-when-cross-origin
      x-content-type-options:
      - nosniff
      x-dns-prefetch-control:
      - 'off'
      x-download-options:
      - noopen
      x-frame-options:
      - SAMEORIGIN
      x-notion-request-id:
      - 9c11290b-688c-4053-a548-25dada01a8ec
      x-permitted-cross-domain-policies:
      - none
      x-xss-protection:
      - '0'
    http_version: HTTP/1.1
    status_code: 200
- request:
    body: ''
    headers:
      accept:
      - '*/*'
      accept-encoding:
      - gzip, deflate
      authorization:
      - secret...
      connection:
      - keep-alive
      cookie:
      - secret...
      host:
      - api.notion.com
      notion-version:
      - '2022-06-28'
      user-agent:
      - secret...
    method: GET
    uri: https://api.notion.com/v1/blocks/10f974f3-b388-8135-9b45-e7e8c6d5b00d/children?page_size=100
  response:
    content: '{"object":"list","results":[{"object":"block","id":"10f974f3-b388-8192-85a1-e83b7599107f","parent":{"type":"page_id","page_id":"10f974f3-b388-8135-9b45-e7e8c6d5b00d"},"created_time":"2024-09-28T13:40:00.000Z","last_edited_time":"2024-09-28T13:40:00.000Z","created_by":{"object":"user","id":"645e79dd-3e43-40de-9d51-39357c1c427f"},"last_edited_by":{"object":"user","id":"645e79dd-3e43-40de-9d51-39357c1c427f"},"has_children":false,"archived":false,"in_trash":false,"type":"heading_1","heading_1":{"rich_text":[{"type":"text","text":{"content":"My
      new page","link":null},"annotations":{"bold":false,"italic":false,"strikethrough":false,"underline":false,"code":false,"color":"default"},"plain_text":"My
      new page","href":null}],"is_toggleable":false,"color":"default"}},{"object":"block","id":"10f974f3-b388-8192-ab2e-ec454afa65d6","parent":{"type":"page_id","page_id":"10f974f3-b388-8135-9b45-e7e8c6d5b00d"},"created_time":"2024-09-28T13:40:00.000Z","last_edited_time":"2024-09-28T13:40:00.000Z","created_by":{"object":"user","id":"645e79dd-3e43-40de-9d51-39357c1c427f"},"last_edited_by":{"object":"user","id":"645e79dd-3e43-40de-9d51-39357c1c427f"},"has_children":false,"archived":false,"in_trash":false,"type":"paragraph","paragraph":{"rich_text":[{"type":"text","text":{"content":"This
      is a paragraph","link":null},"annotations":{"bold":false,"italic":false,"strikethrough":false,"underline":false,"code":false,"color":"default"},"plain_text":"This
      is a paragraph","href":null}],"color":"default"}},{"object":"block","id":"10f974f3-b388-8101-ba41-ef9893b2621c","parent":{"type":"page_id","page_id":"10f974f3-b388-8135-9b45-e7e8c6d5b00d"},"created_time":"2024-09-28T13:40:00.000Z","last_edited_time":"2024-09-28T13:40:00.000Z","created_by":{"object":"user","id":"645e79dd-3e43-40de-9d51-39357c1c427f"},"last_edited_by":{"object":"user","id":"645e79dd-3e43-40de-9d51-39357c1c427f"},"has_children":false,"archived":false,"in_trash":false,"type":"divider","divider":{}},{"object":"block","id":"10f974f3-b388-814e-81cd-e0784178e5dc","parent":{"type":"page_id","page_id":"10f974f3-b388-8135-9b45-e7e8c6d5b00d"},"created_time":"2024-09-28T13:40:00.000Z","last_edited_time":"2024-09-28T13:40:00.000Z","created_by":{"object":"user","id":"645e79dd-3e43-40de-9d51-39357c1c427f"},"last_edited_by":{"object":"user","id":"645e79dd-3e43-40de-9d51-39357c1c427f"},"has_children":true,"archived":false,"in_trash":false,"type":"table","table":{"table_width":2,"has_column_header":false,"has_row_header":false}},{"object":"block","id":"10f974f3-b388-813a-91e4-cfe0a1f31151","parent":{"type":"page_id","page_id":"10f974f3-b388-8135-9b45-e7e8c6d5b00d"},"created_time":"2024-09-28T13:40:00.000Z","last_edited_time":"2024-09-28T13:40:00.000Z","created_by":{"object":"user","id":"645e79dd-3e43-40de-9d51-39357c1c427f"},"last_edited_by":{"object":"user","id":"645e79dd-3e43-40de-9d51-39357c1c427f"},"has_children":false,"archived":false,"in_trash":false,"type":"link_to_page","link_to_page":{"type":"page_id","page_id":"10f974f3-b388-81cf-94d7-ec923a6abd42"}}],"next_cursor":null,"has_more":false,"type":"block","block":{},"request_id":"f63f5610-9710-4ba2-8af4-836b1f88e650"}'
    headers:
      CF-Cache-Status:
      - DYNAMIC
      CF-Ray:
      - 8ca425fdac5a3612-FRA
      Connection:
      - keep-alive
      Content-Encoding:
      - gzip
      Content-Type:
      - application/json; charset=utf-8
      Server:
      - cloudflare
      Strict-Transport-Security:
      - max-age=31536000; includeSubDomains; preload
      Transfer-Encoding:
      - chunked
      Vary:
      - Accept-Encoding
      content-security-policy:
      - default-src 'none'
      referrer-policy:
      - strict-origin-when-cross-origin
      x-content-type-options:
      - nosniff
      x-dns-prefetch-control:
      - 'off'
      x-download-options:
      - noopen
      x-frame-options:
      - SAMEORIGIN
      x-notion-request-id:
      - f63f5610-9710-4ba2-8af4-836b1f88e650
      x-permitted-cross-domain-policies:
      - none
      x-xss-protection:
      - '0'
    http_version: HTTP/1.1
    status_code: 200
- request:
    body: ''
    headers:
      accept:
      - '*/*'
      accept-encoding:
      - gzip, deflate
      authorization:
      - secret...
      connection:
      - keep-alive
      cookie:
      - secret...
      host:
      - api.notion.com
      notion-version:
      - '2022-06-28'
      user-agent:
      - secret...
    method: GET
    uri: https://api.notion.com/v1/blocks/10f974f3-b388-814e-81cd-e0784178e5dc/children?page_size=100
  response:
    content: '{"object":"list","results":[{"object":"block","id":"10f974f3-b388-81d3-8961-c8f4fc60a06a","parent":{"type":"block_id","block_id":"10f974f3-b388-814e-81cd-e0784178e5dc"},"created_time":"2024-09-28T13:40:00.000Z","last_edited_time":"2024-09-28T13:40:00.000Z","created_by":{"object":"user","id":"645e79dd-3e43-40de-9d51-39357c1c427f"},"last_edited_by":{"object":"user","id":"645e79dd-3e43-40de-9d51-39357c1c427f"},"has_children":false,"archived":false,"in_trash":false,"type":"table_row","table_row":{"cells":[[],[]]}},{"object":"block","id":"10f974f3-b388-81ed-97a7-e299bd66878c","parent":{"type":"block_id","block_id":"10f974f3-b388-814e-81cd-e0784178e5dc"},"created_time":"2024-09-28T13:40:00.000Z","last_edited_time":"2024-09-28T13:40:00.000Z","created_by":{"object":"user","id":"645e79dd-3e43-40de-9d51-39357c1c427f"},"last_edited_by":{"object":"user","id":"645e79dd-3e43-40de-9d51-39357c1c427f"},"has_children":false,"archived":false,"in_trash":false,"type":"table_row","table_row":{"cells":[[],[]]}}],"next_cursor":null,"has_more":false,"type":"block","block":{},"request_id":"e37cf2a1-b250-444e-8b7d-ad75c7adf2cd"}'
    headers:
      CF-Cache-Status:
      - DYNAMIC
      CF-Ray:
      - 8ca425ff8dda3612-FRA
      Connection:
      - keep-alive
      Content-Encoding:
      - gzip
      Content-Type:
      - application/json; charset=utf-8
      Server:
      - cloudflare
      Strict-Transport-Security:
      - max-age=31536000; includeSubDomains; preload
      Transfer-Encoding:
      - chunked
      Vary:
      - Accept-Encoding
      content-security-policy:
      - default-src 'none'
      referrer-policy:
      - strict-origin-when-cross-origin
      x-content-type-options:
      - nosniff
      x-dns-prefetch-control:
      - 'off'
      x-download-options:
      - noopen
      x-frame-options:
      - SAMEORIGIN
      x-notion-request-id:
      - e37cf2a1-b250-444e-8b7d-ad75c7adf2cd
      x-permitted-cross-domain-policies:
      - none
      x-xss-protection:
      - '0'
    http_version: HTTP/1.1
    status_code: 200
- request:
    body: ''
    headers:
      accept:
      - '*/*'
      accept-encoding:
      - gzip, deflate
      authorization:
      - secret...
      connection:
      - keep-alive
      cookie:
      - secret...
      host:
      - api.notion.com
      notion-version:
      - '2022-06-28'
      user-agent:
      - secret...
    method: DELETE
    uri: https://api.notion.com/v1/blocks/10f974f3-b388-814e-81cd-e0784178e5dc
  response:
    content: '{"object":"block","id":"10f974f3-b388-814e-81cd-e0784178e5dc","parent":{"type":"page_id","page_id":"10f974f3-b388-8135-9b45-e7e8c6d5b00d"},"created_time":"2024-09-28T13:40:00.000Z","last_edited_time":"2024-09-28T13:41:00.000Z","created_by":{"object":"user","id":"645e79dd-3e43-40de-9d51-39357c1c427f"},"last_edited_by":{"object":"user","id":"645e79dd-3e43-40de-9d51-39357c1c427f"},"has_children":true,"archived":true,"in_trash":true,"type":"table","table":{"table_width":2,"has_column_header":false,"has_row_header":false},"request_id":"18450f3a-690a-4d05-9ca7-1a529c08195d"}'
    headers:
      CF-Cache-Status:
      - DYNAMIC
      CF-Ray:
      - 8ca4260268133612-FRA
      Connection:
      - keep-alive
      Content-Encoding:
      - gzip
      Content-Type:
      - application/json; charset=utf-8
      Server:
      - cloudflare
      Strict-Transport-Security:
      - max-age=31536000; includeSubDomains; preload
      Transfer-Encoding:
      - chunked
      Vary:
      - Accept-Encoding
      content-security-policy:
      - default-src 'none'
      referrer-policy:
      - strict-origin-when-cross-origin
      x-content-type-options:
      - nosniff
      x-dns-prefetch-control:
      - 'off'
      x-download-options:
      - noopen
      x-frame-options:
      - SAMEORIGIN
      x-notion-request-id:
      - 18450f3a-690a-4d05-9ca7-1a529c08195d
      x-permitted-cross-domain-policies:
      - none
      x-xss-protection:
      - '0'
    http_version: HTTP/1.1
    status_code: 200
version: 1
