interactions:
- request:
    body: '{"parent": {"type": "page_id", "page_id": "00000000-0000-4000-8000-000000000001"},
      "properties": {"title": {"type": "title", "title": [{"type": "text", "plain_text":
      "Page for color code block", "annotations": {"bold": false, "italic": false,
      "strikethrough": false, "underline": false, "code": false}, "text": {"content":
      "Page for color code block"}}]}}}'
    headers:
      accept:
      - '*/*'
      accept-encoding:
      - gzip, deflate
      authorization:
      - secret...
      connection:
      - keep-alive
      content-length:
      - '329'
      content-type:
      - application/json
      cookie:
      - secret...
      host:
      - api.notion.com
      notion-version:
      - '2026-03-11'
      user-agent:
      - secret...
    method: POST
    uri: https://api.notion.com/v1/pages
  response:
    content: '{"object":"page","id":"38c9ce7b-60a4-818b-ad9a-f4687138bf71","created_time":"2026-06-27T16:50:00.000Z","last_edited_time":"2026-06-27T16:50:00.000Z","created_by":{"object":"user","id":"00000000-0000-4000-8000-0000000000f1"},"last_edited_by":{"object":"user","id":"00000000-0000-4000-8000-0000000000f1"},"cover":null,"icon":null,"parent":{"type":"page_id","page_id":"00000000-0000-4000-8000-000000000001"},"in_trash":false,"is_archived":false,"is_locked":false,"properties":{"title":{"id":"title","type":"title","title":[{"type":"text","text":{"content":"Page
      for color code block","link":null},"annotations":{"bold":false,"italic":false,"strikethrough":false,"underline":false,"code":false,"color":"default"},"plain_text":"Page
      for color code block","href":null}]}},"url":"https://www.notion.so/Page-for-color-code-block-38c9ce7b60a4818bad9af4687138bf71","public_url":null,"request_id":"d05753ba-202c-4b8c-b3b5-881fd4b53955"}'
    headers:
      CF-Cache-Status:
      - DYNAMIC
      CF-Ray:
      - a125f31efb0ff816-LHR
      Connection:
      - keep-alive
      Content-Encoding:
      - gzip
      Content-Type:
      - application/json; charset=utf-8
      Server:
      - cloudflare
      Strict-Transport-Security:
      - max-age=31536000; includeSubDomains; preload
      Transfer-Encoding:
      - chunked
      Vary:
      - Accept-Encoding
      alt-svc:
      - h3=":443"; ma=86400
      content-security-policy:
      - default-src 'none'
      referrer-policy:
      - strict-origin-when-cross-origin
      x-content-type-options:
      - nosniff
      x-dns-prefetch-control:
      - 'off'
      x-download-options:
      - noopen
      x-frame-options:
      - SAMEORIGIN
      x-notion-request-id:
      - d05753ba-202c-4b8c-b3b5-881fd4b53955
      x-permitted-cross-domain-policies:
      - none
      x-xss-protection:
      - '0'
    http_version: HTTP/1.1
    status_code: 200
- request:
    body: ''
    headers:
      accept:
      - '*/*'
      accept-encoding:
      - gzip, deflate
      authorization:
      - secret...
      connection:
      - keep-alive
      cookie:
      - secret...
      host:
      - api.notion.com
      notion-version:
      - '2026-03-11'
      user-agent:
      - secret...
    method: GET
    uri: https://api.notion.com/v1/pages/00000000-0000-4000-8000-000000000001
  response:
    content: '{"object":"page","id":"00000000-0000-4000-8000-000000000001","created_time":"2026-06-18T15:44:00.000Z","last_edited_time":"2026-06-27T16:50:00.000Z","created_by":{"object":"user","id":"00000000-0000-4000-8000-0000000000fa"},"last_edited_by":{"object":"user","id":"00000000-0000-4000-8000-0000000000f1"},"cover":null,"icon":null,"parent":{"type":"workspace","workspace":true},"in_trash":false,"is_archived":false,"is_locked":false,"properties":{"title":{"id":"title","type":"title","title":[{"type":"text","text":{"content":"Tests","link":null},"annotations":{"bold":false,"italic":false,"strikethrough":false,"underline":false,"code":false,"color":"default"},"plain_text":"Tests","href":null}]}},"url":"https://www.notion.so/Tests-00000000000040008000000000000001","public_url":null,"request_id":"71c17318-3445-4c0d-8fa9-d5fa36c16be0"}'
    headers:
      CF-Cache-Status:
      - DYNAMIC
      CF-Ray:
      - a125f32118caf816-LHR
      Connection:
      - keep-alive
      Content-Encoding:
      - gzip
      Content-Type:
      - application/json; charset=utf-8
      Server:
      - cloudflare
      Strict-Transport-Security:
      - max-age=31536000; includeSubDomains; preload
      Transfer-Encoding:
      - chunked
      Vary:
      - Accept-Encoding
      alt-svc:
      - h3=":443"; ma=86400
      content-security-policy:
      - default-src 'none'
      referrer-policy:
      - strict-origin-when-cross-origin
      x-content-type-options:
      - nosniff
      x-dns-prefetch-control:
      - 'off'
      x-download-options:
      - noopen
      x-frame-options:
      - SAMEORIGIN
      x-notion-request-id:
      - 71c17318-3445-4c0d-8fa9-d5fa36c16be0
      x-permitted-cross-domain-policies:
      - none
      x-xss-protection:
      - '0'
    http_version: HTTP/1.1
    status_code: 200
- request:
    body: ''
    headers:
      accept:
      - '*/*'
      accept-encoding:
      - gzip, deflate
      authorization:
      - secret...
      connection:
      - keep-alive
      cookie:
      - secret...
      host:
      - api.notion.com
      notion-version:
      - '2026-03-11'
      user-agent:
      - secret...
    method: GET
    uri: https://api.notion.com/v1/blocks/38c9ce7b-60a4-818b-ad9a-f4687138bf71/children?page_size=100
  response:
    content: '{"object":"list","results":[],"next_cursor":null,"has_more":false,"type":"block","block":{},"request_id":"8aa47c99-de76-46ee-9b81-15573ab79e46"}'
    headers:
      CF-Cache-Status:
      - DYNAMIC
      CF-Ray:
      - a125f3228d27f816-LHR
      Connection:
      - keep-alive
      Content-Encoding:
      - gzip
      Content-Type:
      - application/json; charset=utf-8
      Server:
      - cloudflare
      Strict-Transport-Security:
      - max-age=31536000; includeSubDomains; preload
      Transfer-Encoding:
      - chunked
      Vary:
      - Accept-Encoding
      alt-svc:
      - h3=":443"; ma=86400
      content-security-policy:
      - default-src 'none'
      referrer-policy:
      - strict-origin-when-cross-origin
      x-content-type-options:
      - nosniff
      x-dns-prefetch-control:
      - 'off'
      x-download-options:
      - noopen
      x-frame-options:
      - SAMEORIGIN
      x-notion-request-id:
      - 8aa47c99-de76-46ee-9b81-15573ab79e46
      x-permitted-cross-domain-policies:
      - none
      x-xss-protection:
      - '0'
    http_version: HTTP/1.1
    status_code: 200
- request:
    body: '{"children":[{"object":"block","type":"code","code":{"caption":[],"rich_text":[{"type":"text","plain_text":"print(\"Hello,
      world!\")","annotations":{"bold":false,"italic":false,"strikethrough":false,"underline":false,"code":false},"text":{"content":"print(\"Hello,
      world!\")"}}],"language":"python"}}]}'
    headers:
      accept:
      - '*/*'
      accept-encoding:
      - gzip, deflate
      authorization:
      - secret...
      connection:
      - keep-alive
      content-length:
      - '302'
      content-type:
      - application/json
      cookie:
      - secret...
      host:
      - api.notion.com
      notion-version:
      - '2026-03-11'
      user-agent:
      - secret...
    method: PATCH
    uri: https://api.notion.com/v1/blocks/38c9ce7b-60a4-818b-ad9a-f4687138bf71/children
  response:
    content: '{"object":"list","results":[{"object":"block","id":"38c9ce7b-60a4-817e-b805-c67fb20aacac","parent":{"type":"page_id","page_id":"38c9ce7b-60a4-818b-ad9a-f4687138bf71"},"created_time":"2026-06-27T16:50:00.000Z","last_edited_time":"2026-06-27T16:50:00.000Z","created_by":{"object":"user","id":"00000000-0000-4000-8000-0000000000f1"},"last_edited_by":{"object":"user","id":"00000000-0000-4000-8000-0000000000f1"},"has_children":false,"in_trash":false,"type":"code","code":{"caption":[],"rich_text":[{"type":"text","text":{"content":"print(\"Hello,
      world!\")","link":null},"annotations":{"bold":false,"italic":false,"strikethrough":false,"underline":false,"code":false,"color":"default"},"plain_text":"print(\"Hello,
      world!\")","href":null}],"language":"python"}}],"next_cursor":null,"has_more":false,"type":"block","block":{},"request_id":"d2997af6-ecfd-4684-99a8-5018cb535ad1"}'
    headers:
      CF-Cache-Status:
      - DYNAMIC
      CF-Ray:
      - a125f32408bcf816-LHR
      Connection:
      - keep-alive
      Content-Encoding:
      - gzip
      Content-Type:
      - application/json; charset=utf-8
      Server:
      - cloudflare
      Strict-Transport-Security:
      - max-age=31536000; includeSubDomains; preload
      Transfer-Encoding:
      - chunked
      Vary:
      - Accept-Encoding
      alt-svc:
      - h3=":443"; ma=86400
      content-security-policy:
      - default-src 'none'
      referrer-policy:
      - strict-origin-when-cross-origin
      x-content-type-options:
      - nosniff
      x-dns-prefetch-control:
      - 'off'
      x-download-options:
      - noopen
      x-frame-options:
      - SAMEORIGIN
      x-notion-request-id:
      - d2997af6-ecfd-4684-99a8-5018cb535ad1
      x-permitted-cross-domain-policies:
      - none
      x-xss-protection:
      - '0'
    http_version: HTTP/1.1
    status_code: 200
version: 1
