interactions:
- request:
    body: '{"parent": {"type": "page_id", "page_id": "5f505199-b292-4713-920b-61d813bf72a3"},
      "properties": {"title": {"type": "title", "title": [{"type": "text", "plain_text":
      "Test Long Code Block", "annotations": {"bold": false, "italic": false, "strikethrough":
      false, "underline": false, "code": false}, "text": {"content": "Test Long Code
      Block"}}]}}}'
    headers:
      accept:
      - '*/*'
      accept-encoding:
      - gzip, deflate
      authorization:
      - secret...
      connection:
      - keep-alive
      content-length:
      - '319'
      content-type:
      - application/json
      cookie:
      - secret...
      host:
      - api.notion.com
      notion-version:
      - '2022-06-28'
      user-agent:
      - secret...
    method: POST
    uri: https://api.notion.com/v1/pages
  response:
    content: '{"object":"page","id":"29c974f3-b388-8151-b371-ef6dae596a9a","created_time":"2025-10-30T15:37:00.000Z","last_edited_time":"2025-10-30T15:37:00.000Z","created_by":{"object":"user","id":"645e79dd-3e43-40de-9d51-39357c1c427f"},"last_edited_by":{"object":"user","id":"645e79dd-3e43-40de-9d51-39357c1c427f"},"cover":null,"icon":null,"parent":{"type":"page_id","page_id":"5f505199-b292-4713-920b-61d813bf72a3"},"archived":false,"in_trash":false,"is_locked":false,"properties":{"title":{"id":"title","type":"title","title":[{"type":"text","text":{"content":"Test
      Long Code Block","link":null},"annotations":{"bold":false,"italic":false,"strikethrough":false,"underline":false,"code":false,"color":"default"},"plain_text":"Test
      Long Code Block","href":null}]}},"url":"https://www.notion.so/Test-Long-Code-Block-29c974f3b3888151b371ef6dae596a9a","public_url":null,"request_id":"209f2bf7-a6d4-4d2d-bbcf-304e777be0bf"}'
    headers:
      CF-Cache-Status:
      - DYNAMIC
      CF-Ray:
      - 996bfde949ff9766-FRA
      Connection:
      - keep-alive
      Content-Encoding:
      - gzip
      Content-Type:
      - application/json; charset=utf-8
      Server:
      - cloudflare
      Strict-Transport-Security:
      - max-age=31536000; includeSubDomains; preload
      Transfer-Encoding:
      - chunked
      Vary:
      - Accept-Encoding
      alt-svc:
      - h3=":443"; ma=86400
      content-security-policy:
      - default-src 'none'
      referrer-policy:
      - strict-origin-when-cross-origin
      x-content-type-options:
      - nosniff
      x-dns-prefetch-control:
      - 'off'
      x-download-options:
      - noopen
      x-frame-options:
      - SAMEORIGIN
      x-notion-request-id:
      - 209f2bf7-a6d4-4d2d-bbcf-304e777be0bf
      x-permitted-cross-domain-policies:
      - none
      x-xss-protection:
      - '0'
    http_version: HTTP/1.1
    status_code: 200
- request:
    body: ''
    headers:
      accept:
      - '*/*'
      accept-encoding:
      - gzip, deflate
      authorization:
      - secret...
      connection:
      - keep-alive
      cookie:
      - secret...
      host:
      - api.notion.com
      notion-version:
      - '2022-06-28'
      user-agent:
      - secret...
    method: GET
    uri: https://api.notion.com/v1/pages/5f505199-b292-4713-920b-61d813bf72a3
  response:
    content: '{"object":"page","id":"5f505199-b292-4713-920b-61d813bf72a3","created_time":"2022-08-22T15:47:00.000Z","last_edited_time":"2025-10-30T15:37:00.000Z","created_by":{"object":"user","id":"b10cb6df-12ef-44d3-88ad-250168f66322"},"last_edited_by":{"object":"user","id":"645e79dd-3e43-40de-9d51-39357c1c427f"},"cover":null,"icon":null,"parent":{"type":"workspace","workspace":true},"archived":false,"in_trash":false,"is_locked":false,"properties":{"title":{"id":"title","type":"title","title":[{"type":"text","text":{"content":"Tests","link":null},"annotations":{"bold":false,"italic":false,"strikethrough":false,"underline":false,"code":false,"color":"default"},"plain_text":"Tests","href":null}]}},"url":"https://www.notion.so/Tests-5f505199b2924713920b61d813bf72a3","public_url":null,"request_id":"8292c55e-7b5f-465d-99d2-1337c5f40dd6"}'
    headers:
      CF-Cache-Status:
      - DYNAMIC
      CF-Ray:
      - 996bfdeb9b9b9766-FRA
      Connection:
      - keep-alive
      Content-Encoding:
      - gzip
      Content-Type:
      - application/json; charset=utf-8
      Server:
      - cloudflare
      Strict-Transport-Security:
      - max-age=31536000; includeSubDomains; preload
      Transfer-Encoding:
      - chunked
      Vary:
      - Accept-Encoding
      alt-svc:
      - h3=":443"; ma=86400
      content-security-policy:
      - default-src 'none'
      referrer-policy:
      - strict-origin-when-cross-origin
      x-content-type-options:
      - nosniff
      x-dns-prefetch-control:
      - 'off'
      x-download-options:
      - noopen
      x-frame-options:
      - SAMEORIGIN
      x-notion-request-id:
      - 8292c55e-7b5f-465d-99d2-1337c5f40dd6
      x-permitted-cross-domain-policies:
      - none
      x-xss-protection:
      - '0'
    http_version: HTTP/1.1
    status_code: 200
- request:
    body: ''
    headers:
      accept:
      - '*/*'
      accept-encoding:
      - gzip, deflate
      authorization:
      - secret...
      connection:
      - keep-alive
      cookie:
      - secret...
      host:
      - api.notion.com
      notion-version:
      - '2022-06-28'
      user-agent:
      - secret...
    method: GET
    uri: https://api.notion.com/v1/blocks/29c974f3-b388-8151-b371-ef6dae596a9a/children?page_size=100
  response:
    content: '{"object":"list","results":[],"next_cursor":null,"has_more":false,"type":"block","block":{},"request_id":"b7cedc71-c8d6-442a-b0ae-5a7a6a3ba7fd"}'
    headers:
      CF-Cache-Status:
      - DYNAMIC
      CF-Ray:
      - 996bfded6ce49766-FRA
      Connection:
      - keep-alive
      Content-Encoding:
      - gzip
      Content-Type:
      - application/json; charset=utf-8
      Server:
      - cloudflare
      Strict-Transport-Security:
      - max-age=31536000; includeSubDomains; preload
      Transfer-Encoding:
      - chunked
      Vary:
      - Accept-Encoding
      alt-svc:
      - h3=":443"; ma=86400
      content-security-policy:
      - default-src 'none'
      referrer-policy:
      - strict-origin-when-cross-origin
      x-content-type-options:
      - nosniff
      x-dns-prefetch-control:
      - 'off'
      x-download-options:
      - noopen
      x-frame-options:
      - SAMEORIGIN
      x-notion-request-id:
      - b7cedc71-c8d6-442a-b0ae-5a7a6a3ba7fd
      x-permitted-cross-domain-policies:
      - none
      x-xss-protection:
      - '0'
    http_version: HTTP/1.1
    status_code: 200
- request:
    body: '{"children":[{"object":"block","has_children":false,"in_trash":false,"archived":false,"type":"code","code":{"caption":[],"rich_text":[{"type":"text","plain_text":"AAAAAAAAAAAAAAAAAAAAAAAAAAAAAAAAAAAAAAAAAAAAAAAAAAAAAAAAAAAAAAAAAAAAAAAAAAAAAAAAAAAAAAAAAAAAAAAAAAAAAAAAAAAAAAAAAAAAAAAAAAAAAAAAAAAAAAAAAAAAAAAAAAAAAAAAAAAAAAAAAAAAAAAAAAAAAAAAAAAAAAAAAAAAAAAAAAAAAAAAAAAAAAAAAAAAAAAAAAAAAAAAAAAAAAAAAAAAAAAAAAAAAAAAAAAAAAAAAAAAAAAAAAAAAAAAAAAAAAAAAAAAAAAAAAAAAAAAAAAAAAAAAAAAAAAAAAAAAAAAAAAAAAAAAAAAAAAAAAAAAAAAAAAAAAAAAAAAAAAAAAAAAAAAAAAAAAAAAAAAAAAAAAAAAAAAAAAAAAAAAAAAAAAAAAAAAAAAAAAAAAAAAAAAAAAAAAAAAAAAAAAAAAAAAAAAAAAAAAAAAAAAAAAAAAAAAAAAAAAAAAAAAAAAAAAAAAAAAAAAAAAAAAAAAAAAAAAAAAAAAAAAAAAAAAAAAAAAAAAAAAAAAAAAAAAAAAAAAAAAAAAAAAAAAAAAAAAAAAAAAAAAAAAAAAAAAAAAAAAAAAAAAAAAAAAAAAAAAAAAAAAAAAAAAAAAAAAAAAAAAAAAAAAAAAAAAAAAAAAAAAAAAAAAAAAAAAAAAAAAAAAAAAAAAAAAAAAAAAAAAAAAAAAAAAAAAAAAAAAAAAAAAAAAAAAAAAAAAAAAAAAAAAAAAAAAAAAAAAAAAAAAAAAAAAAAAAAAAAAAAAAAAAAAAAAAAAAAAAAAAAAAAAAAAAAAAAAAAAAAAAAAAAAAAAAAAAAAAAAAAAAAAAAAAAAAAAAAAAAAAAAAAAAAAAAAAAAAAAAAAAAAAAAAAAAAAAAAAAAAAAAAAAAAAAAAAAAAAAAAAAAAAAAAAAAAAAAAAAAAAAAAAAAAAAAAAAAAAAAAAAAAAAAAAAAAAAAAAAAAAAAAAAAAAAAAAAAAAAAAAAAAAAAAAAAAAAAAAAAAAAAAAAAAAAAAAAAAAAAAAAAAAAAAAAAAAAAAAAAAAAAAAAAAAAAAAAAAAAAAAAAAAAAAAAAAAAAAAAAAAAAAAAAAAAAAAAAAAAAAAAAAAAAAAAAAAAAAAAAAAAAAAAAAAAAAAAAAAAAAAAAAAAAAAAAAAAAAAAAAAAAAAAAAAAAAAAAAAAAAAAAAAAAAAAAAAAAAAAAAAAAAAAAAAAAAAAAAAAAAAAAAAAAAAAAAAAAAAAAAAAAAAAAAAAAAAAAAAAAAAAAAAAAAAAAAAAAAAAAAAAAAAAAAAAAAAAAAAAAAAAAAAAAAAAAAAAAAAAAAAAAAAAAAAAAAAAAAAAAAAAAAAAAAAAAAAAAAAAAAAAAAAAAAAAAAAAAAAAAAAAAAAAAAAAAAAAAAAAAAAAAAAAAAAAAAAAAAAAAAAAAAAAAAAAAAAAAAAAAAAAAAAAAAAAAAAAAAAAAAAAAAAAAAAAAAAAAAAAAAAAAAAAAAAAAAAAAAAAAAAAAAAAAAAAAAAAAAAAAAAAAAAAAAAAAAAAAAAAAAAAAAAAAAAAAAAAAAAAAAAAAAAAAAAAAAAAAAAAAAAAAAAAAAAAAAAAAAAAAAAAAAAAAAAAAAAAAAAAAAAAAAAAAAAAAAAAAAAAAAAAAAAAAAAAAAAAAAAAAAAAAAAAAAAAAAAAAAAAAAAAAAAAAAAAAAAAAAAAAAAAAAAAAAAAAAAAAAAAAAAAAAAAAAAAAAAAAAAAAAAAAAAAAAAAAAAAAAAAAAAAAAAAAAAAAAAAAAAAAAAAAAAAAAAAAAAAAAAAAAAAAAAAAAAAAAAAAAAAAAAAAAAAAAAAAAAAAAAAAAAAAAAAAAAAAAAAAAAAAAAAAAAAAAAAAAAAAAAAAAAAAAAAAAAAAAAAAAAAAAAAAAAAAAAAAAAAAAAAAAAAAAAAAAAAAAAAAAAAAAAAAAAAAAAAAAAAAAAAAAAAAAAAAAAAAAAAAAAAAA","annotations":{"bold":false,"italic":false,"strikethrough":false,"underline":false,"code":false},"text":{"content":"AAAAAAAAAAAAAAAAAAAAAAAAAAAAAAAAAAAAAAAAAAAAAAAAAAAAAAAAAAAAAAAAAAAAAAAAAAAAAAAAAAAAAAAAAAAAAAAAAAAAAAAAAAAAAAAAAAAAAAAAAAAAAAAAAAAAAAAAAAAAAAAAAAAAAAAAAAAAAAAAAAAAAAAAAAAAAAAAAAAAAAAAAAAAAAAAAAAAAAAAAAAAAAAAAAAAAAAAAAAAAAAAAAAAAAAAAAAAAAAAAAAAAAAAAAAAAAAAAAAAAAAAAAAAAAAAAAAAAAAAAAAAAAAAAAAAAAAAAAAAAAAAAAAAAAAAAAAAAAAAAAAAAAAAAAAAAAAAAAAAAAAAAAAAAAAAAAAAAAAAAAAAAAAAAAAAAAAAAAAAAAAAAAAAAAAAAAAAAAAAAAAAAAAAAAAAAAAAAAAAAAAAAAAAAAAAAAAAAAAAAAAAAAAAAAAAAAAAAAAAAAAAAAAAAAAAAAAAAAAAAAAAAAAAAAAAAAAAAAAAAAAAAAAAAAAAAAAAAAAAAAAAAAAAAAAAAAAAAAAAAAAAAAAAAAAAAAAAAAAAAAAAAAAAAAAAAAAAAAAAAAAAAAAAAAAAAAAAAAAAAAAAAAAAAAAAAAAAAAAAAAAAAAAAAAAAAAAAAAAAAAAAAAAAAAAAAAAAAAAAAAAAAAAAAAAAAAAAAAAAAAAAAAAAAAAAAAAAAAAAAAAAAAAAAAAAAAAAAAAAAAAAAAAAAAAAAAAAAAAAAAAAAAAAAAAAAAAAAAAAAAAAAAAAAAAAAAAAAAAAAAAAAAAAAAAAAAAAAAAAAAAAAAAAAAAAAAAAAAAAAAAAAAAAAAAAAAAAAAAAAAAAAAAAAAAAAAAAAAAAAAAAAAAAAAAAAAAAAAAAAAAAAAAAAAAAAAAAAAAAAAAAAAAAAAAAAAAAAAAAAAAAAAAAAAAAAAAAAAAAAAAAAAAAAAAAAAAAAAAAAAAAAAAAAAAAAAAAAAAAAAAAAAAAAAAAAAAAAAAAAAAAAAAAAAAAAAAAAAAAAAAAAAAAAAAAAAAAAAAAAAAAAAAAAAAAAAAAAAAAAAAAAAAAAAAAAAAAAAAAAAAAAAAAAAAAAAAAAAAAAAAAAAAAAAAAAAAAAAAAAAAAAAAAAAAAAAAAAAAAAAAAAAAAAAAAAAAAAAAAAAAAAAAAAAAAAAAAAAAAAAAAAAAAAAAAAAAAAAAAAAAAAAAAAAAAAAAAAAAAAAAAAAAAAAAAAAAAAAAAAAAAAAAAAAAAAAAAAAAAAAAAAAAAAAAAAAAAAAAAAAAAAAAAAAAAAAAAAAAAAAAAAAAAAAAAAAAAAAAAAAAAAAAAAAAAAAAAAAAAAAAAAAAAAAAAAAAAAAAAAAAAAAAAAAAAAAAAAAAAAAAAAAAAAAAAAAAAAAAAAAAAAAAAAAAAAAAAAAAAAAAAAAAAAAAAAAAAAAAAAAAAAAAAAAAAAAAAAAAAAAAAAAAAAAAAAAAAAAAAAAAAAAAAAAAAAAAAAAAAAAAAAAAAAAAAAAAAAAAAAAAAAAAAAAAAAAAAAAAAAAAAAAAAAAAAAAAAAAAAAAAAAAAAAAAAAAAAAAAAAAAAAAAAAAAAAAAAAAAAAAAAAAAAAAAAAAAAAAAAAAAAAAAAAAAAAAAAAAAAAAAAAAAAAAAAAAAAAAAAAAAAAAAAAAAAAAAAAAAAAAAAAAAAAAAAAAAAAAAAAAAAAAAAAAAAAAAAAAAAAAAAAAAAAAAAAAAAAAAAAAAAAAAAAAAAAAAAAAAAAAAAAAAAAAAAAAAAAAAAAAAAAAAAAAAAAAAAAAAAAAAAAAAAAAAAAAAAAAAAAAAAAAAAAAAAAAAAAAAAAAAAAAAAAAAAAAAAAAAAAAAAAAAAAAAAAAAAAAAAAAAAAAAAAAAAAAAAAAAAAAAAAAAAAAAAAAAAAAAAAAAAAAAAAAAAAAAAAAAAAAAAAAAAAAAAAAAAAAAAAAAAAAAAAAAAAAAAAAAAAAAAAAAAAAAAAAAAAAAA"}},{"type":"text","plain_text":"A","annotations":{"bold":false,"italic":false,"strikethrough":false,"underline":false,"code":false},"text":{"content":"A"}}],"language":"python"}}]}'
    headers:
      accept:
      - '*/*'
      accept-encoding:
      - gzip, deflate
      authorization:
      - secret...
      connection:
      - keep-alive
      content-length:
      - '4462'
      content-type:
      - application/json
      cookie:
      - secret...
      host:
      - api.notion.com
      notion-version:
      - '2022-06-28'
      user-agent:
      - secret...
    method: PATCH
    uri: https://api.notion.com/v1/blocks/29c974f3-b388-8151-b371-ef6dae596a9a/children
  response:
    content: '{"object":"list","results":[{"object":"block","id":"29c974f3-b388-819e-a9d3-d6835da9e64c","parent":{"type":"page_id","page_id":"29c974f3-b388-8151-b371-ef6dae596a9a"},"created_time":"2025-10-30T15:37:00.000Z","last_edited_time":"2025-10-30T15:37:00.000Z","created_by":{"object":"user","id":"645e79dd-3e43-40de-9d51-39357c1c427f"},"last_edited_by":{"object":"user","id":"645e79dd-3e43-40de-9d51-39357c1c427f"},"has_children":false,"archived":false,"in_trash":false,"type":"code","code":{"caption":[],"rich_text":[{"type":"text","text":{"content":"AAAAAAAAAAAAAAAAAAAAAAAAAAAAAAAAAAAAAAAAAAAAAAAAAAAAAAAAAAAAAAAAAAAAAAAAAAAAAAAAAAAAAAAAAAAAAAAAAAAAAAAAAAAAAAAAAAAAAAAAAAAAAAAAAAAAAAAAAAAAAAAAAAAAAAAAAAAAAAAAAAAAAAAAAAAAAAAAAAAAAAAAAAAAAAAAAAAAAAAAAAAAAAAAAAAAAAAAAAAAAAAAAAAAAAAAAAAAAAAAAAAAAAAAAAAAAAAAAAAAAAAAAAAAAAAAAAAAAAAAAAAAAAAAAAAAAAAAAAAAAAAAAAAAAAAAAAAAAAAAAAAAAAAAAAAAAAAAAAAAAAAAAAAAAAAAAAAAAAAAAAAAAAAAAAAAAAAAAAAAAAAAAAAAAAAAAAAAAAAAAAAAAAAAAAAAAAAAAAAAAAAAAAAAAAAAAAAAAAAAAAAAAAAAAAAAAAAAAAAAAAAAAAAAAAAAAAAAAAAAAAAAAAAAAAAAAAAAAAAAAAAAAAAAAAAAAAAAAAAAAAAAAAAAAAAAAAAAAAAAAAAAAAAAAAAAAAAAAAAAAAAAAAAAAAAAAAAAAAAAAAAAAAAAAAAAAAAAAAAAAAAAAAAAAAAAAAAAAAAAAAAAAAAAAAAAAAAAAAAAAAAAAAAAAAAAAAAAAAAAAAAAAAAAAAAAAAAAAAAAAAAAAAAAAAAAAAAAAAAAAAAAAAAAAAAAAAAAAAAAAAAAAAAAAAAAAAAAAAAAAAAAAAAAAAAAAAAAAAAAAAAAAAAAAAAAAAAAAAAAAAAAAAAAAAAAAAAAAAAAAAAAAAAAAAAAAAAAAAAAAAAAAAAAAAAAAAAAAAAAAAAAAAAAAAAAAAAAAAAAAAAAAAAAAAAAAAAAAAAAAAAAAAAAAAAAAAAAAAAAAAAAAAAAAAAAAAAAAAAAAAAAAAAAAAAAAAAAAAAAAAAAAAAAAAAAAAAAAAAAAAAAAAAAAAAAAAAAAAAAAAAAAAAAAAAAAAAAAAAAAAAAAAAAAAAAAAAAAAAAAAAAAAAAAAAAAAAAAAAAAAAAAAAAAAAAAAAAAAAAAAAAAAAAAAAAAAAAAAAAAAAAAAAAAAAAAAAAAAAAAAAAAAAAAAAAAAAAAAAAAAAAAAAAAAAAAAAAAAAAAAAAAAAAAAAAAAAAAAAAAAAAAAAAAAAAAAAAAAAAAAAAAAAAAAAAAAAAAAAAAAAAAAAAAAAAAAAAAAAAAAAAAAAAAAAAAAAAAAAAAAAAAAAAAAAAAAAAAAAAAAAAAAAAAAAAAAAAAAAAAAAAAAAAAAAAAAAAAAAAAAAAAAAAAAAAAAAAAAAAAAAAAAAAAAAAAAAAAAAAAAAAAAAAAAAAAAAAAAAAAAAAAAAAAAAAAAAAAAAAAAAAAAAAAAAAAAAAAAAAAAAAAAAAAAAAAAAAAAAAAAAAAAAAAAAAAAAAAAAAAAAAAAAAAAAAAAAAAAAAAAAAAAAAAAAAAAAAAAAAAAAAAAAAAAAAAAAAAAAAAAAAAAAAAAAAAAAAAAAAAAAAAAAAAAAAAAAAAAAAAAAAAAAAAAAAAAAAAAAAAAAAAAAAAAAAAAAAAAAAAAAAAAAAAAAAAAAAAAAAAAAAAAAAAAAAAAAAAAAAAAAAAAAAAAAAAAAAAAAAAAAAAAAAAAAAAAAAAAAAAAAAAAAAAAAAAAAAAAAAAAAAAAAAAAAAAAAAAAAAAAAAAAAAAAAAAAAAAAAAAAAAAAAAAAAAAAAAAAAAAAAAAAAAAAAAAAAAAAAAAAAAAAAAAAAAAAAAAAAAAAAAAAAAAAAAAAAAAAAAAAAAAAAAAAAAAAAAAAAAAAAAAAAAAAAAAAAAAAAAAAAAAAAAAAAAAAAAAAAAAAAAAAAAAAAAAAAAAAAAAAAAAAAAAAAAAAAAAAAAAAAAAAAAAAAAAAAAAAAAAAAAAAAAAAAAAAAAAAAAAAAAAAAAAAAAAAAAAAAAAAAAAAAAAAAAAAAAAAAAAAAAAAAAAAAAAAAAAAAAA","link":null},"annotations":{"bold":false,"italic":false,"strikethrough":false,"underline":false,"code":false,"color":"default"},"plain_text":"AAAAAAAAAAAAAAAAAAAAAAAAAAAAAAAAAAAAAAAAAAAAAAAAAAAAAAAAAAAAAAAAAAAAAAAAAAAAAAAAAAAAAAAAAAAAAAAAAAAAAAAAAAAAAAAAAAAAAAAAAAAAAAAAAAAAAAAAAAAAAAAAAAAAAAAAAAAAAAAAAAAAAAAAAAAAAAAAAAAAAAAAAAAAAAAAAAAAAAAAAAAAAAAAAAAAAAAAAAAAAAAAAAAAAAAAAAAAAAAAAAAAAAAAAAAAAAAAAAAAAAAAAAAAAAAAAAAAAAAAAAAAAAAAAAAAAAAAAAAAAAAAAAAAAAAAAAAAAAAAAAAAAAAAAAAAAAAAAAAAAAAAAAAAAAAAAAAAAAAAAAAAAAAAAAAAAAAAAAAAAAAAAAAAAAAAAAAAAAAAAAAAAAAAAAAAAAAAAAAAAAAAAAAAAAAAAAAAAAAAAAAAAAAAAAAAAAAAAAAAAAAAAAAAAAAAAAAAAAAAAAAAAAAAAAAAAAAAAAAAAAAAAAAAAAAAAAAAAAAAAAAAAAAAAAAAAAAAAAAAAAAAAAAAAAAAAAAAAAAAAAAAAAAAAAAAAAAAAAAAAAAAAAAAAAAAAAAAAAAAAAAAAAAAAAAAAAAAAAAAAAAAAAAAAAAAAAAAAAAAAAAAAAAAAAAAAAAAAAAAAAAAAAAAAAAAAAAAAAAAAAAAAAAAAAAAAAAAAAAAAAAAAAAAAAAAAAAAAAAAAAAAAAAAAAAAAAAAAAAAAAAAAAAAAAAAAAAAAAAAAAAAAAAAAAAAAAAAAAAAAAAAAAAAAAAAAAAAAAAAAAAAAAAAAAAAAAAAAAAAAAAAAAAAAAAAAAAAAAAAAAAAAAAAAAAAAAAAAAAAAAAAAAAAAAAAAAAAAAAAAAAAAAAAAAAAAAAAAAAAAAAAAAAAAAAAAAAAAAAAAAAAAAAAAAAAAAAAAAAAAAAAAAAAAAAAAAAAAAAAAAAAAAAAAAAAAAAAAAAAAAAAAAAAAAAAAAAAAAAAAAAAAAAAAAAAAAAAAAAAAAAAAAAAAAAAAAAAAAAAAAAAAAAAAAAAAAAAAAAAAAAAAAAAAAAAAAAAAAAAAAAAAAAAAAAAAAAAAAAAAAAAAAAAAAAAAAAAAAAAAAAAAAAAAAAAAAAAAAAAAAAAAAAAAAAAAAAAAAAAAAAAAAAAAAAAAAAAAAAAAAAAAAAAAAAAAAAAAAAAAAAAAAAAAAAAAAAAAAAAAAAAAAAAAAAAAAAAAAAAAAAAAAAAAAAAAAAAAAAAAAAAAAAAAAAAAAAAAAAAAAAAAAAAAAAAAAAAAAAAAAAAAAAAAAAAAAAAAAAAAAAAAAAAAAAAAAAAAAAAAAAAAAAAAAAAAAAAAAAAAAAAAAAAAAAAAAAAAAAAAAAAAAAAAAAAAAAAAAAAAAAAAAAAAAAAAAAAAAAAAAAAAAAAAAAAAAAAAAAAAAAAAAAAAAAAAAAAAAAAAAAAAAAAAAAAAAAAAAAAAAAAAAAAAAAAAAAAAAAAAAAAAAAAAAAAAAAAAAAAAAAAAAAAAAAAAAAAAAAAAAAAAAAAAAAAAAAAAAAAAAAAAAAAAAAAAAAAAAAAAAAAAAAAAAAAAAAAAAAAAAAAAAAAAAAAAAAAAAAAAAAAAAAAAAAAAAAAAAAAAAAAAAAAAAAAAAAAAAAAAAAAAAAAAAAAAAAAAAAAAAAAAAAAAAAAAAAAAAAAAAAAAAAAAAAAAAAAAAAAAAAAAAAAAAAAAAAAAAAAAAAAAAAAAAAAAAAAAAAAAAAAAAAAAAAAAAAAAAAAAAAAAAAAAAAAAAAAAAAAAAAAAAAAAAAAAAAAAAAAAAAAAAAAAAAAAAAAAAAAAAAAAAAAAAAAAAAAAAAAAAAAAAAAAAAAAAAAAAAAAAAAAAAAAAAAAAAAAAAAAAAAAAAAAAAAAAAAAAAAAAAAAAAAAAAAAAAAAAAAAAAAAAAAAAAAAAAAAAAAAAAAAAAAAAAAAAAAAAAAAAAAAAAAAAAAAAAAAAAAA","href":null}],"language":"python"}}],"next_cursor":null,"has_more":false,"type":"block","block":{},"request_id":"3c071ff1-b656-4e98-b46b-6bffd3bc1b94"}'
    headers:
      CF-Cache-Status:
      - DYNAMIC
      CF-Ray:
      - 996bfdef5e369766-FRA
      Connection:
      - keep-alive
      Content-Encoding:
      - gzip
      Content-Type:
      - application/json; charset=utf-8
      Server:
      - cloudflare
      Strict-Transport-Security:
      - max-age=31536000; includeSubDomains; preload
      Transfer-Encoding:
      - chunked
      Vary:
      - Accept-Encoding
      alt-svc:
      - h3=":443"; ma=86400
      content-security-policy:
      - default-src 'none'
      referrer-policy:
      - strict-origin-when-cross-origin
      x-content-type-options:
      - nosniff
      x-dns-prefetch-control:
      - 'off'
      x-download-options:
      - noopen
      x-frame-options:
      - SAMEORIGIN
      x-notion-request-id:
      - 3c071ff1-b656-4e98-b46b-6bffd3bc1b94
      x-permitted-cross-domain-policies:
      - none
      x-xss-protection:
      - '0'
    http_version: HTTP/1.1
    status_code: 200
- request:
    body: ''
    headers:
      accept:
      - '*/*'
      accept-encoding:
      - gzip, deflate
      authorization:
      - secret...
      connection:
      - keep-alive
      cookie:
      - secret...
      host:
      - api.notion.com
      notion-version:
      - '2022-06-28'
      user-agent:
      - secret...
    method: GET
    uri: https://api.notion.com/v1/pages/29c974f3-b388-8151-b371-ef6dae596a9a
  response:
    content: '{"object":"page","id":"29c974f3-b388-8151-b371-ef6dae596a9a","created_time":"2025-10-30T15:37:00.000Z","last_edited_time":"2025-10-30T15:37:00.000Z","created_by":{"object":"user","id":"645e79dd-3e43-40de-9d51-39357c1c427f"},"last_edited_by":{"object":"user","id":"645e79dd-3e43-40de-9d51-39357c1c427f"},"cover":null,"icon":null,"parent":{"type":"page_id","page_id":"5f505199-b292-4713-920b-61d813bf72a3"},"archived":false,"in_trash":false,"is_locked":false,"properties":{"title":{"id":"title","type":"title","title":[{"type":"text","text":{"content":"Test
      Long Code Block","link":null},"annotations":{"bold":false,"italic":false,"strikethrough":false,"underline":false,"code":false,"color":"default"},"plain_text":"Test
      Long Code Block","href":null}]}},"url":"https://www.notion.so/Test-Long-Code-Block-29c974f3b3888151b371ef6dae596a9a","public_url":null,"request_id":"56435c54-ef9f-4d5f-9e46-6fa3eac3d01c"}'
    headers:
      CF-Cache-Status:
      - DYNAMIC
      CF-Ray:
      - 996bfdf6fb3f9766-FRA
      Connection:
      - keep-alive
      Content-Encoding:
      - gzip
      Content-Type:
      - application/json; charset=utf-8
      Server:
      - cloudflare
      Strict-Transport-Security:
      - max-age=31536000; includeSubDomains; preload
      Transfer-Encoding:
      - chunked
      Vary:
      - Accept-Encoding
      alt-svc:
      - h3=":443"; ma=86400
      content-security-policy:
      - default-src 'none'
      referrer-policy:
      - strict-origin-when-cross-origin
      x-content-type-options:
      - nosniff
      x-dns-prefetch-control:
      - 'off'
      x-download-options:
      - noopen
      x-frame-options:
      - SAMEORIGIN
      x-notion-request-id:
      - 56435c54-ef9f-4d5f-9e46-6fa3eac3d01c
      x-permitted-cross-domain-policies:
      - none
      x-xss-protection:
      - '0'
    http_version: HTTP/1.1
    status_code: 200
- request:
    body: ''
    headers:
      accept:
      - '*/*'
      accept-encoding:
      - gzip, deflate
      authorization:
      - secret...
      connection:
      - keep-alive
      cookie:
      - secret...
      host:
      - api.notion.com
      notion-version:
      - '2022-06-28'
      user-agent:
      - secret...
    method: GET
    uri: https://api.notion.com/v1/blocks/29c974f3-b388-8151-b371-ef6dae596a9a/children?page_size=100
  response:
    content: '{"object":"list","results":[{"object":"block","id":"29c974f3-b388-819e-a9d3-d6835da9e64c","parent":{"type":"page_id","page_id":"29c974f3-b388-8151-b371-ef6dae596a9a"},"created_time":"2025-10-30T15:37:00.000Z","last_edited_time":"2025-10-30T15:37:00.000Z","created_by":{"object":"user","id":"645e79dd-3e43-40de-9d51-39357c1c427f"},"last_edited_by":{"object":"user","id":"645e79dd-3e43-40de-9d51-39357c1c427f"},"has_children":false,"archived":false,"in_trash":false,"type":"code","code":{"caption":[],"rich_text":[{"type":"text","text":{"content":"AAAAAAAAAAAAAAAAAAAAAAAAAAAAAAAAAAAAAAAAAAAAAAAAAAAAAAAAAAAAAAAAAAAAAAAAAAAAAAAAAAAAAAAAAAAAAAAAAAAAAAAAAAAAAAAAAAAAAAAAAAAAAAAAAAAAAAAAAAAAAAAAAAAAAAAAAAAAAAAAAAAAAAAAAAAAAAAAAAAAAAAAAAAAAAAAAAAAAAAAAAAAAAAAAAAAAAAAAAAAAAAAAAAAAAAAAAAAAAAAAAAAAAAAAAAAAAAAAAAAAAAAAAAAAAAAAAAAAAAAAAAAAAAAAAAAAAAAAAAAAAAAAAAAAAAAAAAAAAAAAAAAAAAAAAAAAAAAAAAAAAAAAAAAAAAAAAAAAAAAAAAAAAAAAAAAAAAAAAAAAAAAAAAAAAAAAAAAAAAAAAAAAAAAAAAAAAAAAAAAAAAAAAAAAAAAAAAAAAAAAAAAAAAAAAAAAAAAAAAAAAAAAAAAAAAAAAAAAAAAAAAAAAAAAAAAAAAAAAAAAAAAAAAAAAAAAAAAAAAAAAAAAAAAAAAAAAAAAAAAAAAAAAAAAAAAAAAAAAAAAAAAAAAAAAAAAAAAAAAAAAAAAAAAAAAAAAAAAAAAAAAAAAAAAAAAAAAAAAAAAAAAAAAAAAAAAAAAAAAAAAAAAAAAAAAAAAAAAAAAAAAAAAAAAAAAAAAAAAAAAAAAAAAAAAAAAAAAAAAAAAAAAAAAAAAAAAAAAAAAAAAAAAAAAAAAAAAAAAAAAAAAAAAAAAAAAAAAAAAAAAAAAAAAAAAAAAAAAAAAAAAAAAAAAAAAAAAAAAAAAAAAAAAAAAAAAAAAAAAAAAAAAAAAAAAAAAAAAAAAAAAAAAAAAAAAAAAAAAAAAAAAAAAAAAAAAAAAAAAAAAAAAAAAAAAAAAAAAAAAAAAAAAAAAAAAAAAAAAAAAAAAAAAAAAAAAAAAAAAAAAAAAAAAAAAAAAAAAAAAAAAAAAAAAAAAAAAAAAAAAAAAAAAAAAAAAAAAAAAAAAAAAAAAAAAAAAAAAAAAAAAAAAAAAAAAAAAAAAAAAAAAAAAAAAAAAAAAAAAAAAAAAAAAAAAAAAAAAAAAAAAAAAAAAAAAAAAAAAAAAAAAAAAAAAAAAAAAAAAAAAAAAAAAAAAAAAAAAAAAAAAAAAAAAAAAAAAAAAAAAAAAAAAAAAAAAAAAAAAAAAAAAAAAAAAAAAAAAAAAAAAAAAAAAAAAAAAAAAAAAAAAAAAAAAAAAAAAAAAAAAAAAAAAAAAAAAAAAAAAAAAAAAAAAAAAAAAAAAAAAAAAAAAAAAAAAAAAAAAAAAAAAAAAAAAAAAAAAAAAAAAAAAAAAAAAAAAAAAAAAAAAAAAAAAAAAAAAAAAAAAAAAAAAAAAAAAAAAAAAAAAAAAAAAAAAAAAAAAAAAAAAAAAAAAAAAAAAAAAAAAAAAAAAAAAAAAAAAAAAAAAAAAAAAAAAAAAAAAAAAAAAAAAAAAAAAAAAAAAAAAAAAAAAAAAAAAAAAAAAAAAAAAAAAAAAAAAAAAAAAAAAAAAAAAAAAAAAAAAAAAAAAAAAAAAAAAAAAAAAAAAAAAAAAAAAAAAAAAAAAAAAAAAAAAAAAAAAAAAAAAAAAAAAAAAAAAAAAAAAAAAAAAAAAAAAAAAAAAAAAAAAAAAAAAAAAAAAAAAAAAAAAAAAAAAAAAAAAAAAAAAAAAAAAAAAAAAAAAAAAAAAAAAAAAAAAAAAAAAAAAAAAAAAAAAAAAAAAAAAAAAAAAAAAAAAAAAAAAAAAAAAAAAAAAAAAAAAAAAAAAAAAAAAAAAAAAAAAAAAAAAAAAAAAAAAAAAAAAAAAAAAAAAAAAAAAAAAAAAAAAAAAAAAAAAAAAAAAAAAAAAAAAAAAAAAAAAAAAAAAAAAAAAAAAAAAAAAAAAAAAAAAAAAAAAAAAAAAAAAAAAAAAAAAAAAAAAAAAAAAAAAAAAAAAAAAAAAAAAAAAAAAAAAAAAAAAAAAAAAAAAAAAAAAAAAAAAAAAAAA","link":null},"annotations":{"bold":false,"italic":false,"strikethrough":false,"underline":false,"code":false,"color":"default"},"plain_text":"AAAAAAAAAAAAAAAAAAAAAAAAAAAAAAAAAAAAAAAAAAAAAAAAAAAAAAAAAAAAAAAAAAAAAAAAAAAAAAAAAAAAAAAAAAAAAAAAAAAAAAAAAAAAAAAAAAAAAAAAAAAAAAAAAAAAAAAAAAAAAAAAAAAAAAAAAAAAAAAAAAAAAAAAAAAAAAAAAAAAAAAAAAAAAAAAAAAAAAAAAAAAAAAAAAAAAAAAAAAAAAAAAAAAAAAAAAAAAAAAAAAAAAAAAAAAAAAAAAAAAAAAAAAAAAAAAAAAAAAAAAAAAAAAAAAAAAAAAAAAAAAAAAAAAAAAAAAAAAAAAAAAAAAAAAAAAAAAAAAAAAAAAAAAAAAAAAAAAAAAAAAAAAAAAAAAAAAAAAAAAAAAAAAAAAAAAAAAAAAAAAAAAAAAAAAAAAAAAAAAAAAAAAAAAAAAAAAAAAAAAAAAAAAAAAAAAAAAAAAAAAAAAAAAAAAAAAAAAAAAAAAAAAAAAAAAAAAAAAAAAAAAAAAAAAAAAAAAAAAAAAAAAAAAAAAAAAAAAAAAAAAAAAAAAAAAAAAAAAAAAAAAAAAAAAAAAAAAAAAAAAAAAAAAAAAAAAAAAAAAAAAAAAAAAAAAAAAAAAAAAAAAAAAAAAAAAAAAAAAAAAAAAAAAAAAAAAAAAAAAAAAAAAAAAAAAAAAAAAAAAAAAAAAAAAAAAAAAAAAAAAAAAAAAAAAAAAAAAAAAAAAAAAAAAAAAAAAAAAAAAAAAAAAAAAAAAAAAAAAAAAAAAAAAAAAAAAAAAAAAAAAAAAAAAAAAAAAAAAAAAAAAAAAAAAAAAAAAAAAAAAAAAAAAAAAAAAAAAAAAAAAAAAAAAAAAAAAAAAAAAAAAAAAAAAAAAAAAAAAAAAAAAAAAAAAAAAAAAAAAAAAAAAAAAAAAAAAAAAAAAAAAAAAAAAAAAAAAAAAAAAAAAAAAAAAAAAAAAAAAAAAAAAAAAAAAAAAAAAAAAAAAAAAAAAAAAAAAAAAAAAAAAAAAAAAAAAAAAAAAAAAAAAAAAAAAAAAAAAAAAAAAAAAAAAAAAAAAAAAAAAAAAAAAAAAAAAAAAAAAAAAAAAAAAAAAAAAAAAAAAAAAAAAAAAAAAAAAAAAAAAAAAAAAAAAAAAAAAAAAAAAAAAAAAAAAAAAAAAAAAAAAAAAAAAAAAAAAAAAAAAAAAAAAAAAAAAAAAAAAAAAAAAAAAAAAAAAAAAAAAAAAAAAAAAAAAAAAAAAAAAAAAAAAAAAAAAAAAAAAAAAAAAAAAAAAAAAAAAAAAAAAAAAAAAAAAAAAAAAAAAAAAAAAAAAAAAAAAAAAAAAAAAAAAAAAAAAAAAAAAAAAAAAAAAAAAAAAAAAAAAAAAAAAAAAAAAAAAAAAAAAAAAAAAAAAAAAAAAAAAAAAAAAAAAAAAAAAAAAAAAAAAAAAAAAAAAAAAAAAAAAAAAAAAAAAAAAAAAAAAAAAAAAAAAAAAAAAAAAAAAAAAAAAAAAAAAAAAAAAAAAAAAAAAAAAAAAAAAAAAAAAAAAAAAAAAAAAAAAAAAAAAAAAAAAAAAAAAAAAAAAAAAAAAAAAAAAAAAAAAAAAAAAAAAAAAAAAAAAAAAAAAAAAAAAAAAAAAAAAAAAAAAAAAAAAAAAAAAAAAAAAAAAAAAAAAAAAAAAAAAAAAAAAAAAAAAAAAAAAAAAAAAAAAAAAAAAAAAAAAAAAAAAAAAAAAAAAAAAAAAAAAAAAAAAAAAAAAAAAAAAAAAAAAAAAAAAAAAAAAAAAAAAAAAAAAAAAAAAAAAAAAAAAAAAAAAAAAAAAAAAAAAAAAAAAAAAAAAAAAAAAAAAAAAAAAAAAAAAAAAAAAAAAAAAAAAAAAAAAAAAAAAAAAAAAAAAAAAAAAAAAAAAAAAAAAAAAAAAAAAAAAAAAAAAAAAAAAAAAAAAAAAAAAAAAAAAAAAAAAAAAAAAAAAAAAAAAAAAAAAAAAAAAAAAAAAAAAAAAAAAAAAAAAAAAAAAAAAAAA","href":null}],"language":"python"}}],"next_cursor":null,"has_more":false,"type":"block","block":{},"request_id":"b1e969ba-7349-465d-8221-804787bbad9b"}'
    headers:
      CF-Cache-Status:
      - DYNAMIC
      CF-Ray:
      - 996bfdf8acb39766-FRA
      Connection:
      - keep-alive
      Content-Encoding:
      - gzip
      Content-Type:
      - application/json; charset=utf-8
      Server:
      - cloudflare
      Strict-Transport-Security:
      - max-age=31536000; includeSubDomains; preload
      Transfer-Encoding:
      - chunked
      Vary:
      - Accept-Encoding
      alt-svc:
      - h3=":443"; ma=86400
      content-security-policy:
      - default-src 'none'
      referrer-policy:
      - strict-origin-when-cross-origin
      x-content-type-options:
      - nosniff
      x-dns-prefetch-control:
      - 'off'
      x-download-options:
      - noopen
      x-frame-options:
      - SAMEORIGIN
      x-notion-request-id:
      - b1e969ba-7349-465d-8221-804787bbad9b
      x-permitted-cross-domain-policies:
      - none
      x-xss-protection:
      - '0'
    http_version: HTTP/1.1
    status_code: 200
version: 1
