interactions:
- request:
    body: '{"parent": {"type": "page_id", "page_id": "5f505199-b292-4713-920b-61d813bf72a3"},
      "properties": {"title": {"type": "title", "title": [{"type": "text", "plain_text":
      "Page for inserting after and replacing blocks", "annotations": {"bold": false,
      "italic": false, "strikethrough": false, "underline": false, "code": false,
      "color": "default"}, "text": {"content": "Page for inserting after and replacing
      blocks"}}]}}}'
    headers:
      accept:
      - '*/*'
      accept-encoding:
      - gzip, deflate
      authorization:
      - secret...
      connection:
      - keep-alive
      content-length:
      - '416'
      content-type:
      - application/json
      cookie:
      - secret...
      host:
      - api.notion.com
      notion-version:
      - '2022-06-28'
      user-agent:
      - secret...
    method: POST
    uri: https://api.notion.com/v1/pages
  response:
    content: '{"object":"page","id":"158974f3-b388-81e8-8d83-ca1f067b8ce7","created_time":"2024-12-10T10:40:00.000Z","last_edited_time":"2024-12-10T10:40:00.000Z","created_by":{"object":"user","id":"645e79dd-3e43-40de-9d51-39357c1c427f"},"last_edited_by":{"object":"user","id":"645e79dd-3e43-40de-9d51-39357c1c427f"},"cover":null,"icon":null,"parent":{"type":"page_id","page_id":"5f505199-b292-4713-920b-61d813bf72a3"},"archived":false,"in_trash":false,"properties":{"title":{"id":"title","type":"title","title":[{"type":"text","text":{"content":"Page
      for inserting after and replacing blocks","link":null},"annotations":{"bold":false,"italic":false,"strikethrough":false,"underline":false,"code":false,"color":"default"},"plain_text":"Page
      for inserting after and replacing blocks","href":null}]}},"url":"https://www.notion.so/Page-for-inserting-after-and-replacing-blocks-158974f3b38881e88d83ca1f067b8ce7","public_url":null,"request_id":"c6d0d7fb-22b3-4ddc-9b95-ae273cebe0a0"}'
    headers:
      CF-Cache-Status:
      - DYNAMIC
      CF-Ray:
      - 8efc9dbd58093816-FRA
      Connection:
      - keep-alive
      Content-Encoding:
      - gzip
      Content-Type:
      - application/json; charset=utf-8
      Server:
      - cloudflare
      Strict-Transport-Security:
      - max-age=31536000; includeSubDomains; preload
      Transfer-Encoding:
      - chunked
      Vary:
      - Accept-Encoding
      content-security-policy:
      - default-src 'none'
      referrer-policy:
      - strict-origin-when-cross-origin
      x-content-type-options:
      - nosniff
      x-dns-prefetch-control:
      - 'off'
      x-download-options:
      - noopen
      x-frame-options:
      - SAMEORIGIN
      x-notion-request-id:
      - c6d0d7fb-22b3-4ddc-9b95-ae273cebe0a0
      x-permitted-cross-domain-policies:
      - none
      x-xss-protection:
      - '0'
    http_version: HTTP/1.1
    status_code: 200
- request:
    body: ''
    headers:
      accept:
      - '*/*'
      accept-encoding:
      - gzip, deflate
      authorization:
      - secret...
      connection:
      - keep-alive
      cookie:
      - secret...
      host:
      - api.notion.com
      notion-version:
      - '2022-06-28'
      user-agent:
      - secret...
    method: GET
    uri: https://api.notion.com/v1/pages/5f505199-b292-4713-920b-61d813bf72a3
  response:
    content: '{"object":"page","id":"5f505199-b292-4713-920b-61d813bf72a3","created_time":"2022-08-22T15:47:00.000Z","last_edited_time":"2024-12-10T10:40:00.000Z","created_by":{"object":"user","id":"b10cb6df-12ef-44d3-88ad-250168f66322"},"last_edited_by":{"object":"user","id":"645e79dd-3e43-40de-9d51-39357c1c427f"},"cover":null,"icon":null,"parent":{"type":"workspace","workspace":true},"archived":false,"in_trash":false,"properties":{"title":{"id":"title","type":"title","title":[{"type":"text","text":{"content":"Tests","link":null},"annotations":{"bold":false,"italic":false,"strikethrough":false,"underline":false,"code":false,"color":"default"},"plain_text":"Tests","href":null}]}},"url":"https://www.notion.so/Tests-5f505199b2924713920b61d813bf72a3","public_url":null,"request_id":"df4c1d4f-a8f5-449d-9c30-1d47dfac0084"}'
    headers:
      CF-Cache-Status:
      - DYNAMIC
      CF-Ray:
      - 8efc9dc618523816-FRA
      Connection:
      - keep-alive
      Content-Encoding:
      - gzip
      Content-Type:
      - application/json; charset=utf-8
      Server:
      - cloudflare
      Strict-Transport-Security:
      - max-age=31536000; includeSubDomains; preload
      Transfer-Encoding:
      - chunked
      Vary:
      - Accept-Encoding
      content-security-policy:
      - default-src 'none'
      referrer-policy:
      - strict-origin-when-cross-origin
      x-content-type-options:
      - nosniff
      x-dns-prefetch-control:
      - 'off'
      x-download-options:
      - noopen
      x-frame-options:
      - SAMEORIGIN
      x-notion-request-id:
      - df4c1d4f-a8f5-449d-9c30-1d47dfac0084
      x-permitted-cross-domain-policies:
      - none
      x-xss-protection:
      - '0'
    http_version: HTTP/1.1
    status_code: 200
- request:
    body: '{"parent": {"type": "page_id", "page_id": "5f505199-b292-4713-920b-61d813bf72a3"},
      "properties": {"title": {"type": "title", "title": [{"type": "text", "plain_text":
      "Original Target", "annotations": {"bold": false, "italic": false, "strikethrough":
      false, "underline": false, "code": false, "color": "default"}, "text": {"content":
      "Original Target"}}]}}}'
    headers:
      accept:
      - '*/*'
      accept-encoding:
      - gzip, deflate
      authorization:
      - secret...
      connection:
      - keep-alive
      content-length:
      - '356'
      content-type:
      - application/json
      cookie:
      - secret...
      host:
      - api.notion.com
      notion-version:
      - '2022-06-28'
      user-agent:
      - secret...
    method: POST
    uri: https://api.notion.com/v1/pages
  response:
    content: '{"object":"page","id":"158974f3-b388-812a-b188-f33b18a46273","created_time":"2024-12-10T10:40:00.000Z","last_edited_time":"2024-12-10T10:40:00.000Z","created_by":{"object":"user","id":"645e79dd-3e43-40de-9d51-39357c1c427f"},"last_edited_by":{"object":"user","id":"645e79dd-3e43-40de-9d51-39357c1c427f"},"cover":null,"icon":null,"parent":{"type":"page_id","page_id":"5f505199-b292-4713-920b-61d813bf72a3"},"archived":false,"in_trash":false,"properties":{"title":{"id":"title","type":"title","title":[{"type":"text","text":{"content":"Original
      Target","link":null},"annotations":{"bold":false,"italic":false,"strikethrough":false,"underline":false,"code":false,"color":"default"},"plain_text":"Original
      Target","href":null}]}},"url":"https://www.notion.so/Original-Target-158974f3b388812ab188f33b18a46273","public_url":null,"request_id":"1d7e5587-c3e9-418a-a43f-1a64e9bb44f8"}'
    headers:
      CF-Cache-Status:
      - DYNAMIC
      CF-Ray:
      - 8efc9dcb7d1f3816-FRA
      Connection:
      - keep-alive
      Content-Encoding:
      - gzip
      Content-Type:
      - application/json; charset=utf-8
      Server:
      - cloudflare
      Strict-Transport-Security:
      - max-age=31536000; includeSubDomains; preload
      Transfer-Encoding:
      - chunked
      Vary:
      - Accept-Encoding
      content-security-policy:
      - default-src 'none'
      referrer-policy:
      - strict-origin-when-cross-origin
      x-content-type-options:
      - nosniff
      x-dns-prefetch-control:
      - 'off'
      x-download-options:
      - noopen
      x-frame-options:
      - SAMEORIGIN
      x-notion-request-id:
      - 1d7e5587-c3e9-418a-a43f-1a64e9bb44f8
      x-permitted-cross-domain-policies:
      - none
      x-xss-protection:
      - '0'
    http_version: HTTP/1.1
    status_code: 200
- request:
    body: '{"parent": {"type": "page_id", "page_id": "5f505199-b292-4713-920b-61d813bf72a3"},
      "properties": {"title": {"type": "title", "title": [{"type": "text", "plain_text":
      "New Target", "annotations": {"bold": false, "italic": false, "strikethrough":
      false, "underline": false, "code": false, "color": "default"}, "text": {"content":
      "New Target"}}]}}}'
    headers:
      accept:
      - '*/*'
      accept-encoding:
      - gzip, deflate
      authorization:
      - secret...
      connection:
      - keep-alive
      content-length:
      - '346'
      content-type:
      - application/json
      cookie:
      - secret...
      host:
      - api.notion.com
      notion-version:
      - '2022-06-28'
      user-agent:
      - secret...
    method: POST
    uri: https://api.notion.com/v1/pages
  response:
    content: '{"object":"page","id":"158974f3-b388-8115-b2e4-d2e2d4ff7f5c","created_time":"2024-12-10T10:40:00.000Z","last_edited_time":"2024-12-10T10:40:00.000Z","created_by":{"object":"user","id":"645e79dd-3e43-40de-9d51-39357c1c427f"},"last_edited_by":{"object":"user","id":"645e79dd-3e43-40de-9d51-39357c1c427f"},"cover":null,"icon":null,"parent":{"type":"page_id","page_id":"5f505199-b292-4713-920b-61d813bf72a3"},"archived":false,"in_trash":false,"properties":{"title":{"id":"title","type":"title","title":[{"type":"text","text":{"content":"New
      Target","link":null},"annotations":{"bold":false,"italic":false,"strikethrough":false,"underline":false,"code":false,"color":"default"},"plain_text":"New
      Target","href":null}]}},"url":"https://www.notion.so/New-Target-158974f3b3888115b2e4d2e2d4ff7f5c","public_url":null,"request_id":"870f7067-db5a-4aca-8e4b-b4e532b351e0"}'
    headers:
      CF-Cache-Status:
      - DYNAMIC
      CF-Ray:
      - 8efc9dcef89d3816-FRA
      Connection:
      - keep-alive
      Content-Encoding:
      - gzip
      Content-Type:
      - application/json; charset=utf-8
      Server:
      - cloudflare
      Strict-Transport-Security:
      - max-age=31536000; includeSubDomains; preload
      Transfer-Encoding:
      - chunked
      Vary:
      - Accept-Encoding
      content-security-policy:
      - default-src 'none'
      referrer-policy:
      - strict-origin-when-cross-origin
      x-content-type-options:
      - nosniff
      x-dns-prefetch-control:
      - 'off'
      x-download-options:
      - noopen
      x-frame-options:
      - SAMEORIGIN
      x-notion-request-id:
      - 870f7067-db5a-4aca-8e4b-b4e532b351e0
      x-permitted-cross-domain-policies:
      - none
      x-xss-protection:
      - '0'
    http_version: HTTP/1.1
    status_code: 200
- request:
    body: ''
    headers:
      accept:
      - '*/*'
      accept-encoding:
      - gzip, deflate
      authorization:
      - secret...
      connection:
      - keep-alive
      cookie:
      - secret...
      host:
      - api.notion.com
      notion-version:
      - '2022-06-28'
      user-agent:
      - secret...
    method: GET
    uri: https://api.notion.com/v1/blocks/158974f3-b388-81e8-8d83-ca1f067b8ce7/children?page_size=100
  response:
    content: '{"object":"list","results":[],"next_cursor":null,"has_more":false,"type":"block","block":{},"request_id":"8317deab-9fb4-4db6-9f52-c9873c6265b9"}'
    headers:
      CF-Cache-Status:
      - DYNAMIC
      CF-Ray:
      - 8efc9dd688033816-FRA
      Connection:
      - keep-alive
      Content-Encoding:
      - gzip
      Content-Type:
      - application/json; charset=utf-8
      Server:
      - cloudflare
      Strict-Transport-Security:
      - max-age=31536000; includeSubDomains; preload
      Transfer-Encoding:
      - chunked
      Vary:
      - Accept-Encoding
      content-security-policy:
      - default-src 'none'
      referrer-policy:
      - strict-origin-when-cross-origin
      x-content-type-options:
      - nosniff
      x-dns-prefetch-control:
      - 'off'
      x-download-options:
      - noopen
      x-frame-options:
      - SAMEORIGIN
      x-notion-request-id:
      - 8317deab-9fb4-4db6-9f52-c9873c6265b9
      x-permitted-cross-domain-policies:
      - none
      x-xss-protection:
      - '0'
    http_version: HTTP/1.1
    status_code: 200
- request:
    body: '{"children": [{"type": "heading_1", "object": "block", "has_children":
      false, "in_trash": false, "archived": false, "heading_1": {"rich_text": [{"type":
      "text", "plain_text": "My new page", "annotations": {"bold": false, "italic":
      false, "strikethrough": false, "underline": false, "code": false, "color": "default"},
      "text": {"content": "My new page"}}], "color": "default", "is_toggleable": false}},
      {"type": "link_to_page", "object": "block", "has_children": false, "in_trash":
      false, "archived": false, "link_to_page": {"type": "page_id", "page_id": "158974f3-b388-812a-b188-f33b18a46273"}}]}'
    headers:
      accept:
      - '*/*'
      accept-encoding:
      - gzip, deflate
      authorization:
      - secret...
      connection:
      - keep-alive
      content-length:
      - '596'
      content-type:
      - application/json
      cookie:
      - secret...
      host:
      - api.notion.com
      notion-version:
      - '2022-06-28'
      user-agent:
      - secret...
    method: PATCH
    uri: https://api.notion.com/v1/blocks/158974f3-b388-81e8-8d83-ca1f067b8ce7/children
  response:
    content: '{"object":"list","results":[{"object":"block","id":"158974f3-b388-8166-90e9-eede85b934b1","parent":{"type":"page_id","page_id":"158974f3-b388-81e8-8d83-ca1f067b8ce7"},"created_time":"2024-12-10T10:40:00.000Z","last_edited_time":"2024-12-10T10:40:00.000Z","created_by":{"object":"user","id":"645e79dd-3e43-40de-9d51-39357c1c427f"},"last_edited_by":{"object":"user","id":"645e79dd-3e43-40de-9d51-39357c1c427f"},"has_children":false,"archived":false,"in_trash":false,"type":"heading_1","heading_1":{"rich_text":[{"type":"text","text":{"content":"My
      new page","link":null},"annotations":{"bold":false,"italic":false,"strikethrough":false,"underline":false,"code":false,"color":"default"},"plain_text":"My
      new page","href":null}],"is_toggleable":false,"color":"default"}},{"object":"block","id":"158974f3-b388-8101-9f47-cbda5bbeb94d","parent":{"type":"page_id","page_id":"158974f3-b388-81e8-8d83-ca1f067b8ce7"},"created_time":"2024-12-10T10:40:00.000Z","last_edited_time":"2024-12-10T10:40:00.000Z","created_by":{"object":"user","id":"645e79dd-3e43-40de-9d51-39357c1c427f"},"last_edited_by":{"object":"user","id":"645e79dd-3e43-40de-9d51-39357c1c427f"},"has_children":false,"archived":false,"in_trash":false,"type":"link_to_page","link_to_page":{"type":"page_id","page_id":"158974f3-b388-812a-b188-f33b18a46273"}}],"next_cursor":null,"has_more":false,"type":"block","block":{},"request_id":"8e5a0313-6512-415a-8d10-7da18a14df9f"}'
    headers:
      CF-Cache-Status:
      - DYNAMIC
      CF-Ray:
      - 8efc9dd9db353816-FRA
      Connection:
      - keep-alive
      Content-Encoding:
      - gzip
      Content-Type:
      - application/json; charset=utf-8
      Server:
      - cloudflare
      Strict-Transport-Security:
      - max-age=31536000; includeSubDomains; preload
      Transfer-Encoding:
      - chunked
      Vary:
      - Accept-Encoding
      content-security-policy:
      - default-src 'none'
      referrer-policy:
      - strict-origin-when-cross-origin
      x-content-type-options:
      - nosniff
      x-dns-prefetch-control:
      - 'off'
      x-download-options:
      - noopen
      x-frame-options:
      - SAMEORIGIN
      x-notion-request-id:
      - 8e5a0313-6512-415a-8d10-7da18a14df9f
      x-permitted-cross-domain-policies:
      - none
      x-xss-protection:
      - '0'
    http_version: HTTP/1.1
    status_code: 200
- request:
    body: '{"children": [{"type": "paragraph", "object": "block", "has_children":
      false, "in_trash": false, "archived": false, "paragraph": {"rich_text": [{"type":
      "text", "plain_text": "This is a paragraph", "annotations": {"bold": false,
      "italic": false, "strikethrough": false, "underline": false, "code": false,
      "color": "default"}, "text": {"content": "This is a paragraph"}}], "children":
      [], "color": "default"}}], "after": "158974f3-b388-8166-90e9-eede85b934b1"}'
    headers:
      accept:
      - '*/*'
      accept-encoding:
      - gzip, deflate
      authorization:
      - secret...
      connection:
      - keep-alive
      content-length:
      - '459'
      content-type:
      - application/json
      cookie:
      - secret...
      host:
      - api.notion.com
      notion-version:
      - '2022-06-28'
      user-agent:
      - secret...
    method: PATCH
    uri: https://api.notion.com/v1/blocks/158974f3-b388-81e8-8d83-ca1f067b8ce7/children
  response:
    content: '{"object":"list","results":[{"object":"block","id":"158974f3-b388-818d-9ab2-ea470176b6c7","parent":{"type":"page_id","page_id":"158974f3-b388-81e8-8d83-ca1f067b8ce7"},"created_time":"2024-12-10T10:40:00.000Z","last_edited_time":"2024-12-10T10:40:00.000Z","created_by":{"object":"user","id":"645e79dd-3e43-40de-9d51-39357c1c427f"},"last_edited_by":{"object":"user","id":"645e79dd-3e43-40de-9d51-39357c1c427f"},"has_children":false,"archived":false,"in_trash":false,"type":"paragraph","paragraph":{"rich_text":[{"type":"text","text":{"content":"This
      is a paragraph","link":null},"annotations":{"bold":false,"italic":false,"strikethrough":false,"underline":false,"code":false,"color":"default"},"plain_text":"This
      is a paragraph","href":null}],"color":"default"}},{"object":"block","id":"158974f3-b388-8101-9f47-cbda5bbeb94d","parent":{"type":"page_id","page_id":"158974f3-b388-81e8-8d83-ca1f067b8ce7"},"created_time":"2024-12-10T10:40:00.000Z","last_edited_time":"2024-12-10T10:40:00.000Z","created_by":{"object":"user","id":"645e79dd-3e43-40de-9d51-39357c1c427f"},"last_edited_by":{"object":"user","id":"645e79dd-3e43-40de-9d51-39357c1c427f"},"has_children":false,"archived":false,"in_trash":false,"type":"link_to_page","link_to_page":{"type":"page_id","page_id":"158974f3-b388-812a-b188-f33b18a46273"}}],"next_cursor":null,"has_more":false,"type":"block","block":{},"request_id":"c934d889-f560-446e-b71f-7d3d30461ba2"}'
    headers:
      CF-Cache-Status:
      - DYNAMIC
      CF-Ray:
      - 8efc9de25bc63816-FRA
      Connection:
      - keep-alive
      Content-Encoding:
      - gzip
      Content-Type:
      - application/json; charset=utf-8
      Server:
      - cloudflare
      Strict-Transport-Security:
      - max-age=31536000; includeSubDomains; preload
      Transfer-Encoding:
      - chunked
      Vary:
      - Accept-Encoding
      content-security-policy:
      - default-src 'none'
      referrer-policy:
      - strict-origin-when-cross-origin
      x-content-type-options:
      - nosniff
      x-dns-prefetch-control:
      - 'off'
      x-download-options:
      - noopen
      x-frame-options:
      - SAMEORIGIN
      x-notion-request-id:
      - c934d889-f560-446e-b71f-7d3d30461ba2
      x-permitted-cross-domain-policies:
      - none
      x-xss-protection:
      - '0'
    http_version: HTTP/1.1
    status_code: 200
- request:
    body: '{"children": [{"type": "link_to_page", "object": "block", "has_children":
      false, "in_trash": false, "archived": false, "link_to_page": {"type": "page_id",
      "page_id": "158974f3-b388-8115-b2e4-d2e2d4ff7f5c"}}], "after": "158974f3-b388-8101-9f47-cbda5bbeb94d"}'
    headers:
      accept:
      - '*/*'
      accept-encoding:
      - gzip, deflate
      authorization:
      - secret...
      connection:
      - keep-alive
      content-length:
      - '257'
      content-type:
      - application/json
      cookie:
      - secret...
      host:
      - api.notion.com
      notion-version:
      - '2022-06-28'
      user-agent:
      - secret...
    method: PATCH
    uri: https://api.notion.com/v1/blocks/158974f3-b388-81e8-8d83-ca1f067b8ce7/children
  response:
    content: '{"object":"list","results":[{"object":"block","id":"158974f3-b388-813c-ab8c-fc95b605869e","parent":{"type":"page_id","page_id":"158974f3-b388-81e8-8d83-ca1f067b8ce7"},"created_time":"2024-12-10T10:40:00.000Z","last_edited_time":"2024-12-10T10:40:00.000Z","created_by":{"object":"user","id":"645e79dd-3e43-40de-9d51-39357c1c427f"},"last_edited_by":{"object":"user","id":"645e79dd-3e43-40de-9d51-39357c1c427f"},"has_children":false,"archived":false,"in_trash":false,"type":"link_to_page","link_to_page":{"type":"page_id","page_id":"158974f3-b388-8115-b2e4-d2e2d4ff7f5c"}}],"next_cursor":null,"has_more":false,"type":"block","block":{},"request_id":"29f85b5e-b988-4f31-a80c-a2c6cbba61c9"}'
    headers:
      CF-Cache-Status:
      - DYNAMIC
      CF-Ray:
      - 8efc9de809123816-FRA
      Connection:
      - keep-alive
      Content-Encoding:
      - gzip
      Content-Type:
      - application/json; charset=utf-8
      Server:
      - cloudflare
      Strict-Transport-Security:
      - max-age=31536000; includeSubDomains; preload
      Transfer-Encoding:
      - chunked
      Vary:
      - Accept-Encoding
      content-security-policy:
      - default-src 'none'
      referrer-policy:
      - strict-origin-when-cross-origin
      x-content-type-options:
      - nosniff
      x-dns-prefetch-control:
      - 'off'
      x-download-options:
      - noopen
      x-frame-options:
      - SAMEORIGIN
      x-notion-request-id:
      - 29f85b5e-b988-4f31-a80c-a2c6cbba61c9
      x-permitted-cross-domain-policies:
      - none
      x-xss-protection:
      - '0'
    http_version: HTTP/1.1
    status_code: 200
- request:
    body: ''
    headers:
      accept:
      - '*/*'
      accept-encoding:
      - gzip, deflate
      authorization:
      - secret...
      connection:
      - keep-alive
      cookie:
      - secret...
      host:
      - api.notion.com
      notion-version:
      - '2022-06-28'
      user-agent:
      - secret...
    method: DELETE
    uri: https://api.notion.com/v1/blocks/158974f3-b388-8101-9f47-cbda5bbeb94d
  response:
    content: '{"object":"block","id":"158974f3-b388-8101-9f47-cbda5bbeb94d","parent":{"type":"page_id","page_id":"158974f3-b388-81e8-8d83-ca1f067b8ce7"},"created_time":"2024-12-10T10:40:00.000Z","last_edited_time":"2024-12-10T10:40:00.000Z","created_by":{"object":"user","id":"645e79dd-3e43-40de-9d51-39357c1c427f"},"last_edited_by":{"object":"user","id":"645e79dd-3e43-40de-9d51-39357c1c427f"},"has_children":false,"archived":true,"in_trash":true,"type":"link_to_page","link_to_page":{"type":"page_id","page_id":"158974f3-b388-812a-b188-f33b18a46273"},"request_id":"330d7fe6-5dbc-4969-84b3-5295956ad179"}'
    headers:
      CF-Cache-Status:
      - DYNAMIC
      CF-Ray:
      - 8efc9ded9e2d3816-FRA
      Connection:
      - keep-alive
      Content-Encoding:
      - gzip
      Content-Type:
      - application/json; charset=utf-8
      Server:
      - cloudflare
      Strict-Transport-Security:
      - max-age=31536000; includeSubDomains; preload
      Transfer-Encoding:
      - chunked
      Vary:
      - Accept-Encoding
      content-security-policy:
      - default-src 'none'
      referrer-policy:
      - strict-origin-when-cross-origin
      x-content-type-options:
      - nosniff
      x-dns-prefetch-control:
      - 'off'
      x-download-options:
      - noopen
      x-frame-options:
      - SAMEORIGIN
      x-notion-request-id:
      - 330d7fe6-5dbc-4969-84b3-5295956ad179
      x-permitted-cross-domain-policies:
      - none
      x-xss-protection:
      - '0'
    http_version: HTTP/1.1
    status_code: 200
- request:
    body: ''
    headers:
      accept:
      - '*/*'
      accept-encoding:
      - gzip, deflate
      authorization:
      - secret...
      connection:
      - keep-alive
      cookie:
      - secret...
      host:
      - api.notion.com
      notion-version:
      - '2022-06-28'
      user-agent:
      - secret...
    method: GET
    uri: https://api.notion.com/v1/pages/158974f3-b388-81e8-8d83-ca1f067b8ce7
  response:
    content: '{"object":"page","id":"158974f3-b388-81e8-8d83-ca1f067b8ce7","created_time":"2024-12-10T10:40:00.000Z","last_edited_time":"2024-12-10T10:40:00.000Z","created_by":{"object":"user","id":"645e79dd-3e43-40de-9d51-39357c1c427f"},"last_edited_by":{"object":"user","id":"645e79dd-3e43-40de-9d51-39357c1c427f"},"cover":null,"icon":null,"parent":{"type":"page_id","page_id":"5f505199-b292-4713-920b-61d813bf72a3"},"archived":false,"in_trash":false,"properties":{"title":{"id":"title","type":"title","title":[{"type":"text","text":{"content":"Page
      for inserting after and replacing blocks","link":null},"annotations":{"bold":false,"italic":false,"strikethrough":false,"underline":false,"code":false,"color":"default"},"plain_text":"Page
      for inserting after and replacing blocks","href":null}]}},"url":"https://www.notion.so/Page-for-inserting-after-and-replacing-blocks-158974f3b38881e88d83ca1f067b8ce7","public_url":null,"request_id":"a23fd18b-9ad9-422e-9e5d-042ce64f9f7f"}'
    headers:
      CF-Cache-Status:
      - DYNAMIC
      CF-Ray:
      - 8efc9df55d8e3816-FRA
      Connection:
      - keep-alive
      Content-Encoding:
      - gzip
      Content-Type:
      - application/json; charset=utf-8
      Server:
      - cloudflare
      Strict-Transport-Security:
      - max-age=31536000; includeSubDomains; preload
      Transfer-Encoding:
      - chunked
      Vary:
      - Accept-Encoding
      content-security-policy:
      - default-src 'none'
      referrer-policy:
      - strict-origin-when-cross-origin
      x-content-type-options:
      - nosniff
      x-dns-prefetch-control:
      - 'off'
      x-download-options:
      - noopen
      x-frame-options:
      - SAMEORIGIN
      x-notion-request-id:
      - a23fd18b-9ad9-422e-9e5d-042ce64f9f7f
      x-permitted-cross-domain-policies:
      - none
      x-xss-protection:
      - '0'
    http_version: HTTP/1.1
    status_code: 200
- request:
    body: ''
    headers:
      accept:
      - '*/*'
      accept-encoding:
      - gzip, deflate
      authorization:
      - secret...
      connection:
      - keep-alive
      cookie:
      - secret...
      host:
      - api.notion.com
      notion-version:
      - '2022-06-28'
      user-agent:
      - secret...
    method: GET
    uri: https://api.notion.com/v1/blocks/158974f3-b388-81e8-8d83-ca1f067b8ce7/children?page_size=100
  response:
    content: '{"object":"list","results":[{"object":"block","id":"158974f3-b388-8166-90e9-eede85b934b1","parent":{"type":"page_id","page_id":"158974f3-b388-81e8-8d83-ca1f067b8ce7"},"created_time":"2024-12-10T10:40:00.000Z","last_edited_time":"2024-12-10T10:40:00.000Z","created_by":{"object":"user","id":"645e79dd-3e43-40de-9d51-39357c1c427f"},"last_edited_by":{"object":"user","id":"645e79dd-3e43-40de-9d51-39357c1c427f"},"has_children":false,"archived":false,"in_trash":false,"type":"heading_1","heading_1":{"rich_text":[{"type":"text","text":{"content":"My
      new page","link":null},"annotations":{"bold":false,"italic":false,"strikethrough":false,"underline":false,"code":false,"color":"default"},"plain_text":"My
      new page","href":null}],"is_toggleable":false,"color":"default"}},{"object":"block","id":"158974f3-b388-818d-9ab2-ea470176b6c7","parent":{"type":"page_id","page_id":"158974f3-b388-81e8-8d83-ca1f067b8ce7"},"created_time":"2024-12-10T10:40:00.000Z","last_edited_time":"2024-12-10T10:40:00.000Z","created_by":{"object":"user","id":"645e79dd-3e43-40de-9d51-39357c1c427f"},"last_edited_by":{"object":"user","id":"645e79dd-3e43-40de-9d51-39357c1c427f"},"has_children":false,"archived":false,"in_trash":false,"type":"paragraph","paragraph":{"rich_text":[{"type":"text","text":{"content":"This
      is a paragraph","link":null},"annotations":{"bold":false,"italic":false,"strikethrough":false,"underline":false,"code":false,"color":"default"},"plain_text":"This
      is a paragraph","href":null}],"color":"default"}},{"object":"block","id":"158974f3-b388-813c-ab8c-fc95b605869e","parent":{"type":"page_id","page_id":"158974f3-b388-81e8-8d83-ca1f067b8ce7"},"created_time":"2024-12-10T10:40:00.000Z","last_edited_time":"2024-12-10T10:40:00.000Z","created_by":{"object":"user","id":"645e79dd-3e43-40de-9d51-39357c1c427f"},"last_edited_by":{"object":"user","id":"645e79dd-3e43-40de-9d51-39357c1c427f"},"has_children":false,"archived":false,"in_trash":false,"type":"link_to_page","link_to_page":{"type":"page_id","page_id":"158974f3-b388-8115-b2e4-d2e2d4ff7f5c"}}],"next_cursor":null,"has_more":false,"type":"block","block":{},"request_id":"eae08738-fd72-4f7d-98a3-3475136585fa"}'
    headers:
      CF-Cache-Status:
      - DYNAMIC
      CF-Ray:
      - 8efc9df878cc3816-FRA
      Connection:
      - keep-alive
      Content-Encoding:
      - gzip
      Content-Type:
      - application/json; charset=utf-8
      Server:
      - cloudflare
      Strict-Transport-Security:
      - max-age=31536000; includeSubDomains; preload
      Transfer-Encoding:
      - chunked
      Vary:
      - Accept-Encoding
      content-security-policy:
      - default-src 'none'
      referrer-policy:
      - strict-origin-when-cross-origin
      x-content-type-options:
      - nosniff
      x-dns-prefetch-control:
      - 'off'
      x-download-options:
      - noopen
      x-frame-options:
      - SAMEORIGIN
      x-notion-request-id:
      - eae08738-fd72-4f7d-98a3-3475136585fa
      x-permitted-cross-domain-policies:
      - none
      x-xss-protection:
      - '0'
    http_version: HTTP/1.1
    status_code: 200
- request:
    body: '{"children": [{"type": "table", "object": "block", "has_children": true,
      "in_trash": false, "archived": false, "table": {"table_width": 2, "has_column_header":
      false, "has_row_header": false, "children": [{"type": "table_row", "object":
      "block", "has_children": false, "in_trash": false, "archived": false, "table_row":
      {"cells": [[], []]}}, {"type": "table_row", "object": "block", "has_children":
      false, "in_trash": false, "archived": false, "table_row": {"cells": [[], []]}}]}}],
      "after": "158974f3-b388-818d-9ab2-ea470176b6c7"}'
    headers:
      accept:
      - '*/*'
      accept-encoding:
      - gzip, deflate
      authorization:
      - secret...
      connection:
      - keep-alive
      content-length:
      - '531'
      content-type:
      - application/json
      cookie:
      - secret...
      host:
      - api.notion.com
      notion-version:
      - '2022-06-28'
      user-agent:
      - secret...
    method: PATCH
    uri: https://api.notion.com/v1/blocks/158974f3-b388-81e8-8d83-ca1f067b8ce7/children
  response:
    content: '{"object":"list","results":[{"object":"block","id":"158974f3-b388-8130-b36b-fce3dc09629a","parent":{"type":"page_id","page_id":"158974f3-b388-81e8-8d83-ca1f067b8ce7"},"created_time":"2024-12-10T10:40:00.000Z","last_edited_time":"2024-12-10T10:40:00.000Z","created_by":{"object":"user","id":"645e79dd-3e43-40de-9d51-39357c1c427f"},"last_edited_by":{"object":"user","id":"645e79dd-3e43-40de-9d51-39357c1c427f"},"has_children":true,"archived":false,"in_trash":false,"type":"table","table":{"table_width":2,"has_column_header":false,"has_row_header":false}},{"object":"block","id":"158974f3-b388-813c-ab8c-fc95b605869e","parent":{"type":"page_id","page_id":"158974f3-b388-81e8-8d83-ca1f067b8ce7"},"created_time":"2024-12-10T10:40:00.000Z","last_edited_time":"2024-12-10T10:40:00.000Z","created_by":{"object":"user","id":"645e79dd-3e43-40de-9d51-39357c1c427f"},"last_edited_by":{"object":"user","id":"645e79dd-3e43-40de-9d51-39357c1c427f"},"has_children":false,"archived":false,"in_trash":false,"type":"link_to_page","link_to_page":{"type":"page_id","page_id":"158974f3-b388-8115-b2e4-d2e2d4ff7f5c"}}],"next_cursor":null,"has_more":false,"type":"block","block":{},"request_id":"5cd7ef46-1eca-4c78-ab3d-c60a728c4c7c"}'
    headers:
      CF-Cache-Status:
      - DYNAMIC
      CF-Ray:
      - 8efc9dfaaaff3816-FRA
      Connection:
      - keep-alive
      Content-Encoding:
      - gzip
      Content-Type:
      - application/json; charset=utf-8
      Server:
      - cloudflare
      Strict-Transport-Security:
      - max-age=31536000; includeSubDomains; preload
      Transfer-Encoding:
      - chunked
      Vary:
      - Accept-Encoding
      content-security-policy:
      - default-src 'none'
      referrer-policy:
      - strict-origin-when-cross-origin
      x-content-type-options:
      - nosniff
      x-dns-prefetch-control:
      - 'off'
      x-download-options:
      - noopen
      x-frame-options:
      - SAMEORIGIN
      x-notion-request-id:
      - 5cd7ef46-1eca-4c78-ab3d-c60a728c4c7c
      x-permitted-cross-domain-policies:
      - none
      x-xss-protection:
      - '0'
    http_version: HTTP/1.1
    status_code: 200
- request:
    body: '{"children": [{"type": "divider", "object": "block", "has_children": false,
      "in_trash": false, "archived": false, "divider": {}}], "after": "158974f3-b388-818d-9ab2-ea470176b6c7"}'
    headers:
      accept:
      - '*/*'
      accept-encoding:
      - gzip, deflate
      authorization:
      - secret...
      connection:
      - keep-alive
      content-length:
      - '179'
      content-type:
      - application/json
      cookie:
      - secret...
      host:
      - api.notion.com
      notion-version:
      - '2022-06-28'
      user-agent:
      - secret...
    method: PATCH
    uri: https://api.notion.com/v1/blocks/158974f3-b388-81e8-8d83-ca1f067b8ce7/children
  response:
    content: '{"object":"list","results":[{"object":"block","id":"158974f3-b388-81e9-9265-ecfbbceff743","parent":{"type":"page_id","page_id":"158974f3-b388-81e8-8d83-ca1f067b8ce7"},"created_time":"2024-12-10T10:40:00.000Z","last_edited_time":"2024-12-10T10:40:00.000Z","created_by":{"object":"user","id":"645e79dd-3e43-40de-9d51-39357c1c427f"},"last_edited_by":{"object":"user","id":"645e79dd-3e43-40de-9d51-39357c1c427f"},"has_children":false,"archived":false,"in_trash":false,"type":"divider","divider":{}},{"object":"block","id":"158974f3-b388-8130-b36b-fce3dc09629a","parent":{"type":"page_id","page_id":"158974f3-b388-81e8-8d83-ca1f067b8ce7"},"created_time":"2024-12-10T10:40:00.000Z","last_edited_time":"2024-12-10T10:40:00.000Z","created_by":{"object":"user","id":"645e79dd-3e43-40de-9d51-39357c1c427f"},"last_edited_by":{"object":"user","id":"645e79dd-3e43-40de-9d51-39357c1c427f"},"has_children":true,"archived":false,"in_trash":false,"type":"table","table":{"table_width":2,"has_column_header":false,"has_row_header":false}},{"object":"block","id":"158974f3-b388-813c-ab8c-fc95b605869e","parent":{"type":"page_id","page_id":"158974f3-b388-81e8-8d83-ca1f067b8ce7"},"created_time":"2024-12-10T10:40:00.000Z","last_edited_time":"2024-12-10T10:40:00.000Z","created_by":{"object":"user","id":"645e79dd-3e43-40de-9d51-39357c1c427f"},"last_edited_by":{"object":"user","id":"645e79dd-3e43-40de-9d51-39357c1c427f"},"has_children":false,"archived":false,"in_trash":false,"type":"link_to_page","link_to_page":{"type":"page_id","page_id":"158974f3-b388-8115-b2e4-d2e2d4ff7f5c"}}],"next_cursor":null,"has_more":false,"type":"block","block":{},"request_id":"882ac8ad-bf04-4ccc-992f-b3bdbe73ec55"}'
    headers:
      CF-Cache-Status:
      - DYNAMIC
      CF-Ray:
      - 8efc9e087fda3816-FRA
      Connection:
      - keep-alive
      Content-Encoding:
      - gzip
      Content-Type:
      - application/json; charset=utf-8
      Server:
      - cloudflare
      Strict-Transport-Security:
      - max-age=31536000; includeSubDomains; preload
      Transfer-Encoding:
      - chunked
      Vary:
      - Accept-Encoding
      content-security-policy:
      - default-src 'none'
      referrer-policy:
      - strict-origin-when-cross-origin
      x-content-type-options:
      - nosniff
      x-dns-prefetch-control:
      - 'off'
      x-download-options:
      - noopen
      x-frame-options:
      - SAMEORIGIN
      x-notion-request-id:
      - 882ac8ad-bf04-4ccc-992f-b3bdbe73ec55
      x-permitted-cross-domain-policies:
      - none
      x-xss-protection:
      - '0'
    http_version: HTTP/1.1
    status_code: 200
- request:
    body: ''
    headers:
      accept:
      - '*/*'
      accept-encoding:
      - gzip, deflate
      authorization:
      - secret...
      connection:
      - keep-alive
      cookie:
      - secret...
      host:
      - api.notion.com
      notion-version:
      - '2022-06-28'
      user-agent:
      - secret...
    method: GET
    uri: https://api.notion.com/v1/pages/158974f3-b388-81e8-8d83-ca1f067b8ce7
  response:
    content: '{"object":"page","id":"158974f3-b388-81e8-8d83-ca1f067b8ce7","created_time":"2024-12-10T10:40:00.000Z","last_edited_time":"2024-12-10T10:40:00.000Z","created_by":{"object":"user","id":"645e79dd-3e43-40de-9d51-39357c1c427f"},"last_edited_by":{"object":"user","id":"645e79dd-3e43-40de-9d51-39357c1c427f"},"cover":null,"icon":null,"parent":{"type":"page_id","page_id":"5f505199-b292-4713-920b-61d813bf72a3"},"archived":false,"in_trash":false,"properties":{"title":{"id":"title","type":"title","title":[{"type":"text","text":{"content":"Page
      for inserting after and replacing blocks","link":null},"annotations":{"bold":false,"italic":false,"strikethrough":false,"underline":false,"code":false,"color":"default"},"plain_text":"Page
      for inserting after and replacing blocks","href":null}]}},"url":"https://www.notion.so/Page-for-inserting-after-and-replacing-blocks-158974f3b38881e88d83ca1f067b8ce7","public_url":null,"request_id":"60b9ea8c-47c8-417d-ae4d-950bfb4b0c2e"}'
    headers:
      CF-Cache-Status:
      - DYNAMIC
      CF-Ray:
      - 8efc9e0cfc7c3816-FRA
      Connection:
      - keep-alive
      Content-Encoding:
      - gzip
      Content-Type:
      - application/json; charset=utf-8
      Server:
      - cloudflare
      Strict-Transport-Security:
      - max-age=31536000; includeSubDomains; preload
      Transfer-Encoding:
      - chunked
      Vary:
      - Accept-Encoding
      content-security-policy:
      - default-src 'none'
      referrer-policy:
      - strict-origin-when-cross-origin
      x-content-type-options:
      - nosniff
      x-dns-prefetch-control:
      - 'off'
      x-download-options:
      - noopen
      x-frame-options:
      - SAMEORIGIN
      x-notion-request-id:
      - 60b9ea8c-47c8-417d-ae4d-950bfb4b0c2e
      x-permitted-cross-domain-policies:
      - none
      x-xss-protection:
      - '0'
    http_version: HTTP/1.1
    status_code: 200
- request:
    body: ''
    headers:
      accept:
      - '*/*'
      accept-encoding:
      - gzip, deflate
      authorization:
      - secret...
      connection:
      - keep-alive
      cookie:
      - secret...
      host:
      - api.notion.com
      notion-version:
      - '2022-06-28'
      user-agent:
      - secret...
    method: GET
    uri: https://api.notion.com/v1/blocks/158974f3-b388-81e8-8d83-ca1f067b8ce7/children?page_size=100
  response:
    content: '{"object":"list","results":[{"object":"block","id":"158974f3-b388-8166-90e9-eede85b934b1","parent":{"type":"page_id","page_id":"158974f3-b388-81e8-8d83-ca1f067b8ce7"},"created_time":"2024-12-10T10:40:00.000Z","last_edited_time":"2024-12-10T10:40:00.000Z","created_by":{"object":"user","id":"645e79dd-3e43-40de-9d51-39357c1c427f"},"last_edited_by":{"object":"user","id":"645e79dd-3e43-40de-9d51-39357c1c427f"},"has_children":false,"archived":false,"in_trash":false,"type":"heading_1","heading_1":{"rich_text":[{"type":"text","text":{"content":"My
      new page","link":null},"annotations":{"bold":false,"italic":false,"strikethrough":false,"underline":false,"code":false,"color":"default"},"plain_text":"My
      new page","href":null}],"is_toggleable":false,"color":"default"}},{"object":"block","id":"158974f3-b388-818d-9ab2-ea470176b6c7","parent":{"type":"page_id","page_id":"158974f3-b388-81e8-8d83-ca1f067b8ce7"},"created_time":"2024-12-10T10:40:00.000Z","last_edited_time":"2024-12-10T10:40:00.000Z","created_by":{"object":"user","id":"645e79dd-3e43-40de-9d51-39357c1c427f"},"last_edited_by":{"object":"user","id":"645e79dd-3e43-40de-9d51-39357c1c427f"},"has_children":false,"archived":false,"in_trash":false,"type":"paragraph","paragraph":{"rich_text":[{"type":"text","text":{"content":"This
      is a paragraph","link":null},"annotations":{"bold":false,"italic":false,"strikethrough":false,"underline":false,"code":false,"color":"default"},"plain_text":"This
      is a paragraph","href":null}],"color":"default"}},{"object":"block","id":"158974f3-b388-81e9-9265-ecfbbceff743","parent":{"type":"page_id","page_id":"158974f3-b388-81e8-8d83-ca1f067b8ce7"},"created_time":"2024-12-10T10:40:00.000Z","last_edited_time":"2024-12-10T10:40:00.000Z","created_by":{"object":"user","id":"645e79dd-3e43-40de-9d51-39357c1c427f"},"last_edited_by":{"object":"user","id":"645e79dd-3e43-40de-9d51-39357c1c427f"},"has_children":false,"archived":false,"in_trash":false,"type":"divider","divider":{}},{"object":"block","id":"158974f3-b388-8130-b36b-fce3dc09629a","parent":{"type":"page_id","page_id":"158974f3-b388-81e8-8d83-ca1f067b8ce7"},"created_time":"2024-12-10T10:40:00.000Z","last_edited_time":"2024-12-10T10:40:00.000Z","created_by":{"object":"user","id":"645e79dd-3e43-40de-9d51-39357c1c427f"},"last_edited_by":{"object":"user","id":"645e79dd-3e43-40de-9d51-39357c1c427f"},"has_children":true,"archived":false,"in_trash":false,"type":"table","table":{"table_width":2,"has_column_header":false,"has_row_header":false}},{"object":"block","id":"158974f3-b388-813c-ab8c-fc95b605869e","parent":{"type":"page_id","page_id":"158974f3-b388-81e8-8d83-ca1f067b8ce7"},"created_time":"2024-12-10T10:40:00.000Z","last_edited_time":"2024-12-10T10:40:00.000Z","created_by":{"object":"user","id":"645e79dd-3e43-40de-9d51-39357c1c427f"},"last_edited_by":{"object":"user","id":"645e79dd-3e43-40de-9d51-39357c1c427f"},"has_children":false,"archived":false,"in_trash":false,"type":"link_to_page","link_to_page":{"type":"page_id","page_id":"158974f3-b388-8115-b2e4-d2e2d4ff7f5c"}}],"next_cursor":null,"has_more":false,"type":"block","block":{},"request_id":"81ccbc2c-4dac-40ab-80ff-fcaa3c678e65"}'
    headers:
      CF-Cache-Status:
      - DYNAMIC
      CF-Ray:
      - 8efc9e104fa13816-FRA
      Connection:
      - keep-alive
      Content-Encoding:
      - gzip
      Content-Type:
      - application/json; charset=utf-8
      Server:
      - cloudflare
      Strict-Transport-Security:
      - max-age=31536000; includeSubDomains; preload
      Transfer-Encoding:
      - chunked
      Vary:
      - Accept-Encoding
      content-security-policy:
      - default-src 'none'
      referrer-policy:
      - strict-origin-when-cross-origin
      x-content-type-options:
      - nosniff
      x-dns-prefetch-control:
      - 'off'
      x-download-options:
      - noopen
      x-frame-options:
      - SAMEORIGIN
      x-notion-request-id:
      - 81ccbc2c-4dac-40ab-80ff-fcaa3c678e65
      x-permitted-cross-domain-policies:
      - none
      x-xss-protection:
      - '0'
    http_version: HTTP/1.1
    status_code: 200
- request:
    body: ''
    headers:
      accept:
      - '*/*'
      accept-encoding:
      - gzip, deflate
      authorization:
      - secret...
      connection:
      - keep-alive
      cookie:
      - secret...
      host:
      - api.notion.com
      notion-version:
      - '2022-06-28'
      user-agent:
      - secret...
    method: GET
    uri: https://api.notion.com/v1/blocks/158974f3-b388-8130-b36b-fce3dc09629a/children?page_size=100
  response:
    content: '{"object":"list","results":[{"object":"block","id":"158974f3-b388-8104-a7c2-d1153da10b7f","parent":{"type":"block_id","block_id":"158974f3-b388-8130-b36b-fce3dc09629a"},"created_time":"2024-12-10T10:40:00.000Z","last_edited_time":"2024-12-10T10:40:00.000Z","created_by":{"object":"user","id":"645e79dd-3e43-40de-9d51-39357c1c427f"},"last_edited_by":{"object":"user","id":"645e79dd-3e43-40de-9d51-39357c1c427f"},"has_children":false,"archived":false,"in_trash":false,"type":"table_row","table_row":{"cells":[[],[]]}},{"object":"block","id":"158974f3-b388-8173-874e-f276d48c6266","parent":{"type":"block_id","block_id":"158974f3-b388-8130-b36b-fce3dc09629a"},"created_time":"2024-12-10T10:40:00.000Z","last_edited_time":"2024-12-10T10:40:00.000Z","created_by":{"object":"user","id":"645e79dd-3e43-40de-9d51-39357c1c427f"},"last_edited_by":{"object":"user","id":"645e79dd-3e43-40de-9d51-39357c1c427f"},"has_children":false,"archived":false,"in_trash":false,"type":"table_row","table_row":{"cells":[[],[]]}}],"next_cursor":null,"has_more":false,"type":"block","block":{},"request_id":"f7911972-2ce2-4d4c-b20c-7368b17528c8"}'
    headers:
      CF-Cache-Status:
      - DYNAMIC
      CF-Ray:
      - 8efc9e1279953816-FRA
      Connection:
      - keep-alive
      Content-Encoding:
      - gzip
      Content-Type:
      - application/json; charset=utf-8
      Server:
      - cloudflare
      Strict-Transport-Security:
      - max-age=31536000; includeSubDomains; preload
      Transfer-Encoding:
      - chunked
      Vary:
      - Accept-Encoding
      content-security-policy:
      - default-src 'none'
      referrer-policy:
      - strict-origin-when-cross-origin
      x-content-type-options:
      - nosniff
      x-dns-prefetch-control:
      - 'off'
      x-download-options:
      - noopen
      x-frame-options:
      - SAMEORIGIN
      x-notion-request-id:
      - f7911972-2ce2-4d4c-b20c-7368b17528c8
      x-permitted-cross-domain-policies:
      - none
      x-xss-protection:
      - '0'
    http_version: HTTP/1.1
    status_code: 200
- request:
    body: ''
    headers:
      accept:
      - '*/*'
      accept-encoding:
      - gzip, deflate
      authorization:
      - secret...
      connection:
      - keep-alive
      cookie:
      - secret...
      host:
      - api.notion.com
      notion-version:
      - '2022-06-28'
      user-agent:
      - secret...
    method: DELETE
    uri: https://api.notion.com/v1/blocks/158974f3-b388-8130-b36b-fce3dc09629a
  response:
    content: '{"object":"block","id":"158974f3-b388-8130-b36b-fce3dc09629a","parent":{"type":"page_id","page_id":"158974f3-b388-81e8-8d83-ca1f067b8ce7"},"created_time":"2024-12-10T10:40:00.000Z","last_edited_time":"2024-12-10T10:40:00.000Z","created_by":{"object":"user","id":"645e79dd-3e43-40de-9d51-39357c1c427f"},"last_edited_by":{"object":"user","id":"645e79dd-3e43-40de-9d51-39357c1c427f"},"has_children":true,"archived":true,"in_trash":true,"type":"table","table":{"table_width":2,"has_column_header":false,"has_row_header":false},"request_id":"805ad003-04e4-4ea3-9578-508db45c8636"}'
    headers:
      CF-Cache-Status:
      - DYNAMIC
      CF-Ray:
      - 8efc9e154c553816-FRA
      Connection:
      - keep-alive
      Content-Encoding:
      - gzip
      Content-Type:
      - application/json; charset=utf-8
      Server:
      - cloudflare
      Strict-Transport-Security:
      - max-age=31536000; includeSubDomains; preload
      Transfer-Encoding:
      - chunked
      Vary:
      - Accept-Encoding
      content-security-policy:
      - default-src 'none'
      referrer-policy:
      - strict-origin-when-cross-origin
      x-content-type-options:
      - nosniff
      x-dns-prefetch-control:
      - 'off'
      x-download-options:
      - noopen
      x-frame-options:
      - SAMEORIGIN
      x-notion-request-id:
      - 805ad003-04e4-4ea3-9578-508db45c8636
      x-permitted-cross-domain-policies:
      - none
      x-xss-protection:
      - '0'
    http_version: HTTP/1.1
    status_code: 200
version: 1
