interactions:
- request:
    body: '{"parent": {"type": "page_id", "page_id": "00000000-0000-4000-8000-000000000001"},
      "properties": {"title": {"type": "title", "title": [{"type": "text", "plain_text":
      "Page for inserting after and replacing blocks", "annotations": {"bold": false,
      "italic": false, "strikethrough": false, "underline": false, "code": false},
      "text": {"content": "Page for inserting after and replacing blocks"}}]}}}'
    headers:
      accept:
      - '*/*'
      accept-encoding:
      - gzip, deflate
      authorization:
      - secret...
      connection:
      - keep-alive
      content-length:
      - '369'
      content-type:
      - application/json
      cookie:
      - secret...
      host:
      - api.notion.com
      notion-version:
      - '2025-09-03'
      user-agent:
      - secret...
    method: POST
    uri: https://api.notion.com/v1/pages
  response:
    content: '{"object":"page","id":"38c9ce7b-60a4-8167-8517-cfdbee33b83c","created_time":"2026-06-27T05:48:00.000Z","last_edited_time":"2026-06-27T05:48:00.000Z","created_by":{"object":"user","id":"00000000-0000-4000-8000-0000000000f1"},"last_edited_by":{"object":"user","id":"00000000-0000-4000-8000-0000000000f1"},"cover":null,"icon":null,"parent":{"type":"page_id","page_id":"00000000-0000-4000-8000-000000000001"},"in_trash":false,"is_archived":false,"is_locked":false,"properties":{"title":{"id":"title","type":"title","title":[{"type":"text","text":{"content":"Page
      for inserting after and replacing blocks","link":null},"annotations":{"bold":false,"italic":false,"strikethrough":false,"underline":false,"code":false,"color":"default"},"plain_text":"Page
      for inserting after and replacing blocks","href":null}]}},"url":"https://www.notion.so/Page-for-inserting-after-and-replacing-blocks-38c9ce7b60a481678517cfdbee33b83c","public_url":null,"archived":false,"request_id":"d321f2f1-7585-418f-8365-d7f7a855c8ae"}'
    headers:
      CF-Cache-Status:
      - DYNAMIC
      CF-Ray:
      - a1222945adc2772b-LHR
      Connection:
      - keep-alive
      Content-Encoding:
      - gzip
      Content-Type:
      - application/json; charset=utf-8
      Server:
      - cloudflare
      Strict-Transport-Security:
      - max-age=31536000; includeSubDomains; preload
      Transfer-Encoding:
      - chunked
      Vary:
      - Accept-Encoding
      alt-svc:
      - h3=":443"; ma=86400
      content-security-policy:
      - default-src 'none'
      referrer-policy:
      - strict-origin-when-cross-origin
      x-content-type-options:
      - nosniff
      x-dns-prefetch-control:
      - 'off'
      x-download-options:
      - noopen
      x-frame-options:
      - SAMEORIGIN
      x-notion-request-id:
      - d321f2f1-7585-418f-8365-d7f7a855c8ae
      x-permitted-cross-domain-policies:
      - none
      x-xss-protection:
      - '0'
    http_version: HTTP/1.1
    status_code: 200
- request:
    body: ''
    headers:
      accept:
      - '*/*'
      accept-encoding:
      - gzip, deflate
      authorization:
      - secret...
      connection:
      - keep-alive
      cookie:
      - secret...
      host:
      - api.notion.com
      notion-version:
      - '2025-09-03'
      user-agent:
      - secret...
    method: GET
    uri: https://api.notion.com/v1/pages/00000000-0000-4000-8000-000000000001
  response:
    content: '{"object":"page","id":"00000000-0000-4000-8000-000000000001","created_time":"2026-06-18T15:44:00.000Z","last_edited_time":"2026-06-27T05:48:00.000Z","created_by":{"object":"user","id":"00000000-0000-4000-8000-0000000000fa"},"last_edited_by":{"object":"user","id":"00000000-0000-4000-8000-0000000000f1"},"cover":null,"icon":null,"parent":{"type":"workspace","workspace":true},"in_trash":false,"is_archived":false,"is_locked":false,"properties":{"title":{"id":"title","type":"title","title":[{"type":"text","text":{"content":"Tests","link":null},"annotations":{"bold":false,"italic":false,"strikethrough":false,"underline":false,"code":false,"color":"default"},"plain_text":"Tests","href":null}]}},"url":"https://www.notion.so/Tests-00000000000040008000000000000001","public_url":null,"archived":false,"request_id":"d7ac4539-4043-4007-851f-a1c96557b5a5"}'
    headers:
      CF-Cache-Status:
      - DYNAMIC
      CF-Ray:
      - a12229483ee8772b-LHR
      Connection:
      - keep-alive
      Content-Encoding:
      - gzip
      Content-Type:
      - application/json; charset=utf-8
      Server:
      - cloudflare
      Strict-Transport-Security:
      - max-age=31536000; includeSubDomains; preload
      Transfer-Encoding:
      - chunked
      Vary:
      - Accept-Encoding
      alt-svc:
      - h3=":443"; ma=86400
      content-security-policy:
      - default-src 'none'
      referrer-policy:
      - strict-origin-when-cross-origin
      x-content-type-options:
      - nosniff
      x-dns-prefetch-control:
      - 'off'
      x-download-options:
      - noopen
      x-frame-options:
      - SAMEORIGIN
      x-notion-request-id:
      - d7ac4539-4043-4007-851f-a1c96557b5a5
      x-permitted-cross-domain-policies:
      - none
      x-xss-protection:
      - '0'
    http_version: HTTP/1.1
    status_code: 200
- request:
    body: '{"parent": {"type": "page_id", "page_id": "00000000-0000-4000-8000-000000000001"},
      "properties": {"title": {"type": "title", "title": [{"type": "text", "plain_text":
      "Original Target", "annotations": {"bold": false, "italic": false, "strikethrough":
      false, "underline": false, "code": false}, "text": {"content": "Original Target"}}]}}}'
    headers:
      accept:
      - '*/*'
      accept-encoding:
      - gzip, deflate
      authorization:
      - secret...
      connection:
      - keep-alive
      content-length:
      - '309'
      content-type:
      - application/json
      cookie:
      - secret...
      host:
      - api.notion.com
      notion-version:
      - '2025-09-03'
      user-agent:
      - secret...
    method: POST
    uri: https://api.notion.com/v1/pages
  response:
    content: '{"object":"page","id":"38c9ce7b-60a4-8138-b487-e38ebc96020d","created_time":"2026-06-27T05:48:00.000Z","last_edited_time":"2026-06-27T05:48:00.000Z","created_by":{"object":"user","id":"00000000-0000-4000-8000-0000000000f1"},"last_edited_by":{"object":"user","id":"00000000-0000-4000-8000-0000000000f1"},"cover":null,"icon":null,"parent":{"type":"page_id","page_id":"00000000-0000-4000-8000-000000000001"},"in_trash":false,"is_archived":false,"is_locked":false,"properties":{"title":{"id":"title","type":"title","title":[{"type":"text","text":{"content":"Original
      Target","link":null},"annotations":{"bold":false,"italic":false,"strikethrough":false,"underline":false,"code":false,"color":"default"},"plain_text":"Original
      Target","href":null}]}},"url":"https://www.notion.so/Original-Target-38c9ce7b60a48138b487e38ebc96020d","public_url":null,"archived":false,"request_id":"ae3562c2-d3ef-41fd-afcf-283e6e519e21"}'
    headers:
      CF-Cache-Status:
      - DYNAMIC
      CF-Ray:
      - a1222949bf9c772b-LHR
      Connection:
      - keep-alive
      Content-Encoding:
      - gzip
      Content-Type:
      - application/json; charset=utf-8
      Server:
      - cloudflare
      Strict-Transport-Security:
      - max-age=31536000; includeSubDomains; preload
      Transfer-Encoding:
      - chunked
      Vary:
      - Accept-Encoding
      alt-svc:
      - h3=":443"; ma=86400
      content-security-policy:
      - default-src 'none'
      referrer-policy:
      - strict-origin-when-cross-origin
      x-content-type-options:
      - nosniff
      x-dns-prefetch-control:
      - 'off'
      x-download-options:
      - noopen
      x-frame-options:
      - SAMEORIGIN
      x-notion-request-id:
      - ae3562c2-d3ef-41fd-afcf-283e6e519e21
      x-permitted-cross-domain-policies:
      - none
      x-xss-protection:
      - '0'
    http_version: HTTP/1.1
    status_code: 200
- request:
    body: '{"parent": {"type": "page_id", "page_id": "00000000-0000-4000-8000-000000000001"},
      "properties": {"title": {"type": "title", "title": [{"type": "text", "plain_text":
      "New Target", "annotations": {"bold": false, "italic": false, "strikethrough":
      false, "underline": false, "code": false}, "text": {"content": "New Target"}}]}}}'
    headers:
      accept:
      - '*/*'
      accept-encoding:
      - gzip, deflate
      authorization:
      - secret...
      connection:
      - keep-alive
      content-length:
      - '299'
      content-type:
      - application/json
      cookie:
      - secret...
      host:
      - api.notion.com
      notion-version:
      - '2025-09-03'
      user-agent:
      - secret...
    method: POST
    uri: https://api.notion.com/v1/pages
  response:
    content: '{"object":"page","id":"38c9ce7b-60a4-814d-9d89-e8a71dcb0c9f","created_time":"2026-06-27T05:48:00.000Z","last_edited_time":"2026-06-27T05:48:00.000Z","created_by":{"object":"user","id":"00000000-0000-4000-8000-0000000000f1"},"last_edited_by":{"object":"user","id":"00000000-0000-4000-8000-0000000000f1"},"cover":null,"icon":null,"parent":{"type":"page_id","page_id":"00000000-0000-4000-8000-000000000001"},"in_trash":false,"is_archived":false,"is_locked":false,"properties":{"title":{"id":"title","type":"title","title":[{"type":"text","text":{"content":"New
      Target","link":null},"annotations":{"bold":false,"italic":false,"strikethrough":false,"underline":false,"code":false,"color":"default"},"plain_text":"New
      Target","href":null}]}},"url":"https://www.notion.so/New-Target-38c9ce7b60a4814d9d89e8a71dcb0c9f","public_url":null,"archived":false,"request_id":"0467b962-7424-450c-842b-d4a09ccfd3a6"}'
    headers:
      CF-Cache-Status:
      - DYNAMIC
      CF-Ray:
      - a122294be8a6772b-LHR
      Connection:
      - keep-alive
      Content-Encoding:
      - gzip
      Content-Type:
      - application/json; charset=utf-8
      Server:
      - cloudflare
      Strict-Transport-Security:
      - max-age=31536000; includeSubDomains; preload
      Transfer-Encoding:
      - chunked
      Vary:
      - Accept-Encoding
      alt-svc:
      - h3=":443"; ma=86400
      content-security-policy:
      - default-src 'none'
      referrer-policy:
      - strict-origin-when-cross-origin
      x-content-type-options:
      - nosniff
      x-dns-prefetch-control:
      - 'off'
      x-download-options:
      - noopen
      x-frame-options:
      - SAMEORIGIN
      x-notion-request-id:
      - 0467b962-7424-450c-842b-d4a09ccfd3a6
      x-permitted-cross-domain-policies:
      - none
      x-xss-protection:
      - '0'
    http_version: HTTP/1.1
    status_code: 200
- request:
    body: ''
    headers:
      accept:
      - '*/*'
      accept-encoding:
      - gzip, deflate
      authorization:
      - secret...
      connection:
      - keep-alive
      cookie:
      - secret...
      host:
      - api.notion.com
      notion-version:
      - '2025-09-03'
      user-agent:
      - secret...
    method: GET
    uri: https://api.notion.com/v1/blocks/38c9ce7b-60a4-8167-8517-cfdbee33b83c/children?page_size=100
  response:
    content: '{"object":"list","results":[],"next_cursor":null,"has_more":false,"type":"block","block":{},"request_id":"73bd7308-268a-4092-830c-fcd28345e1be"}'
    headers:
      CF-Cache-Status:
      - DYNAMIC
      CF-Ray:
      - a122294e39a7772b-LHR
      Connection:
      - keep-alive
      Content-Encoding:
      - gzip
      Content-Type:
      - application/json; charset=utf-8
      Server:
      - cloudflare
      Strict-Transport-Security:
      - max-age=31536000; includeSubDomains; preload
      Transfer-Encoding:
      - chunked
      Vary:
      - Accept-Encoding
      alt-svc:
      - h3=":443"; ma=86400
      content-security-policy:
      - default-src 'none'
      referrer-policy:
      - strict-origin-when-cross-origin
      x-content-type-options:
      - nosniff
      x-dns-prefetch-control:
      - 'off'
      x-download-options:
      - noopen
      x-frame-options:
      - SAMEORIGIN
      x-notion-request-id:
      - 73bd7308-268a-4092-830c-fcd28345e1be
      x-permitted-cross-domain-policies:
      - none
      x-xss-protection:
      - '0'
    http_version: HTTP/1.1
    status_code: 200
- request:
    body: '{"children":[{"object":"block","type":"heading_1","heading_1":{"rich_text":[{"type":"text","plain_text":"My
      new page","annotations":{"bold":false,"italic":false,"strikethrough":false,"underline":false,"code":false},"text":{"content":"My
      new page"}}],"color":"default","is_toggleable":false}},{"object":"block","type":"link_to_page","link_to_page":{"type":"page_id","page_id":"38c9ce7b-60a4-8138-b487-e38ebc96020d"}}]}'
    headers:
      accept:
      - '*/*'
      accept-encoding:
      - gzip, deflate
      authorization:
      - secret...
      connection:
      - keep-alive
      content-length:
      - '417'
      content-type:
      - application/json
      cookie:
      - secret...
      host:
      - api.notion.com
      notion-version:
      - '2025-09-03'
      user-agent:
      - secret...
    method: PATCH
    uri: https://api.notion.com/v1/blocks/38c9ce7b-60a4-8167-8517-cfdbee33b83c/children
  response:
    content: '{"object":"list","results":[{"object":"block","id":"38c9ce7b-60a4-81ef-b2ed-f5334e2aac2f","parent":{"type":"page_id","page_id":"38c9ce7b-60a4-8167-8517-cfdbee33b83c"},"created_time":"2026-06-27T05:48:00.000Z","last_edited_time":"2026-06-27T05:48:00.000Z","created_by":{"object":"user","id":"00000000-0000-4000-8000-0000000000f1"},"last_edited_by":{"object":"user","id":"00000000-0000-4000-8000-0000000000f1"},"has_children":false,"in_trash":false,"type":"heading_1","heading_1":{"rich_text":[{"type":"text","text":{"content":"My
      new page","link":null},"annotations":{"bold":false,"italic":false,"strikethrough":false,"underline":false,"code":false,"color":"default"},"plain_text":"My
      new page","href":null}],"is_toggleable":false,"color":"default"},"archived":false},{"object":"block","id":"38c9ce7b-60a4-8149-81f0-e80bd334af48","parent":{"type":"page_id","page_id":"38c9ce7b-60a4-8167-8517-cfdbee33b83c"},"created_time":"2026-06-27T05:48:00.000Z","last_edited_time":"2026-06-27T05:48:00.000Z","created_by":{"object":"user","id":"00000000-0000-4000-8000-0000000000f1"},"last_edited_by":{"object":"user","id":"00000000-0000-4000-8000-0000000000f1"},"has_children":false,"in_trash":false,"type":"link_to_page","link_to_page":{"type":"page_id","page_id":"38c9ce7b-60a4-8138-b487-e38ebc96020d"},"archived":false}],"next_cursor":null,"has_more":false,"type":"block","block":{},"request_id":"f6604f3b-c839-4f80-ae64-81b9a9dff73f"}'
    headers:
      CF-Cache-Status:
      - DYNAMIC
      CF-Ray:
      - a122294fba6d772b-LHR
      Connection:
      - keep-alive
      Content-Encoding:
      - gzip
      Content-Type:
      - application/json; charset=utf-8
      Server:
      - cloudflare
      Strict-Transport-Security:
      - max-age=31536000; includeSubDomains; preload
      Transfer-Encoding:
      - chunked
      Vary:
      - Accept-Encoding
      alt-svc:
      - h3=":443"; ma=86400
      content-security-policy:
      - default-src 'none'
      referrer-policy:
      - strict-origin-when-cross-origin
      x-content-type-options:
      - nosniff
      x-dns-prefetch-control:
      - 'off'
      x-download-options:
      - noopen
      x-frame-options:
      - SAMEORIGIN
      x-notion-request-id:
      - f6604f3b-c839-4f80-ae64-81b9a9dff73f
      x-permitted-cross-domain-policies:
      - none
      x-xss-protection:
      - '0'
    http_version: HTTP/1.1
    status_code: 200
- request:
    body: '{"children":[{"object":"block","type":"paragraph","paragraph":{"children":[],"rich_text":[{"type":"text","plain_text":"This
      is a paragraph","annotations":{"bold":false,"italic":false,"strikethrough":false,"underline":false,"code":false},"text":{"content":"This
      is a paragraph"}}],"color":"default"}}],"after":"38c9ce7b-60a4-81ef-b2ed-f5334e2aac2f"}'
    headers:
      accept:
      - '*/*'
      accept-encoding:
      - gzip, deflate
      authorization:
      - secret...
      connection:
      - keep-alive
      content-length:
      - '348'
      content-type:
      - application/json
      cookie:
      - secret...
      host:
      - api.notion.com
      notion-version:
      - '2025-09-03'
      user-agent:
      - secret...
    method: PATCH
    uri: https://api.notion.com/v1/blocks/38c9ce7b-60a4-8167-8517-cfdbee33b83c/children
  response:
    content: '{"object":"list","results":[{"object":"block","id":"38c9ce7b-60a4-8181-96e4-f9358f80bd96","parent":{"type":"page_id","page_id":"38c9ce7b-60a4-8167-8517-cfdbee33b83c"},"created_time":"2026-06-27T05:48:00.000Z","last_edited_time":"2026-06-27T05:48:00.000Z","created_by":{"object":"user","id":"00000000-0000-4000-8000-0000000000f1"},"last_edited_by":{"object":"user","id":"00000000-0000-4000-8000-0000000000f1"},"has_children":false,"in_trash":false,"type":"paragraph","paragraph":{"rich_text":[{"type":"text","text":{"content":"This
      is a paragraph","link":null},"annotations":{"bold":false,"italic":false,"strikethrough":false,"underline":false,"code":false,"color":"default"},"plain_text":"This
      is a paragraph","href":null}],"icon":null,"color":"default"},"archived":false},{"object":"block","id":"38c9ce7b-60a4-8149-81f0-e80bd334af48","parent":{"type":"page_id","page_id":"38c9ce7b-60a4-8167-8517-cfdbee33b83c"},"created_time":"2026-06-27T05:48:00.000Z","last_edited_time":"2026-06-27T05:48:00.000Z","created_by":{"object":"user","id":"00000000-0000-4000-8000-0000000000f1"},"last_edited_by":{"object":"user","id":"00000000-0000-4000-8000-0000000000f1"},"has_children":false,"in_trash":false,"type":"link_to_page","link_to_page":{"type":"page_id","page_id":"38c9ce7b-60a4-8138-b487-e38ebc96020d"},"archived":false}],"next_cursor":null,"has_more":false,"type":"block","block":{},"request_id":"0bdce028-de31-465f-82e2-423c881981ec"}'
    headers:
      CF-Cache-Status:
      - DYNAMIC
      CF-Ray:
      - a12229539c42772b-LHR
      Connection:
      - keep-alive
      Content-Encoding:
      - gzip
      Content-Type:
      - application/json; charset=utf-8
      Server:
      - cloudflare
      Strict-Transport-Security:
      - max-age=31536000; includeSubDomains; preload
      Transfer-Encoding:
      - chunked
      Vary:
      - Accept-Encoding
      alt-svc:
      - h3=":443"; ma=86400
      content-security-policy:
      - default-src 'none'
      referrer-policy:
      - strict-origin-when-cross-origin
      x-content-type-options:
      - nosniff
      x-dns-prefetch-control:
      - 'off'
      x-download-options:
      - noopen
      x-frame-options:
      - SAMEORIGIN
      x-notion-request-id:
      - 0bdce028-de31-465f-82e2-423c881981ec
      x-permitted-cross-domain-policies:
      - none
      x-xss-protection:
      - '0'
    http_version: HTTP/1.1
    status_code: 200
- request:
    body: '{"children":[{"object":"block","type":"link_to_page","link_to_page":{"type":"page_id","page_id":"38c9ce7b-60a4-814d-9d89-e8a71dcb0c9f"}}],"after":"38c9ce7b-60a4-8149-81f0-e80bd334af48"}'
    headers:
      accept:
      - '*/*'
      accept-encoding:
      - gzip, deflate
      authorization:
      - secret...
      connection:
      - keep-alive
      content-length:
      - '185'
      content-type:
      - application/json
      cookie:
      - secret...
      host:
      - api.notion.com
      notion-version:
      - '2025-09-03'
      user-agent:
      - secret...
    method: PATCH
    uri: https://api.notion.com/v1/blocks/38c9ce7b-60a4-8167-8517-cfdbee33b83c/children
  response:
    content: '{"object":"list","results":[{"object":"block","id":"38c9ce7b-60a4-8198-963c-ca0f719ff324","parent":{"type":"page_id","page_id":"38c9ce7b-60a4-8167-8517-cfdbee33b83c"},"created_time":"2026-06-27T05:48:00.000Z","last_edited_time":"2026-06-27T05:48:00.000Z","created_by":{"object":"user","id":"00000000-0000-4000-8000-0000000000f1"},"last_edited_by":{"object":"user","id":"00000000-0000-4000-8000-0000000000f1"},"has_children":false,"in_trash":false,"type":"link_to_page","link_to_page":{"type":"page_id","page_id":"38c9ce7b-60a4-814d-9d89-e8a71dcb0c9f"},"archived":false}],"next_cursor":null,"has_more":false,"type":"block","block":{},"request_id":"763ee063-69d1-4f24-a641-cfeec32062e2"}'
    headers:
      CF-Cache-Status:
      - DYNAMIC
      CF-Ray:
      - a12229574dec772b-LHR
      Connection:
      - keep-alive
      Content-Encoding:
      - gzip
      Content-Type:
      - application/json; charset=utf-8
      Server:
      - cloudflare
      Strict-Transport-Security:
      - max-age=31536000; includeSubDomains; preload
      Transfer-Encoding:
      - chunked
      Vary:
      - Accept-Encoding
      alt-svc:
      - h3=":443"; ma=86400
      content-security-policy:
      - default-src 'none'
      referrer-policy:
      - strict-origin-when-cross-origin
      x-content-type-options:
      - nosniff
      x-dns-prefetch-control:
      - 'off'
      x-download-options:
      - noopen
      x-frame-options:
      - SAMEORIGIN
      x-notion-request-id:
      - 763ee063-69d1-4f24-a641-cfeec32062e2
      x-permitted-cross-domain-policies:
      - none
      x-xss-protection:
      - '0'
    http_version: HTTP/1.1
    status_code: 200
- request:
    body: ''
    headers:
      accept:
      - '*/*'
      accept-encoding:
      - gzip, deflate
      authorization:
      - secret...
      connection:
      - keep-alive
      cookie:
      - secret...
      host:
      - api.notion.com
      notion-version:
      - '2025-09-03'
      user-agent:
      - secret...
    method: DELETE
    uri: https://api.notion.com/v1/blocks/38c9ce7b-60a4-8149-81f0-e80bd334af48
  response:
    content: '{"object":"block","id":"38c9ce7b-60a4-8149-81f0-e80bd334af48","parent":{"type":"page_id","page_id":"38c9ce7b-60a4-8167-8517-cfdbee33b83c"},"created_time":"2026-06-27T05:48:00.000Z","last_edited_time":"2026-06-27T05:48:00.000Z","created_by":{"object":"user","id":"00000000-0000-4000-8000-0000000000f1"},"last_edited_by":{"object":"user","id":"00000000-0000-4000-8000-0000000000f1"},"has_children":false,"in_trash":true,"type":"link_to_page","link_to_page":{"type":"page_id","page_id":"38c9ce7b-60a4-8138-b487-e38ebc96020d"},"archived":true,"request_id":"888a835d-0a6a-42bd-9404-489c73edf40d"}'
    headers:
      CF-Cache-Status:
      - DYNAMIC
      CF-Ray:
      - a122295c2fef772b-LHR
      Connection:
      - keep-alive
      Content-Encoding:
      - gzip
      Content-Type:
      - application/json; charset=utf-8
      Server:
      - cloudflare
      Strict-Transport-Security:
      - max-age=31536000; includeSubDomains; preload
      Transfer-Encoding:
      - chunked
      Vary:
      - Accept-Encoding
      alt-svc:
      - h3=":443"; ma=86400
      content-security-policy:
      - default-src 'none'
      referrer-policy:
      - strict-origin-when-cross-origin
      x-content-type-options:
      - nosniff
      x-dns-prefetch-control:
      - 'off'
      x-download-options:
      - noopen
      x-frame-options:
      - SAMEORIGIN
      x-notion-request-id:
      - 888a835d-0a6a-42bd-9404-489c73edf40d
      x-permitted-cross-domain-policies:
      - none
      x-xss-protection:
      - '0'
    http_version: HTTP/1.1
    status_code: 200
- request:
    body: ''
    headers:
      accept:
      - '*/*'
      accept-encoding:
      - gzip, deflate
      authorization:
      - secret...
      connection:
      - keep-alive
      cookie:
      - secret...
      host:
      - api.notion.com
      notion-version:
      - '2025-09-03'
      user-agent:
      - secret...
    method: GET
    uri: https://api.notion.com/v1/pages/38c9ce7b-60a4-8167-8517-cfdbee33b83c
  response:
    content: '{"object":"page","id":"38c9ce7b-60a4-8167-8517-cfdbee33b83c","created_time":"2026-06-27T05:48:00.000Z","last_edited_time":"2026-06-27T05:48:00.000Z","created_by":{"object":"user","id":"00000000-0000-4000-8000-0000000000f1"},"last_edited_by":{"object":"user","id":"00000000-0000-4000-8000-0000000000f1"},"cover":null,"icon":null,"parent":{"type":"page_id","page_id":"00000000-0000-4000-8000-000000000001"},"in_trash":false,"is_archived":false,"is_locked":false,"properties":{"title":{"id":"title","type":"title","title":[{"type":"text","text":{"content":"Page
      for inserting after and replacing blocks","link":null},"annotations":{"bold":false,"italic":false,"strikethrough":false,"underline":false,"code":false,"color":"default"},"plain_text":"Page
      for inserting after and replacing blocks","href":null}]}},"url":"https://www.notion.so/Page-for-inserting-after-and-replacing-blocks-38c9ce7b60a481678517cfdbee33b83c","public_url":null,"archived":false,"request_id":"a963f7e0-b155-4adb-ba12-c9e9ae4a5215"}'
    headers:
      CF-Cache-Status:
      - DYNAMIC
      CF-Ray:
      - a122295f9973772b-LHR
      Connection:
      - keep-alive
      Content-Encoding:
      - gzip
      Content-Type:
      - application/json; charset=utf-8
      Server:
      - cloudflare
      Strict-Transport-Security:
      - max-age=31536000; includeSubDomains; preload
      Transfer-Encoding:
      - chunked
      Vary:
      - Accept-Encoding
      alt-svc:
      - h3=":443"; ma=86400
      content-security-policy:
      - default-src 'none'
      referrer-policy:
      - strict-origin-when-cross-origin
      x-content-type-options:
      - nosniff
      x-dns-prefetch-control:
      - 'off'
      x-download-options:
      - noopen
      x-frame-options:
      - SAMEORIGIN
      x-notion-request-id:
      - a963f7e0-b155-4adb-ba12-c9e9ae4a5215
      x-permitted-cross-domain-policies:
      - none
      x-xss-protection:
      - '0'
    http_version: HTTP/1.1
    status_code: 200
- request:
    body: ''
    headers:
      accept:
      - '*/*'
      accept-encoding:
      - gzip, deflate
      authorization:
      - secret...
      connection:
      - keep-alive
      cookie:
      - secret...
      host:
      - api.notion.com
      notion-version:
      - '2025-09-03'
      user-agent:
      - secret...
    method: GET
    uri: https://api.notion.com/v1/blocks/38c9ce7b-60a4-8167-8517-cfdbee33b83c/children?page_size=100
  response:
    content: '{"object":"list","results":[{"object":"block","id":"38c9ce7b-60a4-81ef-b2ed-f5334e2aac2f","parent":{"type":"page_id","page_id":"38c9ce7b-60a4-8167-8517-cfdbee33b83c"},"created_time":"2026-06-27T05:48:00.000Z","last_edited_time":"2026-06-27T05:48:00.000Z","created_by":{"object":"user","id":"00000000-0000-4000-8000-0000000000f1"},"last_edited_by":{"object":"user","id":"00000000-0000-4000-8000-0000000000f1"},"has_children":false,"in_trash":false,"type":"heading_1","heading_1":{"rich_text":[{"type":"text","text":{"content":"My
      new page","link":null},"annotations":{"bold":false,"italic":false,"strikethrough":false,"underline":false,"code":false,"color":"default"},"plain_text":"My
      new page","href":null}],"is_toggleable":false,"color":"default"},"archived":false},{"object":"block","id":"38c9ce7b-60a4-8181-96e4-f9358f80bd96","parent":{"type":"page_id","page_id":"38c9ce7b-60a4-8167-8517-cfdbee33b83c"},"created_time":"2026-06-27T05:48:00.000Z","last_edited_time":"2026-06-27T05:48:00.000Z","created_by":{"object":"user","id":"00000000-0000-4000-8000-0000000000f1"},"last_edited_by":{"object":"user","id":"00000000-0000-4000-8000-0000000000f1"},"has_children":false,"in_trash":false,"type":"paragraph","paragraph":{"rich_text":[{"type":"text","text":{"content":"This
      is a paragraph","link":null},"annotations":{"bold":false,"italic":false,"strikethrough":false,"underline":false,"code":false,"color":"default"},"plain_text":"This
      is a paragraph","href":null}],"icon":null,"color":"default"},"archived":false},{"object":"block","id":"38c9ce7b-60a4-8198-963c-ca0f719ff324","parent":{"type":"page_id","page_id":"38c9ce7b-60a4-8167-8517-cfdbee33b83c"},"created_time":"2026-06-27T05:48:00.000Z","last_edited_time":"2026-06-27T05:48:00.000Z","created_by":{"object":"user","id":"00000000-0000-4000-8000-0000000000f1"},"last_edited_by":{"object":"user","id":"00000000-0000-4000-8000-0000000000f1"},"has_children":false,"in_trash":false,"type":"link_to_page","link_to_page":{"type":"page_id","page_id":"38c9ce7b-60a4-814d-9d89-e8a71dcb0c9f"},"archived":false}],"next_cursor":null,"has_more":false,"type":"block","block":{},"request_id":"e74dc9f3-45d4-4d5e-b18d-a55a4569de12"}'
    headers:
      CF-Cache-Status:
      - DYNAMIC
      CF-Ray:
      - a12229610a04772b-LHR
      Connection:
      - keep-alive
      Content-Encoding:
      - gzip
      Content-Type:
      - application/json; charset=utf-8
      Server:
      - cloudflare
      Strict-Transport-Security:
      - max-age=31536000; includeSubDomains; preload
      Transfer-Encoding:
      - chunked
      Vary:
      - Accept-Encoding
      alt-svc:
      - h3=":443"; ma=86400
      content-security-policy:
      - default-src 'none'
      referrer-policy:
      - strict-origin-when-cross-origin
      x-content-type-options:
      - nosniff
      x-dns-prefetch-control:
      - 'off'
      x-download-options:
      - noopen
      x-frame-options:
      - SAMEORIGIN
      x-notion-request-id:
      - e74dc9f3-45d4-4d5e-b18d-a55a4569de12
      x-permitted-cross-domain-policies:
      - none
      x-xss-protection:
      - '0'
    http_version: HTTP/1.1
    status_code: 200
- request:
    body: '{"children":[{"object":"block","type":"divider","divider":{}},{"object":"block","type":"table","table":{"children":[{"object":"block","type":"table_row","table_row":{"cells":[[],[]]}},{"object":"block","type":"table_row","table_row":{"cells":[[],[]]}}],"table_width":2,"has_column_header":false,"has_row_header":false}}],"after":"38c9ce7b-60a4-8181-96e4-f9358f80bd96"}'
    headers:
      accept:
      - '*/*'
      accept-encoding:
      - gzip, deflate
      authorization:
      - secret...
      connection:
      - keep-alive
      content-length:
      - '368'
      content-type:
      - application/json
      cookie:
      - secret...
      host:
      - api.notion.com
      notion-version:
      - '2025-09-03'
      user-agent:
      - secret...
    method: PATCH
    uri: https://api.notion.com/v1/blocks/38c9ce7b-60a4-8167-8517-cfdbee33b83c/children
  response:
    content: '{"object":"list","results":[{"object":"block","id":"38c9ce7b-60a4-81bc-be17-e14cc8fa4803","parent":{"type":"page_id","page_id":"38c9ce7b-60a4-8167-8517-cfdbee33b83c"},"created_time":"2026-06-27T05:48:00.000Z","last_edited_time":"2026-06-27T05:48:00.000Z","created_by":{"object":"user","id":"00000000-0000-4000-8000-0000000000f1"},"last_edited_by":{"object":"user","id":"00000000-0000-4000-8000-0000000000f1"},"has_children":false,"in_trash":false,"type":"divider","divider":{},"archived":false},{"object":"block","id":"38c9ce7b-60a4-813a-8835-f05f575d9d11","parent":{"type":"page_id","page_id":"38c9ce7b-60a4-8167-8517-cfdbee33b83c"},"created_time":"2026-06-27T05:48:00.000Z","last_edited_time":"2026-06-27T05:48:00.000Z","created_by":{"object":"user","id":"00000000-0000-4000-8000-0000000000f1"},"last_edited_by":{"object":"user","id":"00000000-0000-4000-8000-0000000000f1"},"has_children":true,"in_trash":false,"type":"table","table":{"table_width":2,"has_column_header":false,"has_row_header":false},"archived":false},{"object":"block","id":"38c9ce7b-60a4-8198-963c-ca0f719ff324","parent":{"type":"page_id","page_id":"38c9ce7b-60a4-8167-8517-cfdbee33b83c"},"created_time":"2026-06-27T05:48:00.000Z","last_edited_time":"2026-06-27T05:48:00.000Z","created_by":{"object":"user","id":"00000000-0000-4000-8000-0000000000f1"},"last_edited_by":{"object":"user","id":"00000000-0000-4000-8000-0000000000f1"},"has_children":false,"in_trash":false,"type":"link_to_page","link_to_page":{"type":"page_id","page_id":"38c9ce7b-60a4-814d-9d89-e8a71dcb0c9f"},"archived":false}],"next_cursor":null,"has_more":false,"type":"block","block":{},"request_id":"1b5ce623-6634-432e-ab72-30bbd596d918"}'
    headers:
      CF-Cache-Status:
      - DYNAMIC
      CF-Ray:
      - a1222962ab24772b-LHR
      Connection:
      - keep-alive
      Content-Encoding:
      - gzip
      Content-Type:
      - application/json; charset=utf-8
      Server:
      - cloudflare
      Strict-Transport-Security:
      - max-age=31536000; includeSubDomains; preload
      Transfer-Encoding:
      - chunked
      Vary:
      - Accept-Encoding
      alt-svc:
      - h3=":443"; ma=86400
      content-security-policy:
      - default-src 'none'
      referrer-policy:
      - strict-origin-when-cross-origin
      x-content-type-options:
      - nosniff
      x-dns-prefetch-control:
      - 'off'
      x-download-options:
      - noopen
      x-frame-options:
      - SAMEORIGIN
      x-notion-request-id:
      - 1b5ce623-6634-432e-ab72-30bbd596d918
      x-permitted-cross-domain-policies:
      - none
      x-xss-protection:
      - '0'
    http_version: HTTP/1.1
    status_code: 200
- request:
    body: ''
    headers:
      accept:
      - '*/*'
      accept-encoding:
      - gzip, deflate
      authorization:
      - secret...
      connection:
      - keep-alive
      cookie:
      - secret...
      host:
      - api.notion.com
      notion-version:
      - '2025-09-03'
      user-agent:
      - secret...
    method: GET
    uri: https://api.notion.com/v1/blocks/38c9ce7b-60a4-813a-8835-f05f575d9d11/children?page_size=100
  response:
    content: '{"object":"list","results":[{"object":"block","id":"38c9ce7b-60a4-8123-9f7a-f569213e8e2d","parent":{"type":"block_id","block_id":"38c9ce7b-60a4-813a-8835-f05f575d9d11"},"created_time":"2026-06-27T05:48:00.000Z","last_edited_time":"2026-06-27T05:48:00.000Z","created_by":{"object":"user","id":"00000000-0000-4000-8000-0000000000f1"},"last_edited_by":{"object":"user","id":"00000000-0000-4000-8000-0000000000f1"},"has_children":false,"in_trash":false,"type":"table_row","table_row":{"cells":[[],[]]},"archived":false},{"object":"block","id":"38c9ce7b-60a4-81ba-90ee-f58a21b1f077","parent":{"type":"block_id","block_id":"38c9ce7b-60a4-813a-8835-f05f575d9d11"},"created_time":"2026-06-27T05:48:00.000Z","last_edited_time":"2026-06-27T05:48:00.000Z","created_by":{"object":"user","id":"00000000-0000-4000-8000-0000000000f1"},"last_edited_by":{"object":"user","id":"00000000-0000-4000-8000-0000000000f1"},"has_children":false,"in_trash":false,"type":"table_row","table_row":{"cells":[[],[]]},"archived":false}],"next_cursor":null,"has_more":false,"type":"block","block":{},"request_id":"ccd017d0-4f47-46de-b041-eec5dcddd5e9"}'
    headers:
      CF-Cache-Status:
      - DYNAMIC
      CF-Ray:
      - a12229665d56772b-LHR
      Connection:
      - keep-alive
      Content-Encoding:
      - gzip
      Content-Type:
      - application/json; charset=utf-8
      Server:
      - cloudflare
      Strict-Transport-Security:
      - max-age=31536000; includeSubDomains; preload
      Transfer-Encoding:
      - chunked
      Vary:
      - Accept-Encoding
      alt-svc:
      - h3=":443"; ma=86400
      content-security-policy:
      - default-src 'none'
      referrer-policy:
      - strict-origin-when-cross-origin
      x-content-type-options:
      - nosniff
      x-dns-prefetch-control:
      - 'off'
      x-download-options:
      - noopen
      x-frame-options:
      - SAMEORIGIN
      x-notion-request-id:
      - ccd017d0-4f47-46de-b041-eec5dcddd5e9
      x-permitted-cross-domain-policies:
      - none
      x-xss-protection:
      - '0'
    http_version: HTTP/1.1
    status_code: 200
- request:
    body: ''
    headers:
      accept:
      - '*/*'
      accept-encoding:
      - gzip, deflate
      authorization:
      - secret...
      connection:
      - keep-alive
      cookie:
      - secret...
      host:
      - api.notion.com
      notion-version:
      - '2025-09-03'
      user-agent:
      - secret...
    method: GET
    uri: https://api.notion.com/v1/pages/38c9ce7b-60a4-8167-8517-cfdbee33b83c
  response:
    content: '{"object":"page","id":"38c9ce7b-60a4-8167-8517-cfdbee33b83c","created_time":"2026-06-27T05:48:00.000Z","last_edited_time":"2026-06-27T05:48:00.000Z","created_by":{"object":"user","id":"00000000-0000-4000-8000-0000000000f1"},"last_edited_by":{"object":"user","id":"00000000-0000-4000-8000-0000000000f1"},"cover":null,"icon":null,"parent":{"type":"page_id","page_id":"00000000-0000-4000-8000-000000000001"},"in_trash":false,"is_archived":false,"is_locked":false,"properties":{"title":{"id":"title","type":"title","title":[{"type":"text","text":{"content":"Page
      for inserting after and replacing blocks","link":null},"annotations":{"bold":false,"italic":false,"strikethrough":false,"underline":false,"code":false,"color":"default"},"plain_text":"Page
      for inserting after and replacing blocks","href":null}]}},"url":"https://www.notion.so/Page-for-inserting-after-and-replacing-blocks-38c9ce7b60a481678517cfdbee33b83c","public_url":null,"archived":false,"request_id":"65e094e2-5217-4376-891f-85e30b446e83"}'
    headers:
      CF-Cache-Status:
      - DYNAMIC
      CF-Ray:
      - a12229686e01772b-LHR
      Connection:
      - keep-alive
      Content-Encoding:
      - gzip
      Content-Type:
      - application/json; charset=utf-8
      Server:
      - cloudflare
      Strict-Transport-Security:
      - max-age=31536000; includeSubDomains; preload
      Transfer-Encoding:
      - chunked
      Vary:
      - Accept-Encoding
      alt-svc:
      - h3=":443"; ma=86400
      content-security-policy:
      - default-src 'none'
      referrer-policy:
      - strict-origin-when-cross-origin
      x-content-type-options:
      - nosniff
      x-dns-prefetch-control:
      - 'off'
      x-download-options:
      - noopen
      x-frame-options:
      - SAMEORIGIN
      x-notion-request-id:
      - 65e094e2-5217-4376-891f-85e30b446e83
      x-permitted-cross-domain-policies:
      - none
      x-xss-protection:
      - '0'
    http_version: HTTP/1.1
    status_code: 200
- request:
    body: ''
    headers:
      accept:
      - '*/*'
      accept-encoding:
      - gzip, deflate
      authorization:
      - secret...
      connection:
      - keep-alive
      cookie:
      - secret...
      host:
      - api.notion.com
      notion-version:
      - '2025-09-03'
      user-agent:
      - secret...
    method: GET
    uri: https://api.notion.com/v1/blocks/38c9ce7b-60a4-8167-8517-cfdbee33b83c/children?page_size=100
  response:
    content: '{"object":"list","results":[{"object":"block","id":"38c9ce7b-60a4-81ef-b2ed-f5334e2aac2f","parent":{"type":"page_id","page_id":"38c9ce7b-60a4-8167-8517-cfdbee33b83c"},"created_time":"2026-06-27T05:48:00.000Z","last_edited_time":"2026-06-27T05:48:00.000Z","created_by":{"object":"user","id":"00000000-0000-4000-8000-0000000000f1"},"last_edited_by":{"object":"user","id":"00000000-0000-4000-8000-0000000000f1"},"has_children":false,"in_trash":false,"type":"heading_1","heading_1":{"rich_text":[{"type":"text","text":{"content":"My
      new page","link":null},"annotations":{"bold":false,"italic":false,"strikethrough":false,"underline":false,"code":false,"color":"default"},"plain_text":"My
      new page","href":null}],"is_toggleable":false,"color":"default"},"archived":false},{"object":"block","id":"38c9ce7b-60a4-8181-96e4-f9358f80bd96","parent":{"type":"page_id","page_id":"38c9ce7b-60a4-8167-8517-cfdbee33b83c"},"created_time":"2026-06-27T05:48:00.000Z","last_edited_time":"2026-06-27T05:48:00.000Z","created_by":{"object":"user","id":"00000000-0000-4000-8000-0000000000f1"},"last_edited_by":{"object":"user","id":"00000000-0000-4000-8000-0000000000f1"},"has_children":false,"in_trash":false,"type":"paragraph","paragraph":{"rich_text":[{"type":"text","text":{"content":"This
      is a paragraph","link":null},"annotations":{"bold":false,"italic":false,"strikethrough":false,"underline":false,"code":false,"color":"default"},"plain_text":"This
      is a paragraph","href":null}],"icon":null,"color":"default"},"archived":false},{"object":"block","id":"38c9ce7b-60a4-81bc-be17-e14cc8fa4803","parent":{"type":"page_id","page_id":"38c9ce7b-60a4-8167-8517-cfdbee33b83c"},"created_time":"2026-06-27T05:48:00.000Z","last_edited_time":"2026-06-27T05:48:00.000Z","created_by":{"object":"user","id":"00000000-0000-4000-8000-0000000000f1"},"last_edited_by":{"object":"user","id":"00000000-0000-4000-8000-0000000000f1"},"has_children":false,"in_trash":false,"type":"divider","divider":{},"archived":false},{"object":"block","id":"38c9ce7b-60a4-813a-8835-f05f575d9d11","parent":{"type":"page_id","page_id":"38c9ce7b-60a4-8167-8517-cfdbee33b83c"},"created_time":"2026-06-27T05:48:00.000Z","last_edited_time":"2026-06-27T05:48:00.000Z","created_by":{"object":"user","id":"00000000-0000-4000-8000-0000000000f1"},"last_edited_by":{"object":"user","id":"00000000-0000-4000-8000-0000000000f1"},"has_children":true,"in_trash":false,"type":"table","table":{"table_width":2,"has_column_header":false,"has_row_header":false},"archived":false},{"object":"block","id":"38c9ce7b-60a4-8198-963c-ca0f719ff324","parent":{"type":"page_id","page_id":"38c9ce7b-60a4-8167-8517-cfdbee33b83c"},"created_time":"2026-06-27T05:48:00.000Z","last_edited_time":"2026-06-27T05:48:00.000Z","created_by":{"object":"user","id":"00000000-0000-4000-8000-0000000000f1"},"last_edited_by":{"object":"user","id":"00000000-0000-4000-8000-0000000000f1"},"has_children":false,"in_trash":false,"type":"link_to_page","link_to_page":{"type":"page_id","page_id":"38c9ce7b-60a4-814d-9d89-e8a71dcb0c9f"},"archived":false}],"next_cursor":null,"has_more":false,"type":"block","block":{},"request_id":"7a63ecef-54eb-4751-937f-1e1efeab60c3"}'
    headers:
      CF-Cache-Status:
      - DYNAMIC
      CF-Ray:
      - a1222969fe9a772b-LHR
      Connection:
      - keep-alive
      Content-Encoding:
      - gzip
      Content-Type:
      - application/json; charset=utf-8
      Server:
      - cloudflare
      Strict-Transport-Security:
      - max-age=31536000; includeSubDomains; preload
      Transfer-Encoding:
      - chunked
      Vary:
      - Accept-Encoding
      alt-svc:
      - h3=":443"; ma=86400
      content-security-policy:
      - default-src 'none'
      referrer-policy:
      - strict-origin-when-cross-origin
      x-content-type-options:
      - nosniff
      x-dns-prefetch-control:
      - 'off'
      x-download-options:
      - noopen
      x-frame-options:
      - SAMEORIGIN
      x-notion-request-id:
      - 7a63ecef-54eb-4751-937f-1e1efeab60c3
      x-permitted-cross-domain-policies:
      - none
      x-xss-protection:
      - '0'
    http_version: HTTP/1.1
    status_code: 200
- request:
    body: ''
    headers:
      accept:
      - '*/*'
      accept-encoding:
      - gzip, deflate
      authorization:
      - secret...
      connection:
      - keep-alive
      cookie:
      - secret...
      host:
      - api.notion.com
      notion-version:
      - '2025-09-03'
      user-agent:
      - secret...
    method: DELETE
    uri: https://api.notion.com/v1/blocks/38c9ce7b-60a4-813a-8835-f05f575d9d11
  response:
    content: '{"object":"block","id":"38c9ce7b-60a4-813a-8835-f05f575d9d11","parent":{"type":"page_id","page_id":"38c9ce7b-60a4-8167-8517-cfdbee33b83c"},"created_time":"2026-06-27T05:48:00.000Z","last_edited_time":"2026-06-27T05:48:00.000Z","created_by":{"object":"user","id":"00000000-0000-4000-8000-0000000000f1"},"last_edited_by":{"object":"user","id":"00000000-0000-4000-8000-0000000000f1"},"has_children":true,"in_trash":true,"type":"table","table":{"table_width":2,"has_column_header":false,"has_row_header":false},"archived":true,"request_id":"1fb4185e-ffe0-4368-a2de-6326c6a5073b"}'
    headers:
      CF-Cache-Status:
      - DYNAMIC
      CF-Ray:
      - a122296bbf5f772b-LHR
      Connection:
      - keep-alive
      Content-Encoding:
      - gzip
      Content-Type:
      - application/json; charset=utf-8
      Server:
      - cloudflare
      Strict-Transport-Security:
      - max-age=31536000; includeSubDomains; preload
      Transfer-Encoding:
      - chunked
      Vary:
      - Accept-Encoding
      alt-svc:
      - h3=":443"; ma=86400
      content-security-policy:
      - default-src 'none'
      referrer-policy:
      - strict-origin-when-cross-origin
      x-content-type-options:
      - nosniff
      x-dns-prefetch-control:
      - 'off'
      x-download-options:
      - noopen
      x-frame-options:
      - SAMEORIGIN
      x-notion-request-id:
      - 1fb4185e-ffe0-4368-a2de-6326c6a5073b
      x-permitted-cross-domain-policies:
      - none
      x-xss-protection:
      - '0'
    http_version: HTTP/1.1
    status_code: 200
version: 1
